// !$*UTF8*$!
{
	archiveVersion = 1;
	classes = {
	};
	objectVersion = 56;
	objects = {

/* Begin PBXBuildFile section */
		29374B942963C42700664042 /* NShapeSetsApp.swift in Sources */ = {isa = PBXBuildFile; fileRef = 29374B932963C42700664042 /* NShapeSetsApp.swift */; };
		29374B962963C42700664042 /* ContentView.swift in Sources */ = {isa = PBXBuildFile; fileRef = 29374B952963C42700664042 /* ContentView.swift */; };
		29374B982963C42900664042 /* Assets.xcassets in Resources */ = {isa = PBXBuildFile; fileRef = 29374B972963C42900664042 /* Assets.xcassets */; };
		29374B9B2963C42900664042 /* Preview Assets.xcassets in Resources */ = {isa = PBXBuildFile; fileRef = 29374B9A2963C42900664042 /* Preview Assets.xcassets */; };
		29374BA52963C42900664042 /* NShapeSetsTests.swift in Sources */ = {isa = PBXBuildFile; fileRef = 29374BA42963C42900664042 /* NShapeSetsTests.swift */; };
		29374BAF2963C42900664042 /* NShapeSetsUITests.swift in Sources */ = {isa = PBXBuildFile; fileRef = 29374BAE2963C42900664042 /* NShapeSetsUITests.swift */; };
		29374BB12963C42900664042 /* NShapeSetsUITestsLaunchTests.swift in Sources */ = {isa = PBXBuildFile; fileRef = 29374BB02963C42900664042 /* NShapeSetsUITestsLaunchTests.swift */; };
		29374BC02963CBB900664042 /* BackgroundGradient.swift in Sources */ = {isa = PBXBuildFile; fileRef = 29374BBF2963CBB900664042 /* BackgroundGradient.swift */; };
/* End PBXBuildFile section */

/* Begin PBXContainerItemProxy section */
		29374BA12963C42900664042 /* PBXContainerItemProxy */ = {
			isa = PBXContainerItemProxy;
			containerPortal = 29374B882963C42700664042 /* Project object */;
			proxyType = 1;
			remoteGlobalIDString = 29374B8F2963C42700664042;
			remoteInfo = NShapeSets;
		};
		29374BAB2963C42900664042 /* PBXContainerItemProxy */ = {
			isa = PBXContainerItemProxy;
			containerPortal = 29374B882963C42700664042 /* Project object */;
			proxyType = 1;
			remoteGlobalIDString = 29374B8F2963C42700664042;
			remoteInfo = NShapeSets;
		};
/* End PBXContainerItemProxy section */

/* Begin PBXFileReference section */
		29374B902963C42700664042 /* NShapeSets.app */ = {isa = PBXFileReference; explicitFileType = wrapper.application; includeInIndex = 0; path = NShapeSets.app; sourceTree = BUILT_PRODUCTS_DIR; };
		29374B932963C42700664042 /* NShapeSetsApp.swift */ = {isa = PBXFileReference; lastKnownFileType = sourcecode.swift; path = NShapeSetsApp.swift; sourceTree = "<group>"; };
		29374B952963C42700664042 /* ContentView.swift */ = {isa = PBXFileReference; lastKnownFileType = sourcecode.swift; path = ContentView.swift; sourceTree = "<group>"; };
		29374B972963C42900664042 /* Assets.xcassets */ = {isa = PBXFileReference; lastKnownFileType = folder.assetcatalog; path = Assets.xcassets; sourceTree = "<group>"; };
		29374B9A2963C42900664042 /* Preview Assets.xcassets */ = {isa = PBXFileReference; lastKnownFileType = folder.assetcatalog; path = "Preview Assets.xcassets"; sourceTree = "<group>"; };
		29374BA02963C42900664042 /* NShapeSetsTests.xctest */ = {isa = PBXFileReference; explicitFileType = wrapper.cfbundle; includeInIndex = 0; path = NShapeSetsTests.xctest; sourceTree = BUILT_PRODUCTS_DIR; };
		29374BA42963C42900664042 /* NShapeSetsTests.swift */ = {isa = PBXFileReference; lastKnownFileType = sourcecode.swift; path = NShapeSetsTests.swift; sourceTree = "<group>"; };
		29374BAA2963C42900664042 /* NShapeSetsUITests.xctest */ = {isa = PBXFileReference; explicitFileType = wrapper.cfbundle; includeInIndex = 0; path = NShapeSetsUITests.xctest; sourceTree = BUILT_PRODUCTS_DIR; };
		29374BAE2963C42900664042 /* NShapeSetsUITests.swift */ = {isa = PBXFileReference; lastKnownFileType = sourcecode.swift; path = NShapeSetsUITests.swift; sourceTree = "<group>"; };
		29374BB02963C42900664042 /* NShapeSetsUITestsLaunchTests.swift */ = {isa = PBXFileReference; lastKnownFileType = sourcecode.swift; path = NShapeSetsUITestsLaunchTests.swift; sourceTree = "<group>"; };
		29374BBF2963CBB900664042 /* BackgroundGradient.swift */ = {isa = PBXFileReference; lastKnownFileType = sourcecode.swift; path = BackgroundGradient.swift; sourceTree = "<group>"; };
/* End PBXFileReference section */

/* Begin PBXFrameworksBuildPhase section */
		29374B8D2963C42700664042 /* Frameworks */ = {
			isa = PBXFrameworksBuildPhase;
			buildActionMask = 2147483647;
			files = (
			);
			runOnlyForDeploymentPostprocessing = 0;
		};
		29374B9D2963C42900664042 /* Frameworks */ = {
			isa = PBXFrameworksBuildPhase;
			buildActionMask = 2147483647;
			files = (
			);
			runOnlyForDeploymentPostprocessing = 0;
		};
		29374BA72963C42900664042 /* Frameworks */ = {
			isa = PBXFrameworksBuildPhase;
			buildActionMask = 2147483647;
			files = (
			);
			runOnlyForDeploymentPostprocessing = 0;
		};
/* End PBXFrameworksBuildPhase section */

/* Begin PBXGroup section */
		29374B872963C42700664042 = {
			isa = PBXGroup;
			children = (
				29374B922963C42700664042 /* NShapeSets */,
				29374BA32963C42900664042 /* NShapeSetsTests */,
				29374BAD2963C42900664042 /* NShapeSetsUITests */,
				29374B912963C42700664042 /* Products */,
			);
			sourceTree = "<group>";
		};
		29374B912963C42700664042 /* Products */ = {
			isa = PBXGroup;
			children = (
				29374B902963C42700664042 /* NShapeSets.app */,
				29374BA02963C42900664042 /* NShapeSetsTests.xctest */,
				29374BAA2963C42900664042 /* NShapeSetsUITests.xctest */,
			);
			name = Products;
			sourceTree = "<group>";
		};
		29374B922963C42700664042 /* NShapeSets */ = {
			isa = PBXGroup;
			children = (
				29374BBE2963CB9D00664042 /* Primitives */,
				29374BBD2963CB5700664042 /* Components */,
				29374B932963C42700664042 /* NShapeSetsApp.swift */,
				29374B952963C42700664042 /* ContentView.swift */,
				29374B972963C42900664042 /* Assets.xcassets */,
				29374B992963C42900664042 /* Preview Content */,
			);
			path = NShapeSets;
			sourceTree = "<group>";
		};
		29374B992963C42900664042 /* Preview Content */ = {
			isa = PBXGroup;
			children = (
				29374B9A2963C42900664042 /* Preview Assets.xcassets */,
			);
			path = "Preview Content";
			sourceTree = "<group>";
		};
		29374BA32963C42900664042 /* NShapeSetsTests */ = {
			isa = PBXGroup;
			children = (
				29374BA42963C42900664042 /* NShapeSetsTests.swift */,
			);
			path = NShapeSetsTests;
			sourceTree = "<group>";
		};
		29374BAD2963C42900664042 /* NShapeSetsUITests */ = {
			isa = PBXGroup;
			children = (
				29374BAE2963C42900664042 /* NShapeSetsUITests.swift */,
				29374BB02963C42900664042 /* NShapeSetsUITestsLaunchTests.swift */,
			);
			path = NShapeSetsUITests;
			sourceTree = "<group>";
		};
		29374BBD2963CB5700664042 /* Components */ = {
			isa = PBXGroup;
			children = (
			);
			path = Components;
			sourceTree = "<group>";
		};
		29374BBE2963CB9D00664042 /* Primitives */ = {
			isa = PBXGroup;
			children = (
				29374BBF2963CBB900664042 /* BackgroundGradient.swift */,
			);
			path = Primitives;
			sourceTree = "<group>";
		};
/* End PBXGroup section */

/* Begin PBXNativeTarget section */
		29374B8F2963C42700664042 /* NShapeSets */ = {
			isa = PBXNativeTarget;
			buildConfigurationList = 29374BB42963C42900664042 /* Build configuration list for PBXNativeTarget "NShapeSets" */;
			buildPhases = (
				29374B8C2963C42700664042 /* Sources */,
				29374B8D2963C42700664042 /* Frameworks */,
				29374B8E2963C42700664042 /* Resources */,
			);
			buildRules = (
			);
			dependencies = (
			);
			name = NShapeSets;
			productName = NShapeSets;
			productReference = 29374B902963C42700664042 /* NShapeSets.app */;
			productType = "com.apple.product-type.application";
		};
		29374B9F2963C42900664042 /* NShapeSetsTests */ = {
			isa = PBXNativeTarget;
			buildConfigurationList = 29374BB72963C42900664042 /* Build configuration list for PBXNativeTarget "NShapeSetsTests" */;
			buildPhases = (
				29374B9C2963C42900664042 /* Sources */,
				29374B9D2963C42900664042 /* Frameworks */,
				29374B9E2963C42900664042 /* Resources */,
			);
			buildRules = (
			);
			dependencies = (
				29374BA22963C42900664042 /* PBXTargetDependency */,
			);
			name = NShapeSetsTests;
			productName = NShapeSetsTests;
			productReference = 29374BA02963C42900664042 /* NShapeSetsTests.xctest */;
			productType = "com.apple.product-type.bundle.unit-test";
		};
		29374BA92963C42900664042 /* NShapeSetsUITests */ = {
			isa = PBXNativeTarget;
			buildConfigurationList = 29374BBA2963C42900664042 /* Build configuration list for PBXNativeTarget "NShapeSetsUITests" */;
			buildPhases = (
				29374BA62963C42900664042 /* Sources */,
				29374BA72963C42900664042 /* Frameworks */,
				29374BA82963C42900664042 /* Resources */,
			);
			buildRules = (
			);
			dependencies = (
				29374BAC2963C42900664042 /* PBXTargetDependency */,
			);
			name = NShapeSetsUITests;
			productName = NShapeSetsUITests;
			productReference = 29374BAA2963C42900664042 /* NShapeSetsUITests.xctest */;
			productType = "com.apple.product-type.bundle.ui-testing";
		};
/* End PBXNativeTarget section */

/* Begin PBXProject section */
		29374B882963C42700664042 /* Project object */ = {
			isa = PBXProject;
			attributes = {
				BuildIndependentTargetsInParallel = 1;
				LastSwiftUpdateCheck = 1420;
				LastUpgradeCheck = 1420;
				TargetAttributes = {
					29374B8F2963C42700664042 = {
						CreatedOnToolsVersion = 14.2;
					};
					29374B9F2963C42900664042 = {
						CreatedOnToolsVersion = 14.2;
						TestTargetID = 29374B8F2963C42700664042;
					};
					29374BA92963C42900664042 = {
						CreatedOnToolsVersion = 14.2;
						TestTargetID = 29374B8F2963C42700664042;
					};
				};
			};
			buildConfigurationList = 29374B8B2963C42700664042 /* Build configuration list for PBXProject "NShapeSets" */;
			compatibilityVersion = "Xcode 14.0";
			developmentRegion = en;
			hasScannedForEncodings = 0;
			knownRegions = (
				en,
				Base,
			);
			mainGroup = 29374B872963C42700664042;
			productRefGroup = 29374B912963C42700664042 /* Products */;
			projectDirPath = "";
			projectRoot = "";
			targets = (
				29374B8F2963C42700664042 /* NShapeSets */,
				29374B9F2963C42900664042 /* NShapeSetsTests */,
				29374BA92963C42900664042 /* NShapeSetsUITests */,
			);
		};
/* End PBXProject section */

/* Begin PBXResourcesBuildPhase section */
		29374B8E2963C42700664042 /* Resources */ = {
			isa = PBXResourcesBuildPhase;
			buildActionMask = 2147483647;
			files = (
				29374B9B2963C42900664042 /* Preview Assets.xcassets in Resources */,
				29374B982963C42900664042 /* Assets.xcassets in Resources */,
			);
			runOnlyForDeploymentPostprocessing = 0;
		};
		29374B9E2963C42900664042 /* Resources */ = {
			isa = PBXResourcesBuildPhase;
			buildActionMask = 2147483647;
			files = (
			);
			runOnlyForDeploymentPostprocessing = 0;
		};
		29374BA82963C42900664042 /* Resources */ = {
			isa = PBXResourcesBuildPhase;
			buildActionMask = 2147483647;
			files = (
			);
			runOnlyForDeploymentPostprocessing = 0;
		};
/* End PBXResourcesBuildPhase section */

/* Begin PBXSourcesBuildPhase section */
		29374B8C2963C42700664042 /* Sources */ = {
			isa = PBXSourcesBuildPhase;
			buildActionMask = 2147483647;
			files = (
				29374B962963C42700664042 /* ContentView.swift in Sources */,
				29374B942963C42700664042 /* NShapeSetsApp.swift in Sources */,
				29374BC02963CBB900664042 /* BackgroundGradient.swift in Sources */,
			);
			runOnlyForDeploymentPostprocessing = 0;
		};
		29374B9C2963C42900664042 /* Sources */ = {
			isa = PBXSourcesBuildPhase;
			buildActionMask = 2147483647;
			files = (
				29374BA52963C42900664042 /* NShapeSetsTests.swift in Sources */,
			);
			runOnlyForDeploymentPostprocessing = 0;
		};
		29374BA62963C42900664042 /* Sources */ = {
			isa = PBXSourcesBuildPhase;
			buildActionMask = 2147483647;
			files = (
				29374BB12963C42900664042 /* NShapeSetsUITestsLaunchTests.swift in Sources */,
				29374BAF2963C42900664042 /* NShapeSetsUITests.swift in Sources */,
			);
			runOnlyForDeploymentPostprocessing = 0;
		};
/* End PBXSourcesBuildPhase section */

/* Begin PBXTargetDependency section */
		29374BA22963C42900664042 /* PBXTargetDependency */ = {
			isa = PBXTargetDependency;
			target = 29374B8F2963C42700664042 /* NShapeSets */;
			targetProxy = 29374BA12963C42900664042 /* PBXContainerItemProxy */;
		};
		29374BAC2963C42900664042 /* PBXTargetDependency */ = {
			isa = PBXTargetDependency;
			target = 29374B8F2963C42700664042 /* NShapeSets */;
			targetProxy = 29374BAB2963C42900664042 /* PBXContainerItemProxy */;
		};
/* End PBXTargetDependency section */

/* Begin XCBuildConfiguration section */
		29374BB22963C42900664042 /* Debug */ = {
			isa = XCBuildConfiguration;
			buildSettings = {
				ALWAYS_SEARCH_USER_PATHS = NO;
				CLANG_ANALYZER_NONNULL = YES;
				CLANG_ANALYZER_NUMBER_OBJECT_CONVERSION = YES_AGGRESSIVE;
				CLANG_CXX_LANGUAGE_STANDARD = "gnu++20";
				CLANG_ENABLE_MODULES = YES;
				CLANG_ENABLE_OBJC_ARC = YES;
				CLANG_ENABLE_OBJC_WEAK = YES;
				CLANG_WARN_BLOCK_CAPTURE_AUTORELEASING = YES;
				CLANG_WARN_BOOL_CONVERSION = YES;
				CLANG_WARN_COMMA = YES;
				CLANG_WARN_CONSTANT_CONVERSION = YES;
				CLANG_WARN_DEPRECATED_OBJC_IMPLEMENTATIONS = YES;
				CLANG_WARN_DIRECT_OBJC_ISA_USAGE = YES_ERROR;
				CLANG_WARN_DOCUMENTATION_COMMENTS = YES;
				CLANG_WARN_EMPTY_BODY = YES;
				CLANG_WARN_ENUM_CONVERSION = YES;
				CLANG_WARN_INFINITE_RECURSION = YES;
				CLANG_WARN_INT_CONVERSION = YES;
				CLANG_WARN_NON_LITERAL_NULL_CONVERSION = YES;
				CLANG_WARN_OBJC_IMPLICIT_RETAIN_SELF = YES;
				CLANG_WARN_OBJC_LITERAL_CONVERSION = YES;
				CLANG_WARN_OBJC_ROOT_CLASS = YES_ERROR;
				CLANG_WARN_QUOTED_INCLUDE_IN_FRAMEWORK_HEADER = YES;
				CLANG_WARN_RANGE_LOOP_ANALYSIS = YES;
				CLANG_WARN_STRICT_PROTOTYPES = YES;
				CLANG_WARN_SUSPICIOUS_MOVE = YES;
				CLANG_WARN_UNGUARDED_AVAILABILITY = YES_AGGRESSIVE;
				CLANG_WARN_UNREACHABLE_CODE = YES;
				CLANG_WARN__DUPLICATE_METHOD_MATCH = YES;
				COPY_PHASE_STRIP = NO;
				DEBUG_INFORMATION_FORMAT = dwarf;
				ENABLE_STRICT_OBJC_MSGSEND = YES;
				ENABLE_TESTABILITY = YES;
				GCC_C_LANGUAGE_STANDARD = gnu11;
				GCC_DYNAMIC_NO_PIC = NO;
				GCC_NO_COMMON_BLOCKS = YES;
				GCC_OPTIMIZATION_LEVEL = 0;
				GCC_PREPROCESSOR_DEFINITIONS = (
					"DEBUG=1",
					"$(inherited)",
				);
				GCC_WARN_64_TO_32_BIT_CONVERSION = YES;
				GCC_WARN_ABOUT_RETURN_TYPE = YES_ERROR;
				GCC_WARN_UNDECLARED_SELECTOR = YES;
				GCC_WARN_UNINITIALIZED_AUTOS = YES_AGGRESSIVE;
				GCC_WARN_UNUSED_FUNCTION = YES;
				GCC_WARN_UNUSED_VARIABLE = YES;
				IPHONEOS_DEPLOYMENT_TARGET = 16.2;
				MTL_ENABLE_DEBUG_INFO = INCLUDE_SOURCE;
				MTL_FAST_MATH = YES;
				ONLY_ACTIVE_ARCH = YES;
				SDKROOT = iphoneos;
				SWIFT_ACTIVE_COMPILATION_CONDITIONS = DEBUG;
				SWIFT_OPTIMIZATION_LEVEL = "-Onone";
			};
			name = Debug;
		};
		29374BB32963C42900664042 /* Release */ = {
			isa = XCBuildConfiguration;
			buildSettings = {
				ALWAYS_SEARCH_USER_PATHS = NO;
				CLANG_ANALYZER_NONNULL = YES;
				CLANG_ANALYZER_NUMBER_OBJECT_CONVERSION = YES_AGGRESSIVE;
				CLANG_CXX_LANGUAGE_STANDARD = "gnu++20";
				CLANG_ENABLE_MODULES = YES;
				CLANG_ENABLE_OBJC_ARC = YES;
				CLANG_ENABLE_OBJC_WEAK = YES;
				CLANG_WARN_BLOCK_CAPTURE_AUTORELEASING = YES;
				CLANG_WARN_BOOL_CONVERSION = YES;
				CLANG_WARN_COMMA = YES;
				CLANG_WARN_CONSTANT_CONVERSION = YES;
				CLANG_WARN_DEPRECATED_OBJC_IMPLEMENTATIONS = YES;
				CLANG_WARN_DIRECT_OBJC_ISA_USAGE = YES_ERROR;
				CLANG_WARN_DOCUMENTATION_COMMENTS = YES;
				CLANG_WARN_EMPTY_BODY = YES;
				CLANG_WARN_ENUM_CONVERSION = YES;
				CLANG_WARN_INFINITE_RECURSION = YES;
				CLANG_WARN_INT_CONVERSION = YES;
				CLANG_WARN_NON_LITERAL_NULL_CONVERSION = YES;
				CLANG_WARN_OBJC_IMPLICIT_RETAIN_SELF = YES;
				CLANG_WARN_OBJC_LITERAL_CONVERSION = YES;
				CLANG_WARN_OBJC_ROOT_CLASS = YES_ERROR;
				CLANG_WARN_QUOTED_INCLUDE_IN_FRAMEWORK_HEADER = YES;
				CLANG_WARN_RANGE_LOOP_ANALYSIS = YES;
				CLANG_WARN_STRICT_PROTOTYPES = YES;
				CLANG_WARN_SUSPICIOUS_MOVE = YES;
				CLANG_WARN_UNGUARDED_AVAILABILITY = YES_AGGRESSIVE;
				CLANG_WARN_UNREACHABLE_CODE = YES;
				CLANG_WARN__DUPLICATE_METHOD_MATCH = YES;
				COPY_PHASE_STRIP = NO;
				DEBUG_INFORMATION_FORMAT = "dwarf-with-dsym";
				ENABLE_NS_ASSERTIONS = NO;
				ENABLE_STRICT_OBJC_MSGSEND = YES;
				GCC_C_LANGUAGE_STANDARD = gnu11;
				GCC_NO_COMMON_BLOCKS = YES;
				GCC_WARN_64_TO_32_BIT_CONVERSION = YES;
				GCC_WARN_ABOUT_RETURN_TYPE = YES_ERROR;
				GCC_WARN_UNDECLARED_SELECTOR = YES;
				GCC_WARN_UNINITIALIZED_AUTOS = YES_AGGRESSIVE;
				GCC_WARN_UNUSED_FUNCTION = YES;
				GCC_WARN_UNUSED_VARIABLE = YES;
				IPHONEOS_DEPLOYMENT_TARGET = 16.2;
				MTL_ENABLE_DEBUG_INFO = NO;
				MTL_FAST_MATH = YES;
				SDKROOT = iphoneos;
				SWIFT_COMPILATION_MODE = wholemodule;
				SWIFT_OPTIMIZATION_LEVEL = "-O";
				VALIDATE_PRODUCT = YES;
			};
			name = Release;
		};
		29374BB52963C42900664042 /* Debug */ = {
			isa = XCBuildConfiguration;
			buildSettings = {
				ASSETCATALOG_COMPILER_APPICON_NAME = AppIcon;
				ASSETCATALOG_COMPILER_GLOBAL_ACCENT_COLOR_NAME = AccentColor;
				CODE_SIGN_STYLE = Automatic;
				CURRENT_PROJECT_VERSION = 1;
				DEVELOPMENT_ASSET_PATHS = "\"NShapeSets/Preview Content\"";
				DEVELOPMENT_TEAM = EWH85CQYYJ;
				ENABLE_PREVIEWS = YES;
				GENERATE_INFOPLIST_FILE = YES;
				INFOPLIST_KEY_UIApplicationSceneManifest_Generation = YES;
				INFOPLIST_KEY_UIApplicationSupportsIndirectInputEvents = YES;
				INFOPLIST_KEY_UILaunchScreen_Generation = YES;
				INFOPLIST_KEY_UISupportedInterfaceOrientations_iPad = "UIInterfaceOrientationPortrait UIInterfaceOrientationPortraitUpsideDown UIInterfaceOrientationLandscapeLeft UIInterfaceOrientationLandscapeRight";
				INFOPLIST_KEY_UISupportedInterfaceOrientations_iPhone = "UIInterfaceOrientationPortrait UIInterfaceOrientationLandscapeLeft UIInterfaceOrientationLandscapeRight";
				LD_RUNPATH_SEARCH_PATHS = (
					"$(inherited)",
					"@executable_path/Frameworks",
				);
				MARKETING_VERSION = 1.0;
				PRODUCT_BUNDLE_IDENTIFIER = "com.offensively-bad.NShapeSets";
				PRODUCT_NAME = "$(TARGET_NAME)";
				SWIFT_EMIT_LOC_STRINGS = YES;
				SWIFT_VERSION = 5.0;
				TARGETED_DEVICE_FAMILY = "1,2";
			};
			name = Debug;
		};
		29374BB62963C42900664042 /* Release */ = {
			isa = XCBuildConfiguration;
			buildSettings = {
				ASSETCATALOG_COMPILER_APPICON_NAME = AppIcon;
				ASSETCATALOG_COMPILER_GLOBAL_ACCENT_COLOR_NAME = AccentColor;
				CODE_SIGN_STYLE = Automatic;
				CURRENT_PROJECT_VERSION = 1;
				DEVELOPMENT_ASSET_PATHS = "\"NShapeSets/Preview Content\"";
				DEVELOPMENT_TEAM = EWH85CQYYJ;
				ENABLE_PREVIEWS = YES;
				GENERATE_INFOPLIST_FILE = YES;
				INFOPLIST_KEY_UIApplicationSceneManifest_Generation = YES;
				INFOPLIST_KEY_UIApplicationSupportsIndirectInputEvents = YES;
				INFOPLIST_KEY_UILaunchScreen_Generation = YES;
				INFOPLIST_KEY_UISupportedInterfaceOrientations_iPad = "UIInterfaceOrientationPortrait UIInterfaceOrientationPortraitUpsideDown UIInterfaceOrientationLandscapeLeft UIInterfaceOrientationLandscapeRight";
				INFOPLIST_KEY_UISupportedInterfaceOrientations_iPhone = "UIInterfaceOrientationPortrait UIInterfaceOrientationLandscapeLeft UIInterfaceOrientationLandscapeRight";
				LD_RUNPATH_SEARCH_PATHS = (
					"$(inherited)",
					"@executable_path/Frameworks",
				);
				MARKETING_VERSION = 1.0;
				PRODUCT_BUNDLE_IDENTIFIER = "com.offensively-bad.NShapeSets";
				PRODUCT_NAME = "$(TARGET_NAME)";
				SWIFT_EMIT_LOC_STRINGS = YES;
				SWIFT_VERSION = 5.0;
				TARGETED_DEVICE_FAMILY = "1,2";
			};
			name = Release;
		};
		29374BB82963C42900664042 /* Debug */ = {
			isa = XCBuildConfiguration;
			buildSettings = {
				ALWAYS_EMBED_SWIFT_STANDARD_LIBRARIES = YES;
				BUNDLE_LOADER = "$(TEST_HOST)";
				CODE_SIGN_STYLE = Automatic;
				CURRENT_PROJECT_VERSION = 1;
				DEVELOPMENT_TEAM = EWH85CQYYJ;
				GENERATE_INFOPLIST_FILE = YES;
				IPHONEOS_DEPLOYMENT_TARGET = 16.2;
				MARKETING_VERSION = 1.0;
				PRODUCT_BUNDLE_IDENTIFIER = "com.offensively-bad.NShapeSetsTests";
				PRODUCT_NAME = "$(TARGET_NAME)";
				SWIFT_EMIT_LOC_STRINGS = NO;
				SWIFT_VERSION = 5.0;
				TARGETED_DEVICE_FAMILY = "1,2";
				TEST_HOST = "$(BUILT_PRODUCTS_DIR)/NShapeSets.app/$(BUNDLE_EXECUTABLE_FOLDER_PATH)/NShapeSets";
			};
			name = Debug;
		};
		29374BB92963C42900664042 /* Release */ = {
			isa = XCBuildConfiguration;
			buildSettings = {
				ALWAYS_EMBED_SWIFT_STANDARD_LIBRARIES = YES;
				BUNDLE_LOADER = "$(TEST_HOST)";
				CODE_SIGN_STYLE = Automatic;
				CURRENT_PROJECT_VERSION = 1;
				DEVELOPMENT_TEAM = EWH85CQYYJ;
				GENERATE_INFOPLIST_FILE = YES;
				IPHONEOS_DEPLOYMENT_TARGET = 16.2;
				MARKETING_VERSION = 1.0;
				PRODUCT_BUNDLE_IDENTIFIER = "com.offensively-bad.NShapeSetsTests";
				PRODUCT_NAME = "$(TARGET_NAME)";
				SWIFT_EMIT_LOC_STRINGS = NO;
				SWIFT_VERSION = 5.0;
				TARGETED_DEVICE_FAMILY = "1,2";
				TEST_HOST = "$(BUILT_PRODUCTS_DIR)/NShapeSets.app/$(BUNDLE_EXECUTABLE_FOLDER_PATH)/NShapeSets";
			};
			name = Release;
		};
		29374BBB2963C42900664042 /* Debug */ = {
			isa = XCBuildConfiguration;
			buildSettings = {
				ALWAYS_EMBED_SWIFT_STANDARD_LIBRARIES = YES;
				CODE_SIGN_STYLE = Automatic;
				CURRENT_PROJECT_VERSION = 1;
				DEVELOPMENT_TEAM = EWH85CQYYJ;
				GENERATE_INFOPLIST_FILE = YES;
				MARKETING_VERSION = 1.0;
				PRODUCT_BUNDLE_IDENTIFIER = "com.offensively-bad.NShapeSetsUITests";
				PRODUCT_NAME = "$(TARGET_NAME)";
				SWIFT_EMIT_LOC_STRINGS = NO;
				SWIFT_VERSION = 5.0;
				TARGETED_DEVICE_FAMILY = "1,2";
				TEST_TARGET_NAME = NShapeSets;
			};
			name = Debug;
		};
		29374BBC2963C42900664042 /* Release */ = {
			isa = XCBuildConfiguration;
			buildSettings = {
				ALWAYS_EMBED_SWIFT_STANDARD_LIBRARIES = YES;
				CODE_SIGN_STYLE = Automatic;
				CURRENT_PROJECT_VERSION = 1;
				DEVELOPMENT_TEAM = EWH85CQYYJ;
				GENERATE_INFOPLIST_FILE = YES;
				MARKETING_VERSION = 1.0;
				PRODUCT_BUNDLE_IDENTIFIER = "com.offensively-bad.NShapeSetsUITests";
				PRODUCT_NAME = "$(TARGET_NAME)";
				SWIFT_EMIT_LOC_STRINGS = NO;
				SWIFT_VERSION = 5.0;
				TARGETED_DEVICE_FAMILY = "1,2";
				TEST_TARGET_NAME = NShapeSets;
			};
			name = Release;
		};
/* End XCBuildConfiguration section */

/* Begin XCConfigurationList section */
		29374B8B2963C42700664042 /* Build configuration list for PBXProject "NShapeSets" */ = {
			isa = XCConfigurationList;
			buildConfigurations = (
				29374BB22963C42900664042 /* Debug */,
				29374BB32963C42900664042 /* Release */,
			);
			defaultConfigurationIsVisible = 0;
			defaultConfigurationName = Release;
		};
		29374BB42963C42900664042 /* Build configuration list for PBXNativeTarget "NShapeSets" */ = {
			isa = XCConfigurationList;
			buildConfigurations = (
				29374BB52963C42900664042 /* Debug */,
				29374BB62963C42900664042 /* Release */,
			);
			defaultConfigurationIsVisible = 0;
			defaultConfigurationName = Release;
		};
		29374BB72963C42900664042 /* Build configuration list for PBXNativeTarget "NShapeSetsTests" */ = {
			isa = XCConfigurationList;
			buildConfigurations = (
				29374BB82963C42900664042 /* Debug */,
				29374BB92963C42900664042 /* Release */,
			);
			defaultConfigurationIsVisible = 0;
			defaultConfigurationName = Release;
		};
		29374BBA2963C42900664042 /* Build configuration list for PBXNativeTarget "NShapeSetsUITests" */ = {
			isa = XCConfigurationList;
			buildConfigurations = (
				29374BBB2963C42900664042 /* Debug */,
				29374BBC2963C42900664042 /* Release */,
			);
			defaultConfigurationIsVisible = 0;
			defaultConfigurationName = Release;
		};
/* End XCConfigurationList section */
	};
	rootObject = 29374B882963C42700664042 /* Project object */;
}
