// !$*UTF8*$!
{
	archiveVersion = 1;
	classes = {
	};
	objectVersion = 56;
	objects = {

/* Begin PBXBuildFile section */
		1F01449B29DFAE6100C2EA5F /* RecapView.swift in Sources */ = {isa = PBXBuildFile; fileRef = 1F01449A29DFAE6100C2EA5F /* RecapView.swift */; };
		1F01449F29E4E89700C2EA5F /* HapticHelpers.swift in Sources */ = {isa = PBXBuildFile; fileRef = 1F01449E29E4E89700C2EA5F /* HapticHelpers.swift */; };
		1F0144A029E4E89700C2EA5F /* HapticHelpers.swift in Sources */ = {isa = PBXBuildFile; fileRef = 1F01449E29E4E89700C2EA5F /* HapticHelpers.swift */; };
		1F0144A129E4E89700C2EA5F /* HapticHelpers.swift in Sources */ = {isa = PBXBuildFile; fileRef = 1F01449E29E4E89700C2EA5F /* HapticHelpers.swift */; };
		1F14EA142A0B2292009E98A9 /* CountdownTimer.swift in Sources */ = {isa = PBXBuildFile; fileRef = 1F14EA132A0B2292009E98A9 /* CountdownTimer.swift */; };
		1F14EA152A0B2292009E98A9 /* CountdownTimer.swift in Sources */ = {isa = PBXBuildFile; fileRef = 1F14EA132A0B2292009E98A9 /* CountdownTimer.swift */; };
		1F14EA162A0B2292009E98A9 /* CountdownTimer.swift in Sources */ = {isa = PBXBuildFile; fileRef = 1F14EA132A0B2292009E98A9 /* CountdownTimer.swift */; };
		1F14EA182A0EE26E009E98A9 /* TotalTimer.swift in Sources */ = {isa = PBXBuildFile; fileRef = 1F14EA172A0EE26E009E98A9 /* TotalTimer.swift */; };
		1F14EA192A0EE26E009E98A9 /* TotalTimer.swift in Sources */ = {isa = PBXBuildFile; fileRef = 1F14EA172A0EE26E009E98A9 /* TotalTimer.swift */; };
		1F14EA1A2A0EE26E009E98A9 /* TotalTimer.swift in Sources */ = {isa = PBXBuildFile; fileRef = 1F14EA172A0EE26E009E98A9 /* TotalTimer.swift */; };
		1F14EA1C2A0EE28D009E98A9 /* TimerModels.swift in Sources */ = {isa = PBXBuildFile; fileRef = 1F14EA1B2A0EE28D009E98A9 /* TimerModels.swift */; };
		1F14EA1D2A0EE28D009E98A9 /* TimerModels.swift in Sources */ = {isa = PBXBuildFile; fileRef = 1F14EA1B2A0EE28D009E98A9 /* TimerModels.swift */; };
		1F14EA1E2A0EE28D009E98A9 /* TimerModels.swift in Sources */ = {isa = PBXBuildFile; fileRef = 1F14EA1B2A0EE28D009E98A9 /* TimerModels.swift */; };
		1F2336482AF9CC2400F2597B /* WidgetKit.framework in Frameworks */ = {isa = PBXBuildFile; fileRef = 1F2336472AF9CC2400F2597B /* WidgetKit.framework */; };
		1F23364A2AF9CC2400F2597B /* SwiftUI.framework in Frameworks */ = {isa = PBXBuildFile; fileRef = 1F2336492AF9CC2400F2597B /* SwiftUI.framework */; };
		1F23364D2AF9CC2400F2597B /* ActiveWorkoutTimerBundle.swift in Sources */ = {isa = PBXBuildFile; fileRef = 1F23364C2AF9CC2400F2597B /* ActiveWorkoutTimerBundle.swift */; };
		1F23364F2AF9CC2400F2597B /* ActiveWorkoutTimerLiveActivity.swift in Sources */ = {isa = PBXBuildFile; fileRef = 1F23364E2AF9CC2400F2597B /* ActiveWorkoutTimerLiveActivity.swift */; };
		1F2336512AF9CC2400F2597B /* ActiveWorkoutTimer.swift in Sources */ = {isa = PBXBuildFile; fileRef = 1F2336502AF9CC2400F2597B /* ActiveWorkoutTimer.swift */; };
		1F2336532AF9CC2400F2597B /* AppIntent.swift in Sources */ = {isa = PBXBuildFile; fileRef = 1F2336522AF9CC2400F2597B /* AppIntent.swift */; };
		1F2336552AF9CC2500F2597B /* Assets.xcassets in Resources */ = {isa = PBXBuildFile; fileRef = 1F2336542AF9CC2500F2597B /* Assets.xcassets */; };
		1F2336592AF9CC2500F2597B /* ActiveWorkoutTimerExtension.appex in Embed Foundation Extensions */ = {isa = PBXBuildFile; fileRef = 1F2336452AF9CC2400F2597B /* ActiveWorkoutTimerExtension.appex */; settings = {ATTRIBUTES = (RemoveHeadersOnCopy, ); }; };
		1F407AA12B41F9E50063DCF4 /* Launch Screen.storyboard in Resources */ = {isa = PBXBuildFile; fileRef = 1F407AA02B41F9E50063DCF4 /* Launch Screen.storyboard */; };
		1F42D8A42B12D7B600F113BA /* WorkoutModels.swift in Sources */ = {isa = PBXBuildFile; fileRef = 294C8AB629B6ACB9000A2BB7 /* WorkoutModels.swift */; };
		1F42D8B22B13B37400F113BA /* Models.swift in Sources */ = {isa = PBXBuildFile; fileRef = 1F42D8B12B13B37400F113BA /* Models.swift */; };
		1F42D8B32B13B37400F113BA /* Models.swift in Sources */ = {isa = PBXBuildFile; fileRef = 1F42D8B12B13B37400F113BA /* Models.swift */; };
		1F42D8B42B13B37400F113BA /* Models.swift in Sources */ = {isa = PBXBuildFile; fileRef = 1F42D8B12B13B37400F113BA /* Models.swift */; };
		1F4743772AA38C330053537D /* NotificationHelpers.swift in Sources */ = {isa = PBXBuildFile; fileRef = 1F4743762AA38C330053537D /* NotificationHelpers.swift */; };
		1F4743782AA38C330053537D /* NotificationHelpers.swift in Sources */ = {isa = PBXBuildFile; fileRef = 1F4743762AA38C330053537D /* NotificationHelpers.swift */; };
		1F48CEDC29822952006250DB /* CircleGradient.swift in Sources */ = {isa = PBXBuildFile; fileRef = 1F48CEDB29822952006250DB /* CircleGradient.swift */; };
		1F48CEDD29822952006250DB /* CircleGradient.swift in Sources */ = {isa = PBXBuildFile; fileRef = 1F48CEDB29822952006250DB /* CircleGradient.swift */; };
		1F48CEDE29822952006250DB /* CircleGradient.swift in Sources */ = {isa = PBXBuildFile; fileRef = 1F48CEDB29822952006250DB /* CircleGradient.swift */; };
		1F51409529CFE30200DD9A2A /* WorkoutView.swift in Sources */ = {isa = PBXBuildFile; fileRef = 1F51409429CFE30200DD9A2A /* WorkoutView.swift */; };
		1F51409629CFE30200DD9A2A /* WorkoutView.swift in Sources */ = {isa = PBXBuildFile; fileRef = 1F51409429CFE30200DD9A2A /* WorkoutView.swift */; };
		1F51409729CFE30200DD9A2A /* WorkoutView.swift in Sources */ = {isa = PBXBuildFile; fileRef = 1F51409429CFE30200DD9A2A /* WorkoutView.swift */; };
		1F51409929CFEA5400DD9A2A /* Documentation.docc in Sources */ = {isa = PBXBuildFile; fileRef = 1F51409829CFEA5400DD9A2A /* Documentation.docc */; };
		1F51409A29CFEA5400DD9A2A /* Documentation.docc in Sources */ = {isa = PBXBuildFile; fileRef = 1F51409829CFEA5400DD9A2A /* Documentation.docc */; };
		1F51409B29CFEA5400DD9A2A /* Documentation.docc in Sources */ = {isa = PBXBuildFile; fileRef = 1F51409829CFEA5400DD9A2A /* Documentation.docc */; };
		1F5E04592B267B2B0099F42E /* CountdownTimer.swift in Sources */ = {isa = PBXBuildFile; fileRef = 1F14EA132A0B2292009E98A9 /* CountdownTimer.swift */; };
		1F61A1F32A8EA306003FB788 /* WorkoutView.swift in Sources */ = {isa = PBXBuildFile; fileRef = 1F61A1F22A8EA306003FB788 /* WorkoutView.swift */; };
		1F74C0DA2B06A51200E14E45 /* ActivityManager.swift in Sources */ = {isa = PBXBuildFile; fileRef = 1F74C0D92B06A51200E14E45 /* ActivityManager.swift */; };
		1F74C0DD2B06A6A900E14E45 /* ActiveWorkoutTimerAttributes.swift in Sources */ = {isa = PBXBuildFile; fileRef = 1F74C0DC2B06A6A900E14E45 /* ActiveWorkoutTimerAttributes.swift */; };
		1F74C0DE2B06A6A900E14E45 /* ActiveWorkoutTimerAttributes.swift in Sources */ = {isa = PBXBuildFile; fileRef = 1F74C0DC2B06A6A900E14E45 /* ActiveWorkoutTimerAttributes.swift */; };
		1F7E965729B4C7CF00CEBDF0 /* ProgressRing.swift in Sources */ = {isa = PBXBuildFile; fileRef = 1F7E965629B4C7CF00CEBDF0 /* ProgressRing.swift */; };
		1F7E965829B4C7CF00CEBDF0 /* ProgressRing.swift in Sources */ = {isa = PBXBuildFile; fileRef = 1F7E965629B4C7CF00CEBDF0 /* ProgressRing.swift */; };
		1F7E965929B4C7CF00CEBDF0 /* ProgressRing.swift in Sources */ = {isa = PBXBuildFile; fileRef = 1F7E965629B4C7CF00CEBDF0 /* ProgressRing.swift */; };
		1F7EE5A42A66CE60007CBBEA /* WorkoutSessionContext.swift in Sources */ = {isa = PBXBuildFile; fileRef = 1F7EE5A32A66CE60007CBBEA /* WorkoutSessionContext.swift */; };
		1F7EE5A62A66CF1D007CBBEA /* HealthKitHelper.swift in Sources */ = {isa = PBXBuildFile; fileRef = 1F7EE5A52A66CF1D007CBBEA /* HealthKitHelper.swift */; };
		1F7EE5A82A66CF8A007CBBEA /* OSLogExtensions.swift in Sources */ = {isa = PBXBuildFile; fileRef = 1F7EE5A72A66CF8A007CBBEA /* OSLogExtensions.swift */; };
		1F7EE5A92A66CF8A007CBBEA /* OSLogExtensions.swift in Sources */ = {isa = PBXBuildFile; fileRef = 1F7EE5A72A66CF8A007CBBEA /* OSLogExtensions.swift */; };
		1F7EE5AC2A66D821007CBBEA /* InstructionView.swift in Sources */ = {isa = PBXBuildFile; fileRef = 1F7EE5AB2A66D821007CBBEA /* InstructionView.swift */; };
		1F7EE5B02A66D920007CBBEA /* TotalTimer.swift in Sources */ = {isa = PBXBuildFile; fileRef = 1F14EA172A0EE26E009E98A9 /* TotalTimer.swift */; };
		1F7EE5B22A66D932007CBBEA /* ProgressRing.swift in Sources */ = {isa = PBXBuildFile; fileRef = 1F7E965629B4C7CF00CEBDF0 /* ProgressRing.swift */; };
		1F7EE5B32A66D93F007CBBEA /* Ring.swift in Sources */ = {isa = PBXBuildFile; fileRef = 1FBA7A1A29CF404D007A594F /* Ring.swift */; };
		1F7EE5B42A66D955007CBBEA /* Typography.swift in Sources */ = {isa = PBXBuildFile; fileRef = 29032C00297C59F200E792B4 /* Typography.swift */; };
		1F7EE5B72A66DA9F007CBBEA /* ActiveWorkoutView.swift in Sources */ = {isa = PBXBuildFile; fileRef = 1F7EE5B62A66DA9F007CBBEA /* ActiveWorkoutView.swift */; };
		1F7EE5BA2A66DAEA007CBBEA /* StateModels.swift in Sources */ = {isa = PBXBuildFile; fileRef = 1F7EE5B92A66DAEA007CBBEA /* StateModels.swift */; };
		1F7EE5C02A66DB7C007CBBEA /* TimeHelper.swift in Sources */ = {isa = PBXBuildFile; fileRef = 1F7EE5BF2A66DB7C007CBBEA /* TimeHelper.swift */; };
		1F7EE5C12A66DB7C007CBBEA /* TimeHelper.swift in Sources */ = {isa = PBXBuildFile; fileRef = 1F7EE5BF2A66DB7C007CBBEA /* TimeHelper.swift */; };
		1F7EE5C32A66DC29007CBBEA /* DefaultManager.swift in Sources */ = {isa = PBXBuildFile; fileRef = 1F7EE5C22A66DC29007CBBEA /* DefaultManager.swift */; };
		1F7EE5C42A66DC29007CBBEA /* DefaultManager.swift in Sources */ = {isa = PBXBuildFile; fileRef = 1F7EE5C22A66DC29007CBBEA /* DefaultManager.swift */; };
		1F7EE5C62A66DC5C007CBBEA /* Constants.swift in Sources */ = {isa = PBXBuildFile; fileRef = 1F7EE5C52A66DC5C007CBBEA /* Constants.swift */; };
		1F7EE5C72A66DC5C007CBBEA /* Constants.swift in Sources */ = {isa = PBXBuildFile; fileRef = 1F7EE5C52A66DC5C007CBBEA /* Constants.swift */; };
		1F7EE5CB2A66DCFB007CBBEA /* HapticHelper.swift in Sources */ = {isa = PBXBuildFile; fileRef = 1F7EE5C92A66DCFB007CBBEA /* HapticHelper.swift */; };
		1F7EE5CF2A66EE33007CBBEA /* DetailView.swift in Sources */ = {isa = PBXBuildFile; fileRef = 1F7EE5CE2A66EE33007CBBEA /* DetailView.swift */; };
		1F7EE5D12A66EE7E007CBBEA /* PrimaryButton.swift in Sources */ = {isa = PBXBuildFile; fileRef = 1F7EE5D02A66EE7E007CBBEA /* PrimaryButton.swift */; };
		1F8ED2BC29836C7200650696 /* LogoView.swift in Sources */ = {isa = PBXBuildFile; fileRef = 1F8ED2BB29836C7200650696 /* LogoView.swift */; };
		1F8ED2BD29836C7200650696 /* LogoView.swift in Sources */ = {isa = PBXBuildFile; fileRef = 1F8ED2BB29836C7200650696 /* LogoView.swift */; };
		1F8ED2BE29836C7200650696 /* LogoView.swift in Sources */ = {isa = PBXBuildFile; fileRef = 1F8ED2BB29836C7200650696 /* LogoView.swift */; };
		1F9B01EA2B3B8A7B001AF325 /* Wave.metal in Sources */ = {isa = PBXBuildFile; fileRef = 1F9B01E92B3B8A7B001AF325 /* Wave.metal */; };
		1F9B01EC2B3B8C8C001AF325 /* CircleGradient.swift in Sources */ = {isa = PBXBuildFile; fileRef = 1F9B01EB2B3B8C8C001AF325 /* CircleGradient.swift */; };
		1F9FB1182A3F688700BA9EC5 /* SetupView.swift in Sources */ = {isa = PBXBuildFile; fileRef = 1F9FB1172A3F688700BA9EC5 /* SetupView.swift */; };
		1F9FB11C2A3F68C400BA9EC5 /* Workout.swift in Sources */ = {isa = PBXBuildFile; fileRef = 1F9FB11B2A3F68C400BA9EC5 /* Workout.swift */; };
		1FA6E0FA2A793BF100AE84A0 /* ProgressBar.swift in Sources */ = {isa = PBXBuildFile; fileRef = 1FBFF8622980C5FD0000AF6D /* ProgressBar.swift */; };
		1FA6E0FB2A793D8B00AE84A0 /* InfoBar.swift in Sources */ = {isa = PBXBuildFile; fileRef = 2978FF1A299990DC005A3C3A /* InfoBar.swift */; };
		1FA6E0FC2A793D9C00AE84A0 /* TimeHelpers.swift in Sources */ = {isa = PBXBuildFile; fileRef = 2978FF1F299991E2005A3C3A /* TimeHelpers.swift */; };
		1FA6E0FE2A79417F00AE84A0 /* SetsView.swift in Sources */ = {isa = PBXBuildFile; fileRef = 1FA6E0FD2A79417F00AE84A0 /* SetsView.swift */; };
		1FA6E1002A7945BF00AE84A0 /* RestTimeView.swift in Sources */ = {isa = PBXBuildFile; fileRef = 1FA6E0FF2A7945BF00AE84A0 /* RestTimeView.swift */; };
		1FA6E1022A794AB900AE84A0 /* RecapDetailView.swift in Sources */ = {isa = PBXBuildFile; fileRef = 1FA6E1012A794AB900AE84A0 /* RecapDetailView.swift */; };
		1FA6E1042A794B3400AE84A0 /* RecapView.swift in Sources */ = {isa = PBXBuildFile; fileRef = 1FA6E1032A794B3400AE84A0 /* RecapView.swift */; };
		1FA7DB1A2B3F72E200218309 /* HealthkitManager.swift in Sources */ = {isa = PBXBuildFile; fileRef = 1FA7DB192B3F72E200218309 /* HealthkitManager.swift */; };
		1FA7DB1C2B4086E200218309 /* HealthkitManager.swift in Sources */ = {isa = PBXBuildFile; fileRef = 1FA7DB192B3F72E200218309 /* HealthkitManager.swift */; };
		1FA7DB1E2B40B1B800218309 /* RecapDetail.swift in Sources */ = {isa = PBXBuildFile; fileRef = 1FA7DB1D2B40B1B800218309 /* RecapDetail.swift */; };
		1FBA7A0B29CF38F8007A594F /* RestSelector.swift in Sources */ = {isa = PBXBuildFile; fileRef = 1FBA7A0A29CF38F8007A594F /* RestSelector.swift */; };
		1FBA7A0C29CF38F8007A594F /* RestSelector.swift in Sources */ = {isa = PBXBuildFile; fileRef = 1FBA7A0A29CF38F8007A594F /* RestSelector.swift */; };
		1FBA7A0D29CF38F8007A594F /* RestSelector.swift in Sources */ = {isa = PBXBuildFile; fileRef = 1FBA7A0A29CF38F8007A594F /* RestSelector.swift */; };
		1FBA7A0F29CF3A46007A594F /* SetsSelector.swift in Sources */ = {isa = PBXBuildFile; fileRef = 1FBA7A0E29CF3A46007A594F /* SetsSelector.swift */; };
		1FBA7A1029CF3A46007A594F /* SetsSelector.swift in Sources */ = {isa = PBXBuildFile; fileRef = 1FBA7A0E29CF3A46007A594F /* SetsSelector.swift */; };
		1FBA7A1129CF3A46007A594F /* SetsSelector.swift in Sources */ = {isa = PBXBuildFile; fileRef = 1FBA7A0E29CF3A46007A594F /* SetsSelector.swift */; };
		1FBA7A1B29CF404D007A594F /* Ring.swift in Sources */ = {isa = PBXBuildFile; fileRef = 1FBA7A1A29CF404D007A594F /* Ring.swift */; };
		1FBA7A1C29CF404D007A594F /* Ring.swift in Sources */ = {isa = PBXBuildFile; fileRef = 1FBA7A1A29CF404D007A594F /* Ring.swift */; };
		1FBA7A1D29CF404D007A594F /* Ring.swift in Sources */ = {isa = PBXBuildFile; fileRef = 1FBA7A1A29CF404D007A594F /* Ring.swift */; };
		1FBA7A1F29CF4244007A594F /* ActiveRing.swift in Sources */ = {isa = PBXBuildFile; fileRef = 1FBA7A1E29CF4244007A594F /* ActiveRing.swift */; };
		1FBA7A2029CF4244007A594F /* ActiveRing.swift in Sources */ = {isa = PBXBuildFile; fileRef = 1FBA7A1E29CF4244007A594F /* ActiveRing.swift */; };
		1FBA7A2129CF4244007A594F /* ActiveRing.swift in Sources */ = {isa = PBXBuildFile; fileRef = 1FBA7A1E29CF4244007A594F /* ActiveRing.swift */; };
		1FBFF8632980C5FD0000AF6D /* ProgressBar.swift in Sources */ = {isa = PBXBuildFile; fileRef = 1FBFF8622980C5FD0000AF6D /* ProgressBar.swift */; };
		1FBFF8642980C5FD0000AF6D /* ProgressBar.swift in Sources */ = {isa = PBXBuildFile; fileRef = 1FBFF8622980C5FD0000AF6D /* ProgressBar.swift */; };
		1FBFF8652980C5FD0000AF6D /* ProgressBar.swift in Sources */ = {isa = PBXBuildFile; fileRef = 1FBFF8622980C5FD0000AF6D /* ProgressBar.swift */; };
		1FC55EFD298776E7002BE892 /* ActionSheet.swift in Sources */ = {isa = PBXBuildFile; fileRef = 1FC55EFC298776E7002BE892 /* ActionSheet.swift */; };
		1FC55EFE298776E7002BE892 /* ActionSheet.swift in Sources */ = {isa = PBXBuildFile; fileRef = 1FC55EFC298776E7002BE892 /* ActionSheet.swift */; };
		1FC55EFF298776E7002BE892 /* ActionSheet.swift in Sources */ = {isa = PBXBuildFile; fileRef = 1FC55EFC298776E7002BE892 /* ActionSheet.swift */; };
		1FC55F0229877A17002BE892 /* ViewExtensions.swift in Sources */ = {isa = PBXBuildFile; fileRef = 1FC55F0129877A17002BE892 /* ViewExtensions.swift */; };
		1FC55F0329877A17002BE892 /* ViewExtensions.swift in Sources */ = {isa = PBXBuildFile; fileRef = 1FC55F0129877A17002BE892 /* ViewExtensions.swift */; };
		1FC55F0429877A17002BE892 /* ViewExtensions.swift in Sources */ = {isa = PBXBuildFile; fileRef = 1FC55F0129877A17002BE892 /* ViewExtensions.swift */; };
		1FC69D512A75BF0D005D8EF7 /* AXR ArcadeMachine.ttf in Resources */ = {isa = PBXBuildFile; fileRef = 2935B3712980B92800B66589 /* AXR ArcadeMachine.ttf */; };
		1FCAA4BE2A32C04600B9EA07 /* NShapeSets_watchApp.swift in Sources */ = {isa = PBXBuildFile; fileRef = 1FCAA4BD2A32C04600B9EA07 /* NShapeSets_watchApp.swift */; };
		1FCAA4C02A32C04600B9EA07 /* ContentView.swift in Sources */ = {isa = PBXBuildFile; fileRef = 1FCAA4BF2A32C04600B9EA07 /* ContentView.swift */; };
		1FCAA4C22A32C04700B9EA07 /* Assets.xcassets in Resources */ = {isa = PBXBuildFile; fileRef = 1FCAA4C12A32C04700B9EA07 /* Assets.xcassets */; };
		1FCAA4C52A32C04700B9EA07 /* Preview Assets.xcassets in Resources */ = {isa = PBXBuildFile; fileRef = 1FCAA4C42A32C04700B9EA07 /* Preview Assets.xcassets */; };
		1FCAA4CF2A32C04700B9EA07 /* NShapeSets_watch_Watch_AppTests.swift in Sources */ = {isa = PBXBuildFile; fileRef = 1FCAA4CE2A32C04700B9EA07 /* NShapeSets_watch_Watch_AppTests.swift */; };
		1FCAA4D92A32C04700B9EA07 /* NShapeSets_watch_Watch_AppUITests.swift in Sources */ = {isa = PBXBuildFile; fileRef = 1FCAA4D82A32C04700B9EA07 /* NShapeSets_watch_Watch_AppUITests.swift */; };
		1FCAA4DB2A32C04700B9EA07 /* NShapeSets_watch_Watch_AppUITestsLaunchTests.swift in Sources */ = {isa = PBXBuildFile; fileRef = 1FCAA4DA2A32C04700B9EA07 /* NShapeSets_watch_Watch_AppUITestsLaunchTests.swift */; };
		1FCAA4DE2A32C04700B9EA07 /* NShapeSets-watch Watch App.app in Embed Watch Content */ = {isa = PBXBuildFile; fileRef = 1FCAA4BB2A32C04600B9EA07 /* NShapeSets-watch Watch App.app */; settings = {ATTRIBUTES = (RemoveHeadersOnCopy, ); }; };
		1FD2A7032A5CF1A50002FEC0 /* Colors.swift in Sources */ = {isa = PBXBuildFile; fileRef = 29CE8923296A199D00EFEA53 /* Colors.swift */; };
		1FD2A7042A5CF26C0002FEC0 /* Assets.xcassets in Resources */ = {isa = PBXBuildFile; fileRef = 29374B972963C42900664042 /* Assets.xcassets */; };
		1FECB7AF2B48379E00FB5461 /* LaunchScreen-logo-asset.png in Resources */ = {isa = PBXBuildFile; fileRef = 1FECB7AE2B48379E00FB5461 /* LaunchScreen-logo-asset.png */; };
		29032C01297C59F200E792B4 /* Typography.swift in Sources */ = {isa = PBXBuildFile; fileRef = 29032C00297C59F200E792B4 /* Typography.swift */; };
		29032C02297C59F200E792B4 /* Typography.swift in Sources */ = {isa = PBXBuildFile; fileRef = 29032C00297C59F200E792B4 /* Typography.swift */; };
		29032C03297C59F200E792B4 /* Typography.swift in Sources */ = {isa = PBXBuildFile; fileRef = 29032C00297C59F200E792B4 /* Typography.swift */; };
		2935B3722980B92800B66589 /* AXR ArcadeMachine.ttf in Resources */ = {isa = PBXBuildFile; fileRef = 2935B3712980B92800B66589 /* AXR ArcadeMachine.ttf */; };
		2935B3732980B92800B66589 /* AXR ArcadeMachine.ttf in Resources */ = {isa = PBXBuildFile; fileRef = 2935B3712980B92800B66589 /* AXR ArcadeMachine.ttf */; };
		2935B3742980B92800B66589 /* AXR ArcadeMachine.ttf in Resources */ = {isa = PBXBuildFile; fileRef = 2935B3712980B92800B66589 /* AXR ArcadeMachine.ttf */; };
		2935B37B2980C14000B66589 /* CustomSlider.swift in Sources */ = {isa = PBXBuildFile; fileRef = 2935B37A2980C14000B66589 /* CustomSlider.swift */; };
		2935B37C2980C14000B66589 /* CustomSlider.swift in Sources */ = {isa = PBXBuildFile; fileRef = 2935B37A2980C14000B66589 /* CustomSlider.swift */; };
		2935B37D2980C14000B66589 /* CustomSlider.swift in Sources */ = {isa = PBXBuildFile; fileRef = 2935B37A2980C14000B66589 /* CustomSlider.swift */; };
		29374B942963C42700664042 /* NShapeSetsApp.swift in Sources */ = {isa = PBXBuildFile; fileRef = 29374B932963C42700664042 /* NShapeSetsApp.swift */; };
		29374B962963C42700664042 /* ContentView.swift in Sources */ = {isa = PBXBuildFile; fileRef = 29374B952963C42700664042 /* ContentView.swift */; };
		29374B982963C42900664042 /* Assets.xcassets in Resources */ = {isa = PBXBuildFile; fileRef = 29374B972963C42900664042 /* Assets.xcassets */; };
		29374B9B2963C42900664042 /* Preview Assets.xcassets in Resources */ = {isa = PBXBuildFile; fileRef = 29374B9A2963C42900664042 /* Preview Assets.xcassets */; };
		29374BA52963C42900664042 /* NShapeSetsTests.swift in Sources */ = {isa = PBXBuildFile; fileRef = 29374BA42963C42900664042 /* NShapeSetsTests.swift */; };
		29374BAF2963C42900664042 /* NShapeSetsUITests.swift in Sources */ = {isa = PBXBuildFile; fileRef = 29374BAE2963C42900664042 /* NShapeSetsUITests.swift */; };
		29374BB12963C42900664042 /* NShapeSetsUITestsLaunchTests.swift in Sources */ = {isa = PBXBuildFile; fileRef = 29374BB02963C42900664042 /* NShapeSetsUITestsLaunchTests.swift */; };
		29374BC02963CBB900664042 /* BackgroundGradient.swift in Sources */ = {isa = PBXBuildFile; fileRef = 29374BBF2963CBB900664042 /* BackgroundGradient.swift */; };
		294C8AB729B6ACB9000A2BB7 /* WorkoutModels.swift in Sources */ = {isa = PBXBuildFile; fileRef = 294C8AB629B6ACB9000A2BB7 /* WorkoutModels.swift */; };
		294C8AB829B6ACB9000A2BB7 /* WorkoutModels.swift in Sources */ = {isa = PBXBuildFile; fileRef = 294C8AB629B6ACB9000A2BB7 /* WorkoutModels.swift */; };
		294C8AB929B6ACB9000A2BB7 /* WorkoutModels.swift in Sources */ = {isa = PBXBuildFile; fileRef = 294C8AB629B6ACB9000A2BB7 /* WorkoutModels.swift */; };
		2978FF1B299990DC005A3C3A /* InfoBar.swift in Sources */ = {isa = PBXBuildFile; fileRef = 2978FF1A299990DC005A3C3A /* InfoBar.swift */; };
		2978FF1C299990DC005A3C3A /* InfoBar.swift in Sources */ = {isa = PBXBuildFile; fileRef = 2978FF1A299990DC005A3C3A /* InfoBar.swift */; };
		2978FF1D299990DC005A3C3A /* InfoBar.swift in Sources */ = {isa = PBXBuildFile; fileRef = 2978FF1A299990DC005A3C3A /* InfoBar.swift */; };
		2978FF20299991E2005A3C3A /* TimeHelpers.swift in Sources */ = {isa = PBXBuildFile; fileRef = 2978FF1F299991E2005A3C3A /* TimeHelpers.swift */; };
		2978FF21299991E2005A3C3A /* TimeHelpers.swift in Sources */ = {isa = PBXBuildFile; fileRef = 2978FF1F299991E2005A3C3A /* TimeHelpers.swift */; };
		2978FF22299991E2005A3C3A /* TimeHelpers.swift in Sources */ = {isa = PBXBuildFile; fileRef = 2978FF1F299991E2005A3C3A /* TimeHelpers.swift */; };
		299ACC8E2995427D00528A48 /* ValueSelector.swift in Sources */ = {isa = PBXBuildFile; fileRef = 299ACC8D2995427D00528A48 /* ValueSelector.swift */; };
		299ACC8F2995427D00528A48 /* ValueSelector.swift in Sources */ = {isa = PBXBuildFile; fileRef = 299ACC8D2995427D00528A48 /* ValueSelector.swift */; };
		299ACC902995427D00528A48 /* ValueSelector.swift in Sources */ = {isa = PBXBuildFile; fileRef = 299ACC8D2995427D00528A48 /* ValueSelector.swift */; };
		29CE61C6298D60C20084A713 /* SetupActionSheet.swift in Sources */ = {isa = PBXBuildFile; fileRef = 29CE61C5298D60C20084A713 /* SetupActionSheet.swift */; };
		29CE8924296A199D00EFEA53 /* Colors.swift in Sources */ = {isa = PBXBuildFile; fileRef = 29CE8923296A199D00EFEA53 /* Colors.swift */; };
		29CE8925296A207B00EFEA53 /* Colors.swift in Sources */ = {isa = PBXBuildFile; fileRef = 29CE8923296A199D00EFEA53 /* Colors.swift */; };
		29CE892B296A20C200EFEA53 /* CTAButton.swift in Sources */ = {isa = PBXBuildFile; fileRef = 29CE892A296A20C200EFEA53 /* CTAButton.swift */; };
/* End PBXBuildFile section */

/* Begin PBXContainerItemProxy section */
		1F2336572AF9CC2500F2597B /* PBXContainerItemProxy */ = {
			isa = PBXContainerItemProxy;
			containerPortal = 29374B882963C42700664042 /* Project object */;
			proxyType = 1;
			remoteGlobalIDString = 1F2336442AF9CC2400F2597B;
			remoteInfo = ActiveWorkoutTimerExtension;
		};
		1FCAA4CB2A32C04700B9EA07 /* PBXContainerItemProxy */ = {
			isa = PBXContainerItemProxy;
			containerPortal = 29374B882963C42700664042 /* Project object */;
			proxyType = 1;
			remoteGlobalIDString = 1FCAA4BA2A32C04600B9EA07;
			remoteInfo = "NShapeSets-watch Watch App";
		};
		1FCAA4D52A32C04700B9EA07 /* PBXContainerItemProxy */ = {
			isa = PBXContainerItemProxy;
			containerPortal = 29374B882963C42700664042 /* Project object */;
			proxyType = 1;
			remoteGlobalIDString = 1FCAA4BA2A32C04600B9EA07;
			remoteInfo = "NShapeSets-watch Watch App";
		};
		1FCAA4DC2A32C04700B9EA07 /* PBXContainerItemProxy */ = {
			isa = PBXContainerItemProxy;
			containerPortal = 29374B882963C42700664042 /* Project object */;
			proxyType = 1;
			remoteGlobalIDString = 1FCAA4BA2A32C04600B9EA07;
			remoteInfo = "NShapeSets-watch Watch App";
		};
		29374BA12963C42900664042 /* PBXContainerItemProxy */ = {
			isa = PBXContainerItemProxy;
			containerPortal = 29374B882963C42700664042 /* Project object */;
			proxyType = 1;
			remoteGlobalIDString = 29374B8F2963C42700664042;
			remoteInfo = NShapeSets;
		};
		29374BAB2963C42900664042 /* PBXContainerItemProxy */ = {
			isa = PBXContainerItemProxy;
			containerPortal = 29374B882963C42700664042 /* Project object */;
			proxyType = 1;
			remoteGlobalIDString = 29374B8F2963C42700664042;
			remoteInfo = NShapeSets;
		};
/* End PBXContainerItemProxy section */

/* Begin PBXCopyFilesBuildPhase section */
		1F23365D2AF9CC2500F2597B /* Embed Foundation Extensions */ = {
			isa = PBXCopyFilesBuildPhase;
			buildActionMask = 2147483647;
			dstPath = "";
			dstSubfolderSpec = 13;
			files = (
				1F2336592AF9CC2500F2597B /* ActiveWorkoutTimerExtension.appex in Embed Foundation Extensions */,
			);
			name = "Embed Foundation Extensions";
			runOnlyForDeploymentPostprocessing = 0;
		};
		1FCAA4DF2A32C04700B9EA07 /* Embed Watch Content */ = {
			isa = PBXCopyFilesBuildPhase;
			buildActionMask = 2147483647;
			dstPath = "$(CONTENTS_FOLDER_PATH)/Watch";
			dstSubfolderSpec = 16;
			files = (
				1FCAA4DE2A32C04700B9EA07 /* NShapeSets-watch Watch App.app in Embed Watch Content */,
			);
			name = "Embed Watch Content";
			runOnlyForDeploymentPostprocessing = 0;
		};
/* End PBXCopyFilesBuildPhase section */

/* Begin PBXFileReference section */
		1F01449A29DFAE6100C2EA5F /* RecapView.swift */ = {isa = PBXFileReference; lastKnownFileType = sourcecode.swift; path = RecapView.swift; sourceTree = "<group>"; };
		1F01449E29E4E89700C2EA5F /* HapticHelpers.swift */ = {isa = PBXFileReference; lastKnownFileType = sourcecode.swift; path = HapticHelpers.swift; sourceTree = "<group>"; };
		1F14EA132A0B2292009E98A9 /* CountdownTimer.swift */ = {isa = PBXFileReference; lastKnownFileType = sourcecode.swift; path = CountdownTimer.swift; sourceTree = "<group>"; };
		1F14EA172A0EE26E009E98A9 /* TotalTimer.swift */ = {isa = PBXFileReference; lastKnownFileType = sourcecode.swift; path = TotalTimer.swift; sourceTree = "<group>"; };
		1F14EA1B2A0EE28D009E98A9 /* TimerModels.swift */ = {isa = PBXFileReference; lastKnownFileType = sourcecode.swift; path = TimerModels.swift; sourceTree = "<group>"; };
		1F1EEC722A1EC178009FFD76 /* NShapeSets.entitlements */ = {isa = PBXFileReference; lastKnownFileType = text.plist.entitlements; path = NShapeSets.entitlements; sourceTree = "<group>"; };
		1F2336452AF9CC2400F2597B /* ActiveWorkoutTimerExtension.appex */ = {isa = PBXFileReference; explicitFileType = "wrapper.app-extension"; includeInIndex = 0; path = ActiveWorkoutTimerExtension.appex; sourceTree = BUILT_PRODUCTS_DIR; };
		1F2336472AF9CC2400F2597B /* WidgetKit.framework */ = {isa = PBXFileReference; lastKnownFileType = wrapper.framework; name = WidgetKit.framework; path = System/Library/Frameworks/WidgetKit.framework; sourceTree = SDKROOT; };
		1F2336492AF9CC2400F2597B /* SwiftUI.framework */ = {isa = PBXFileReference; lastKnownFileType = wrapper.framework; name = SwiftUI.framework; path = System/Library/Frameworks/SwiftUI.framework; sourceTree = SDKROOT; };
		1F23364C2AF9CC2400F2597B /* ActiveWorkoutTimerBundle.swift */ = {isa = PBXFileReference; lastKnownFileType = sourcecode.swift; path = ActiveWorkoutTimerBundle.swift; sourceTree = "<group>"; };
		1F23364E2AF9CC2400F2597B /* ActiveWorkoutTimerLiveActivity.swift */ = {isa = PBXFileReference; lastKnownFileType = sourcecode.swift; path = ActiveWorkoutTimerLiveActivity.swift; sourceTree = "<group>"; };
		1F2336502AF9CC2400F2597B /* ActiveWorkoutTimer.swift */ = {isa = PBXFileReference; lastKnownFileType = sourcecode.swift; path = ActiveWorkoutTimer.swift; sourceTree = "<group>"; };
		1F2336522AF9CC2400F2597B /* AppIntent.swift */ = {isa = PBXFileReference; lastKnownFileType = sourcecode.swift; path = AppIntent.swift; sourceTree = "<group>"; };
		1F2336542AF9CC2500F2597B /* Assets.xcassets */ = {isa = PBXFileReference; lastKnownFileType = folder.assetcatalog; path = Assets.xcassets; sourceTree = "<group>"; };
		1F2336562AF9CC2500F2597B /* Info.plist */ = {isa = PBXFileReference; lastKnownFileType = text.plist.xml; path = Info.plist; sourceTree = "<group>"; };
		1F407AA02B41F9E50063DCF4 /* Launch Screen.storyboard */ = {isa = PBXFileReference; lastKnownFileType = file.storyboard; path = "Launch Screen.storyboard"; sourceTree = "<group>"; };
		1F42D8B12B13B37400F113BA /* Models.swift */ = {isa = PBXFileReference; lastKnownFileType = sourcecode.swift; path = Models.swift; sourceTree = "<group>"; };
		1F4743762AA38C330053537D /* NotificationHelpers.swift */ = {isa = PBXFileReference; lastKnownFileType = sourcecode.swift; path = NotificationHelpers.swift; sourceTree = "<group>"; };
		1F48CEDB29822952006250DB /* CircleGradient.swift */ = {isa = PBXFileReference; lastKnownFileType = sourcecode.swift; path = CircleGradient.swift; sourceTree = "<group>"; };
		1F51409429CFE30200DD9A2A /* WorkoutView.swift */ = {isa = PBXFileReference; lastKnownFileType = sourcecode.swift; path = WorkoutView.swift; sourceTree = "<group>"; };
		1F51409829CFEA5400DD9A2A /* Documentation.docc */ = {isa = PBXFileReference; lastKnownFileType = folder.documentationcatalog; path = Documentation.docc; sourceTree = "<group>"; };
		1F61A1F22A8EA306003FB788 /* WorkoutView.swift */ = {isa = PBXFileReference; lastKnownFileType = sourcecode.swift; path = WorkoutView.swift; sourceTree = "<group>"; };
		1F74C0D92B06A51200E14E45 /* ActivityManager.swift */ = {isa = PBXFileReference; lastKnownFileType = sourcecode.swift; path = ActivityManager.swift; sourceTree = "<group>"; };
		1F74C0DC2B06A6A900E14E45 /* ActiveWorkoutTimerAttributes.swift */ = {isa = PBXFileReference; lastKnownFileType = sourcecode.swift; path = ActiveWorkoutTimerAttributes.swift; sourceTree = "<group>"; };
		1F7E965629B4C7CF00CEBDF0 /* ProgressRing.swift */ = {isa = PBXFileReference; lastKnownFileType = sourcecode.swift; path = ProgressRing.swift; sourceTree = "<group>"; };
		1F7EE5A32A66CE60007CBBEA /* WorkoutSessionContext.swift */ = {isa = PBXFileReference; lastKnownFileType = sourcecode.swift; path = WorkoutSessionContext.swift; sourceTree = "<group>"; };
		1F7EE5A52A66CF1D007CBBEA /* HealthKitHelper.swift */ = {isa = PBXFileReference; lastKnownFileType = sourcecode.swift; path = HealthKitHelper.swift; sourceTree = "<group>"; };
		1F7EE5A72A66CF8A007CBBEA /* OSLogExtensions.swift */ = {isa = PBXFileReference; lastKnownFileType = sourcecode.swift; path = OSLogExtensions.swift; sourceTree = "<group>"; };
		1F7EE5AB2A66D821007CBBEA /* InstructionView.swift */ = {isa = PBXFileReference; lastKnownFileType = sourcecode.swift; path = InstructionView.swift; sourceTree = "<group>"; };
		1F7EE5B62A66DA9F007CBBEA /* ActiveWorkoutView.swift */ = {isa = PBXFileReference; lastKnownFileType = sourcecode.swift; path = ActiveWorkoutView.swift; sourceTree = "<group>"; };
		1F7EE5B92A66DAEA007CBBEA /* StateModels.swift */ = {isa = PBXFileReference; lastKnownFileType = sourcecode.swift; path = StateModels.swift; sourceTree = "<group>"; };
		1F7EE5BF2A66DB7C007CBBEA /* TimeHelper.swift */ = {isa = PBXFileReference; lastKnownFileType = sourcecode.swift; path = TimeHelper.swift; sourceTree = "<group>"; };
		1F7EE5C22A66DC29007CBBEA /* DefaultManager.swift */ = {isa = PBXFileReference; lastKnownFileType = sourcecode.swift; path = DefaultManager.swift; sourceTree = "<group>"; };
		1F7EE5C52A66DC5C007CBBEA /* Constants.swift */ = {isa = PBXFileReference; lastKnownFileType = sourcecode.swift; path = Constants.swift; sourceTree = "<group>"; };
		1F7EE5C92A66DCFB007CBBEA /* HapticHelper.swift */ = {isa = PBXFileReference; lastKnownFileType = sourcecode.swift; path = HapticHelper.swift; sourceTree = "<group>"; };
		1F7EE5CE2A66EE33007CBBEA /* DetailView.swift */ = {isa = PBXFileReference; lastKnownFileType = sourcecode.swift; path = DetailView.swift; sourceTree = "<group>"; };
		1F7EE5D02A66EE7E007CBBEA /* PrimaryButton.swift */ = {isa = PBXFileReference; lastKnownFileType = sourcecode.swift; path = PrimaryButton.swift; sourceTree = "<group>"; };
		1F89AF0F2A6EFC9400A45964 /* NShapeSets-watch-Watch-App-Info.plist */ = {isa = PBXFileReference; lastKnownFileType = text.plist; path = "NShapeSets-watch-Watch-App-Info.plist"; sourceTree = SOURCE_ROOT; };
		1F8ED2BB29836C7200650696 /* LogoView.swift */ = {isa = PBXFileReference; lastKnownFileType = sourcecode.swift; path = LogoView.swift; sourceTree = "<group>"; };
		1F9B01E92B3B8A7B001AF325 /* Wave.metal */ = {isa = PBXFileReference; lastKnownFileType = sourcecode.metal; path = Wave.metal; sourceTree = "<group>"; };
		1F9B01EB2B3B8C8C001AF325 /* CircleGradient.swift */ = {isa = PBXFileReference; lastKnownFileType = sourcecode.swift; path = CircleGradient.swift; sourceTree = "<group>"; };
		1F9FB1172A3F688700BA9EC5 /* SetupView.swift */ = {isa = PBXFileReference; lastKnownFileType = sourcecode.swift; path = SetupView.swift; sourceTree = "<group>"; };
		1F9FB11B2A3F68C400BA9EC5 /* Workout.swift */ = {isa = PBXFileReference; lastKnownFileType = sourcecode.swift; path = Workout.swift; sourceTree = "<group>"; };
		1FA6E0FD2A79417F00AE84A0 /* SetsView.swift */ = {isa = PBXFileReference; lastKnownFileType = sourcecode.swift; path = SetsView.swift; sourceTree = "<group>"; };
		1FA6E0FF2A7945BF00AE84A0 /* RestTimeView.swift */ = {isa = PBXFileReference; lastKnownFileType = sourcecode.swift; path = RestTimeView.swift; sourceTree = "<group>"; };
		1FA6E1012A794AB900AE84A0 /* RecapDetailView.swift */ = {isa = PBXFileReference; lastKnownFileType = sourcecode.swift; path = RecapDetailView.swift; sourceTree = "<group>"; };
		1FA6E1032A794B3400AE84A0 /* RecapView.swift */ = {isa = PBXFileReference; lastKnownFileType = sourcecode.swift; path = RecapView.swift; sourceTree = "<group>"; };
		1FA7DB192B3F72E200218309 /* HealthkitManager.swift */ = {isa = PBXFileReference; lastKnownFileType = sourcecode.swift; path = HealthkitManager.swift; sourceTree = "<group>"; };
		1FA7DB1D2B40B1B800218309 /* RecapDetail.swift */ = {isa = PBXFileReference; lastKnownFileType = sourcecode.swift; path = RecapDetail.swift; sourceTree = "<group>"; };
		1FB238262A60371D004D426C /* NShapeSets-watch Watch App.entitlements */ = {isa = PBXFileReference; lastKnownFileType = text.plist.entitlements; path = "NShapeSets-watch Watch App.entitlements"; sourceTree = "<group>"; };
		1FBA7A0A29CF38F8007A594F /* RestSelector.swift */ = {isa = PBXFileReference; lastKnownFileType = sourcecode.swift; path = RestSelector.swift; sourceTree = "<group>"; };
		1FBA7A0E29CF3A46007A594F /* SetsSelector.swift */ = {isa = PBXFileReference; lastKnownFileType = sourcecode.swift; path = SetsSelector.swift; sourceTree = "<group>"; };
		1FBA7A1A29CF404D007A594F /* Ring.swift */ = {isa = PBXFileReference; lastKnownFileType = sourcecode.swift; path = Ring.swift; sourceTree = "<group>"; };
		1FBA7A1E29CF4244007A594F /* ActiveRing.swift */ = {isa = PBXFileReference; lastKnownFileType = sourcecode.swift; path = ActiveRing.swift; sourceTree = "<group>"; };
		1FBFF8622980C5FD0000AF6D /* ProgressBar.swift */ = {isa = PBXFileReference; lastKnownFileType = sourcecode.swift; path = ProgressBar.swift; sourceTree = "<group>"; };
		1FC55EFC298776E7002BE892 /* ActionSheet.swift */ = {isa = PBXFileReference; lastKnownFileType = sourcecode.swift; path = ActionSheet.swift; sourceTree = "<group>"; };
		1FC55F0129877A17002BE892 /* ViewExtensions.swift */ = {isa = PBXFileReference; lastKnownFileType = sourcecode.swift; path = ViewExtensions.swift; sourceTree = "<group>"; };
		1FCAA4BB2A32C04600B9EA07 /* NShapeSets-watch Watch App.app */ = {isa = PBXFileReference; explicitFileType = wrapper.application; includeInIndex = 0; path = "NShapeSets-watch Watch App.app"; sourceTree = BUILT_PRODUCTS_DIR; };
		1FCAA4BD2A32C04600B9EA07 /* NShapeSets_watchApp.swift */ = {isa = PBXFileReference; lastKnownFileType = sourcecode.swift; path = NShapeSets_watchApp.swift; sourceTree = "<group>"; };
		1FCAA4BF2A32C04600B9EA07 /* ContentView.swift */ = {isa = PBXFileReference; lastKnownFileType = sourcecode.swift; path = ContentView.swift; sourceTree = "<group>"; };
		1FCAA4C12A32C04700B9EA07 /* Assets.xcassets */ = {isa = PBXFileReference; lastKnownFileType = folder.assetcatalog; path = Assets.xcassets; sourceTree = "<group>"; };
		1FCAA4C42A32C04700B9EA07 /* Preview Assets.xcassets */ = {isa = PBXFileReference; lastKnownFileType = folder.assetcatalog; path = "Preview Assets.xcassets"; sourceTree = "<group>"; };
		1FCAA4CA2A32C04700B9EA07 /* NShapeSets-watch Watch AppTests.xctest */ = {isa = PBXFileReference; explicitFileType = wrapper.cfbundle; includeInIndex = 0; path = "NShapeSets-watch Watch AppTests.xctest"; sourceTree = BUILT_PRODUCTS_DIR; };
		1FCAA4CE2A32C04700B9EA07 /* NShapeSets_watch_Watch_AppTests.swift */ = {isa = PBXFileReference; lastKnownFileType = sourcecode.swift; path = NShapeSets_watch_Watch_AppTests.swift; sourceTree = "<group>"; };
		1FCAA4D42A32C04700B9EA07 /* NShapeSets-watch Watch AppUITests.xctest */ = {isa = PBXFileReference; explicitFileType = wrapper.cfbundle; includeInIndex = 0; path = "NShapeSets-watch Watch AppUITests.xctest"; sourceTree = BUILT_PRODUCTS_DIR; };
		1FCAA4D82A32C04700B9EA07 /* NShapeSets_watch_Watch_AppUITests.swift */ = {isa = PBXFileReference; lastKnownFileType = sourcecode.swift; path = NShapeSets_watch_Watch_AppUITests.swift; sourceTree = "<group>"; };
		1FCAA4DA2A32C04700B9EA07 /* NShapeSets_watch_Watch_AppUITestsLaunchTests.swift */ = {isa = PBXFileReference; lastKnownFileType = sourcecode.swift; path = NShapeSets_watch_Watch_AppUITestsLaunchTests.swift; sourceTree = "<group>"; };
		1FECB7AE2B48379E00FB5461 /* LaunchScreen-logo-asset.png */ = {isa = PBXFileReference; lastKnownFileType = image.png; path = "LaunchScreen-logo-asset.png"; sourceTree = "<group>"; };
		29032C00297C59F200E792B4 /* Typography.swift */ = {isa = PBXFileReference; lastKnownFileType = sourcecode.swift; path = Typography.swift; sourceTree = "<group>"; };
		2935B3712980B92800B66589 /* AXR ArcadeMachine.ttf */ = {isa = PBXFileReference; lastKnownFileType = file; path = "AXR ArcadeMachine.ttf"; sourceTree = "<group>"; };
		2935B3752980B95400B66589 /* Info.plist */ = {isa = PBXFileReference; lastKnownFileType = text.plist; path = Info.plist; sourceTree = "<group>"; };
		2935B37A2980C14000B66589 /* CustomSlider.swift */ = {isa = PBXFileReference; lastKnownFileType = sourcecode.swift; path = CustomSlider.swift; sourceTree = "<group>"; };
		29374B902963C42700664042 /* NShapeSets.app */ = {isa = PBXFileReference; explicitFileType = wrapper.application; includeInIndex = 0; path = NShapeSets.app; sourceTree = BUILT_PRODUCTS_DIR; };
		29374B932963C42700664042 /* NShapeSetsApp.swift */ = {isa = PBXFileReference; lastKnownFileType = sourcecode.swift; path = NShapeSetsApp.swift; sourceTree = "<group>"; };
		29374B952963C42700664042 /* ContentView.swift */ = {isa = PBXFileReference; lastKnownFileType = sourcecode.swift; path = ContentView.swift; sourceTree = "<group>"; };
		29374B972963C42900664042 /* Assets.xcassets */ = {isa = PBXFileReference; lastKnownFileType = folder.assetcatalog; path = Assets.xcassets; sourceTree = "<group>"; };
		29374B9A2963C42900664042 /* Preview Assets.xcassets */ = {isa = PBXFileReference; lastKnownFileType = folder.assetcatalog; path = "Preview Assets.xcassets"; sourceTree = "<group>"; };
		29374BA02963C42900664042 /* NShapeSetsTests.xctest */ = {isa = PBXFileReference; explicitFileType = wrapper.cfbundle; includeInIndex = 0; path = NShapeSetsTests.xctest; sourceTree = BUILT_PRODUCTS_DIR; };
		29374BA42963C42900664042 /* NShapeSetsTests.swift */ = {isa = PBXFileReference; lastKnownFileType = sourcecode.swift; path = NShapeSetsTests.swift; sourceTree = "<group>"; };
		29374BAA2963C42900664042 /* NShapeSetsUITests.xctest */ = {isa = PBXFileReference; explicitFileType = wrapper.cfbundle; includeInIndex = 0; path = NShapeSetsUITests.xctest; sourceTree = BUILT_PRODUCTS_DIR; };
		29374BAE2963C42900664042 /* NShapeSetsUITests.swift */ = {isa = PBXFileReference; lastKnownFileType = sourcecode.swift; path = NShapeSetsUITests.swift; sourceTree = "<group>"; };
		29374BB02963C42900664042 /* NShapeSetsUITestsLaunchTests.swift */ = {isa = PBXFileReference; lastKnownFileType = sourcecode.swift; path = NShapeSetsUITestsLaunchTests.swift; sourceTree = "<group>"; };
		29374BBF2963CBB900664042 /* BackgroundGradient.swift */ = {isa = PBXFileReference; lastKnownFileType = sourcecode.swift; path = BackgroundGradient.swift; sourceTree = "<group>"; };
		294C8AB629B6ACB9000A2BB7 /* WorkoutModels.swift */ = {isa = PBXFileReference; lastKnownFileType = sourcecode.swift; path = WorkoutModels.swift; sourceTree = "<group>"; };
		2978FF1A299990DC005A3C3A /* InfoBar.swift */ = {isa = PBXFileReference; lastKnownFileType = sourcecode.swift; path = InfoBar.swift; sourceTree = "<group>"; };
		2978FF1F299991E2005A3C3A /* TimeHelpers.swift */ = {isa = PBXFileReference; lastKnownFileType = sourcecode.swift; path = TimeHelpers.swift; sourceTree = "<group>"; };
		299ACC8D2995427D00528A48 /* ValueSelector.swift */ = {isa = PBXFileReference; lastKnownFileType = sourcecode.swift; path = ValueSelector.swift; sourceTree = "<group>"; };
		29CE61C5298D60C20084A713 /* SetupActionSheet.swift */ = {isa = PBXFileReference; lastKnownFileType = sourcecode.swift; path = SetupActionSheet.swift; sourceTree = "<group>"; };
		29CE8923296A199D00EFEA53 /* Colors.swift */ = {isa = PBXFileReference; lastKnownFileType = sourcecode.swift; path = Colors.swift; sourceTree = "<group>"; };
		29CE892A296A20C200EFEA53 /* CTAButton.swift */ = {isa = PBXFileReference; lastKnownFileType = sourcecode.swift; path = CTAButton.swift; sourceTree = "<group>"; };
/* End PBXFileReference section */

/* Begin PBXFrameworksBuildPhase section */
		1F2336422AF9CC2400F2597B /* Frameworks */ = {
			isa = PBXFrameworksBuildPhase;
			buildActionMask = 2147483647;
			files = (
				1F23364A2AF9CC2400F2597B /* SwiftUI.framework in Frameworks */,
				1F2336482AF9CC2400F2597B /* WidgetKit.framework in Frameworks */,
			);
			runOnlyForDeploymentPostprocessing = 0;
		};
		1FCAA4B82A32C04600B9EA07 /* Frameworks */ = {
			isa = PBXFrameworksBuildPhase;
			buildActionMask = 2147483647;
			files = (
			);
			runOnlyForDeploymentPostprocessing = 0;
		};
		1FCAA4C72A32C04700B9EA07 /* Frameworks */ = {
			isa = PBXFrameworksBuildPhase;
			buildActionMask = 2147483647;
			files = (
			);
			runOnlyForDeploymentPostprocessing = 0;
		};
		1FCAA4D12A32C04700B9EA07 /* Frameworks */ = {
			isa = PBXFrameworksBuildPhase;
			buildActionMask = 2147483647;
			files = (
			);
			runOnlyForDeploymentPostprocessing = 0;
		};
		29374B8D2963C42700664042 /* Frameworks */ = {
			isa = PBXFrameworksBuildPhase;
			buildActionMask = 2147483647;
			files = (
			);
			runOnlyForDeploymentPostprocessing = 0;
		};
		29374B9D2963C42900664042 /* Frameworks */ = {
			isa = PBXFrameworksBuildPhase;
			buildActionMask = 2147483647;
			files = (
			);
			runOnlyForDeploymentPostprocessing = 0;
		};
		29374BA72963C42900664042 /* Frameworks */ = {
			isa = PBXFrameworksBuildPhase;
			buildActionMask = 2147483647;
			files = (
			);
			runOnlyForDeploymentPostprocessing = 0;
		};
/* End PBXFrameworksBuildPhase section */

/* Begin PBXGroup section */
		1F2336462AF9CC2400F2597B /* Frameworks */ = {
			isa = PBXGroup;
			children = (
				1F2336472AF9CC2400F2597B /* WidgetKit.framework */,
				1F2336492AF9CC2400F2597B /* SwiftUI.framework */,
			);
			name = Frameworks;
			sourceTree = "<group>";
		};
		1F23364B2AF9CC2400F2597B /* ActiveWorkoutTimer */ = {
			isa = PBXGroup;
			children = (
				1F74C0DC2B06A6A900E14E45 /* ActiveWorkoutTimerAttributes.swift */,
				1F23364C2AF9CC2400F2597B /* ActiveWorkoutTimerBundle.swift */,
				1F23364E2AF9CC2400F2597B /* ActiveWorkoutTimerLiveActivity.swift */,
				1F2336502AF9CC2400F2597B /* ActiveWorkoutTimer.swift */,
				1F2336522AF9CC2400F2597B /* AppIntent.swift */,
				1F2336542AF9CC2500F2597B /* Assets.xcassets */,
				1F2336562AF9CC2500F2597B /* Info.plist */,
			);
			path = ActiveWorkoutTimer;
			sourceTree = "<group>";
		};
		1F305F7D2980CD16008194E5 /* Components */ = {
			isa = PBXGroup;
			children = (
				1F8ED2BB29836C7200650696 /* LogoView.swift */,
				29CE61C5298D60C20084A713 /* SetupActionSheet.swift */,
				2978FF1A299990DC005A3C3A /* InfoBar.swift */,
				1FBA7A0A29CF38F8007A594F /* RestSelector.swift */,
				1FBA7A0E29CF3A46007A594F /* SetsSelector.swift */,
				1F51409429CFE30200DD9A2A /* WorkoutView.swift */,
				1F01449A29DFAE6100C2EA5F /* RecapView.swift */,
			);
			path = Components;
			sourceTree = "<group>";
		};
		1F7EE5A22A66CE48007CBBEA /* HealthKit */ = {
			isa = PBXGroup;
			children = (
				1F7EE5A32A66CE60007CBBEA /* WorkoutSessionContext.swift */,
				1F7EE5A52A66CF1D007CBBEA /* HealthKitHelper.swift */,
			);
			path = HealthKit;
			sourceTree = "<group>";
		};
		1F7EE5AA2A66D6E8007CBBEA /* Components */ = {
			isa = PBXGroup;
			children = (
				1F7EE5D02A66EE7E007CBBEA /* PrimaryButton.swift */,
				1F7EE5AB2A66D821007CBBEA /* InstructionView.swift */,
				1FA6E0FD2A79417F00AE84A0 /* SetsView.swift */,
				1FA6E0FF2A7945BF00AE84A0 /* RestTimeView.swift */,
				1FA6E1012A794AB900AE84A0 /* RecapDetailView.swift */,
				1F9B01EB2B3B8C8C001AF325 /* CircleGradient.swift */,
			);
			path = Components;
			sourceTree = "<group>";
		};
		1F7EE5B52A66DA92007CBBEA /* Views */ = {
			isa = PBXGroup;
			children = (
				1FCAA4BF2A32C04600B9EA07 /* ContentView.swift */,
				1F7EE5B62A66DA9F007CBBEA /* ActiveWorkoutView.swift */,
				1F9FB1172A3F688700BA9EC5 /* SetupView.swift */,
				1F7EE5CE2A66EE33007CBBEA /* DetailView.swift */,
				1FA6E1032A794B3400AE84A0 /* RecapView.swift */,
				1F61A1F22A8EA306003FB788 /* WorkoutView.swift */,
			);
			path = Views;
			sourceTree = "<group>";
		};
		1F7EE5B82A66DADA007CBBEA /* Models */ = {
			isa = PBXGroup;
			children = (
				1F9FB11B2A3F68C400BA9EC5 /* Workout.swift */,
				1F7EE5B92A66DAEA007CBBEA /* StateModels.swift */,
			);
			path = Models;
			sourceTree = "<group>";
		};
		1F7EE5BB2A66DB15007CBBEA /* Helpers */ = {
			isa = PBXGroup;
			children = (
				1F7EE5BF2A66DB7C007CBBEA /* TimeHelper.swift */,
				1F7EE5C22A66DC29007CBBEA /* DefaultManager.swift */,
				1F7EE5C52A66DC5C007CBBEA /* Constants.swift */,
			);
			path = Helpers;
			sourceTree = "<group>";
		};
		1F7EE5C82A66DCEF007CBBEA /* Helpers */ = {
			isa = PBXGroup;
			children = (
				1F7EE5C92A66DCFB007CBBEA /* HapticHelper.swift */,
			);
			path = Helpers;
			sourceTree = "<group>";
		};
		1F9B01E82B3B8A6D001AF325 /* Metal */ = {
			isa = PBXGroup;
			children = (
				1F9B01E92B3B8A7B001AF325 /* Wave.metal */,
			);
			path = Metal;
			sourceTree = "<group>";
		};
		1FC55F0029877A01002BE892 /* Extensions */ = {
			isa = PBXGroup;
			children = (
				1FC55F0129877A17002BE892 /* ViewExtensions.swift */,
				1F7EE5A72A66CF8A007CBBEA /* OSLogExtensions.swift */,
			);
			path = Extensions;
			sourceTree = "<group>";
		};
		1FCAA4BC2A32C04600B9EA07 /* NShapeSets-watch Watch App */ = {
			isa = PBXGroup;
			children = (
				1F89AF0F2A6EFC9400A45964 /* NShapeSets-watch-Watch-App-Info.plist */,
				1F7EE5C82A66DCEF007CBBEA /* Helpers */,
				1F7EE5B82A66DADA007CBBEA /* Models */,
				1F7EE5B52A66DA92007CBBEA /* Views */,
				1F7EE5AA2A66D6E8007CBBEA /* Components */,
				1F7EE5A22A66CE48007CBBEA /* HealthKit */,
				1FB238262A60371D004D426C /* NShapeSets-watch Watch App.entitlements */,
				1FCAA4BD2A32C04600B9EA07 /* NShapeSets_watchApp.swift */,
				1FCAA4C12A32C04700B9EA07 /* Assets.xcassets */,
				1FCAA4C32A32C04700B9EA07 /* Preview Content */,
			);
			path = "NShapeSets-watch Watch App";
			sourceTree = "<group>";
		};
		1FCAA4C32A32C04700B9EA07 /* Preview Content */ = {
			isa = PBXGroup;
			children = (
				1FCAA4C42A32C04700B9EA07 /* Preview Assets.xcassets */,
			);
			path = "Preview Content";
			sourceTree = "<group>";
		};
		1FCAA4CD2A32C04700B9EA07 /* NShapeSets-watch Watch AppTests */ = {
			isa = PBXGroup;
			children = (
				1FCAA4CE2A32C04700B9EA07 /* NShapeSets_watch_Watch_AppTests.swift */,
			);
			path = "NShapeSets-watch Watch AppTests";
			sourceTree = "<group>";
		};
		1FCAA4D72A32C04700B9EA07 /* NShapeSets-watch Watch AppUITests */ = {
			isa = PBXGroup;
			children = (
				1FCAA4D82A32C04700B9EA07 /* NShapeSets_watch_Watch_AppUITests.swift */,
				1FCAA4DA2A32C04700B9EA07 /* NShapeSets_watch_Watch_AppUITestsLaunchTests.swift */,
			);
			path = "NShapeSets-watch Watch AppUITests";
			sourceTree = "<group>";
		};
		2935B3702980B8D800B66589 /* Fonts */ = {
			isa = PBXGroup;
			children = (
				2935B3712980B92800B66589 /* AXR ArcadeMachine.ttf */,
			);
			path = Fonts;
			sourceTree = "<group>";
		};
		29374B872963C42700664042 = {
			isa = PBXGroup;
			children = (
				29374B922963C42700664042 /* NShapeSets */,
				29374BA32963C42900664042 /* NShapeSetsTests */,
				29374BAD2963C42900664042 /* NShapeSetsUITests */,
				1FCAA4BC2A32C04600B9EA07 /* NShapeSets-watch Watch App */,
				1FCAA4CD2A32C04700B9EA07 /* NShapeSets-watch Watch AppTests */,
				1FCAA4D72A32C04700B9EA07 /* NShapeSets-watch Watch AppUITests */,
				1F23364B2AF9CC2400F2597B /* ActiveWorkoutTimer */,
				1F2336462AF9CC2400F2597B /* Frameworks */,
				29374B912963C42700664042 /* Products */,
			);
			sourceTree = "<group>";
		};
		29374B912963C42700664042 /* Products */ = {
			isa = PBXGroup;
			children = (
				29374B902963C42700664042 /* NShapeSets.app */,
				29374BA02963C42900664042 /* NShapeSetsTests.xctest */,
				29374BAA2963C42900664042 /* NShapeSetsUITests.xctest */,
				1FCAA4BB2A32C04600B9EA07 /* NShapeSets-watch Watch App.app */,
				1FCAA4CA2A32C04700B9EA07 /* NShapeSets-watch Watch AppTests.xctest */,
				1FCAA4D42A32C04700B9EA07 /* NShapeSets-watch Watch AppUITests.xctest */,
				1F2336452AF9CC2400F2597B /* ActiveWorkoutTimerExtension.appex */,
			);
			name = Products;
			sourceTree = "<group>";
		};
		29374B922963C42700664042 /* NShapeSets */ = {
			isa = PBXGroup;
			children = (
				1F9B01E82B3B8A6D001AF325 /* Metal */,
				1F7EE5BB2A66DB15007CBBEA /* Helpers */,
				1F1EEC722A1EC178009FFD76 /* NShapeSets.entitlements */,
				294C8AB529B6ACA4000A2BB7 /* Models */,
				2978FF1E299991CF005A3C3A /* Utils */,
				2935B3752980B95400B66589 /* Info.plist */,
				1FC55F0029877A01002BE892 /* Extensions */,
				2935B3702980B8D800B66589 /* Fonts */,
				29CE8922296A198F00EFEA53 /* Assets */,
				29374BBE2963CB9D00664042 /* Primitives */,
				1F305F7D2980CD16008194E5 /* Components */,
				29374B932963C42700664042 /* NShapeSetsApp.swift */,
				29374B952963C42700664042 /* ContentView.swift */,
				29374B972963C42900664042 /* Assets.xcassets */,
				29374B992963C42900664042 /* Preview Content */,
				1F51409829CFEA5400DD9A2A /* Documentation.docc */,
				1F407AA02B41F9E50063DCF4 /* Launch Screen.storyboard */,
				1FECB7AE2B48379E00FB5461 /* LaunchScreen-logo-asset.png */,
			);
			path = NShapeSets;
			sourceTree = "<group>";
		};
		29374B992963C42900664042 /* Preview Content */ = {
			isa = PBXGroup;
			children = (
				29374B9A2963C42900664042 /* Preview Assets.xcassets */,
			);
			path = "Preview Content";
			sourceTree = "<group>";
		};
		29374BA32963C42900664042 /* NShapeSetsTests */ = {
			isa = PBXGroup;
			children = (
				29374BA42963C42900664042 /* NShapeSetsTests.swift */,
			);
			path = NShapeSetsTests;
			sourceTree = "<group>";
		};
		29374BAD2963C42900664042 /* NShapeSetsUITests */ = {
			isa = PBXGroup;
			children = (
				29374BAE2963C42900664042 /* NShapeSetsUITests.swift */,
				29374BB02963C42900664042 /* NShapeSetsUITestsLaunchTests.swift */,
			);
			path = NShapeSetsUITests;
			sourceTree = "<group>";
		};
		29374BBE2963CB9D00664042 /* Primitives */ = {
			isa = PBXGroup;
			children = (
				29374BBF2963CBB900664042 /* BackgroundGradient.swift */,
				29CE892A296A20C200EFEA53 /* CTAButton.swift */,
				2935B37A2980C14000B66589 /* CustomSlider.swift */,
				1FBFF8622980C5FD0000AF6D /* ProgressBar.swift */,
				1F48CEDB29822952006250DB /* CircleGradient.swift */,
				1FC55EFC298776E7002BE892 /* ActionSheet.swift */,
				1F7E965629B4C7CF00CEBDF0 /* ProgressRing.swift */,
				299ACC8D2995427D00528A48 /* ValueSelector.swift */,
				1FBA7A1A29CF404D007A594F /* Ring.swift */,
				1FBA7A1E29CF4244007A594F /* ActiveRing.swift */,
				1FA7DB1D2B40B1B800218309 /* RecapDetail.swift */,
			);
			path = Primitives;
			sourceTree = "<group>";
		};
		294C8AB529B6ACA4000A2BB7 /* Models */ = {
			isa = PBXGroup;
			children = (
				1F42D8B12B13B37400F113BA /* Models.swift */,
				294C8AB629B6ACB9000A2BB7 /* WorkoutModels.swift */,
				1F14EA132A0B2292009E98A9 /* CountdownTimer.swift */,
				1F14EA172A0EE26E009E98A9 /* TotalTimer.swift */,
				1F14EA1B2A0EE28D009E98A9 /* TimerModels.swift */,
			);
			path = Models;
			sourceTree = "<group>";
		};
		2978FF1E299991CF005A3C3A /* Utils */ = {
			isa = PBXGroup;
			children = (
				2978FF1F299991E2005A3C3A /* TimeHelpers.swift */,
				1F01449E29E4E89700C2EA5F /* HapticHelpers.swift */,
				1F4743762AA38C330053537D /* NotificationHelpers.swift */,
				1F74C0D92B06A51200E14E45 /* ActivityManager.swift */,
				1FA7DB192B3F72E200218309 /* HealthkitManager.swift */,
			);
			path = Utils;
			sourceTree = "<group>";
		};
		29CE8922296A198F00EFEA53 /* Assets */ = {
			isa = PBXGroup;
			children = (
				29CE8923296A199D00EFEA53 /* Colors.swift */,
				29032C00297C59F200E792B4 /* Typography.swift */,
			);
			path = Assets;
			sourceTree = "<group>";
		};
/* End PBXGroup section */

/* Begin PBXNativeTarget section */
		1F2336442AF9CC2400F2597B /* ActiveWorkoutTimerExtension */ = {
			isa = PBXNativeTarget;
			buildConfigurationList = 1F23365A2AF9CC2500F2597B /* Build configuration list for PBXNativeTarget "ActiveWorkoutTimerExtension" */;
			buildPhases = (
				1F2336412AF9CC2400F2597B /* Sources */,
				1F2336422AF9CC2400F2597B /* Frameworks */,
				1F2336432AF9CC2400F2597B /* Resources */,
			);
			buildRules = (
			);
			dependencies = (
			);
			name = ActiveWorkoutTimerExtension;
			productName = ActiveWorkoutTimerExtension;
			productReference = 1F2336452AF9CC2400F2597B /* ActiveWorkoutTimerExtension.appex */;
			productType = "com.apple.product-type.app-extension";
		};
		1FCAA4BA2A32C04600B9EA07 /* NShapeSets-watch Watch App */ = {
			isa = PBXNativeTarget;
			buildConfigurationList = 1FCAA4E62A32C04700B9EA07 /* Build configuration list for PBXNativeTarget "NShapeSets-watch Watch App" */;
			buildPhases = (
				1FCAA4B72A32C04600B9EA07 /* Sources */,
				1FCAA4B82A32C04600B9EA07 /* Frameworks */,
				1FCAA4B92A32C04600B9EA07 /* Resources */,
			);
			buildRules = (
			);
			dependencies = (
			);
			name = "NShapeSets-watch Watch App";
			productName = "NShapeSets-watch Watch App";
			productReference = 1FCAA4BB2A32C04600B9EA07 /* NShapeSets-watch Watch App.app */;
			productType = "com.apple.product-type.application";
		};
		1FCAA4C92A32C04700B9EA07 /* NShapeSets-watch Watch AppTests */ = {
			isa = PBXNativeTarget;
			buildConfigurationList = 1FCAA4E72A32C04700B9EA07 /* Build configuration list for PBXNativeTarget "NShapeSets-watch Watch AppTests" */;
			buildPhases = (
				1FCAA4C62A32C04700B9EA07 /* Sources */,
				1FCAA4C72A32C04700B9EA07 /* Frameworks */,
				1FCAA4C82A32C04700B9EA07 /* Resources */,
			);
			buildRules = (
			);
			dependencies = (
				1FCAA4CC2A32C04700B9EA07 /* PBXTargetDependency */,
			);
			name = "NShapeSets-watch Watch AppTests";
			productName = "NShapeSets-watch Watch AppTests";
			productReference = 1FCAA4CA2A32C04700B9EA07 /* NShapeSets-watch Watch AppTests.xctest */;
			productType = "com.apple.product-type.bundle.unit-test";
		};
		1FCAA4D32A32C04700B9EA07 /* NShapeSets-watch Watch AppUITests */ = {
			isa = PBXNativeTarget;
			buildConfigurationList = 1FCAA4E82A32C04700B9EA07 /* Build configuration list for PBXNativeTarget "NShapeSets-watch Watch AppUITests" */;
			buildPhases = (
				1FCAA4D02A32C04700B9EA07 /* Sources */,
				1FCAA4D12A32C04700B9EA07 /* Frameworks */,
				1FCAA4D22A32C04700B9EA07 /* Resources */,
			);
			buildRules = (
			);
			dependencies = (
				1FCAA4D62A32C04700B9EA07 /* PBXTargetDependency */,
			);
			name = "NShapeSets-watch Watch AppUITests";
			productName = "NShapeSets-watch Watch AppUITests";
			productReference = 1FCAA4D42A32C04700B9EA07 /* NShapeSets-watch Watch AppUITests.xctest */;
			productType = "com.apple.product-type.bundle.ui-testing";
		};
		29374B8F2963C42700664042 /* NShapeSets */ = {
			isa = PBXNativeTarget;
			buildConfigurationList = 29374BB42963C42900664042 /* Build configuration list for PBXNativeTarget "NShapeSets" */;
			buildPhases = (
				29374B8C2963C42700664042 /* Sources */,
				29374B8D2963C42700664042 /* Frameworks */,
				29374B8E2963C42700664042 /* Resources */,
				1F9E38CD29B7FDD300CA4120 /* SwiftLint */,
				1FCAA4DF2A32C04700B9EA07 /* Embed Watch Content */,
				1F23365D2AF9CC2500F2597B /* Embed Foundation Extensions */,
			);
			buildRules = (
			);
			dependencies = (
				1FCAA4DD2A32C04700B9EA07 /* PBXTargetDependency */,
				1F2336582AF9CC2500F2597B /* PBXTargetDependency */,
			);
			name = NShapeSets;
			productName = NShapeSets;
			productReference = 29374B902963C42700664042 /* NShapeSets.app */;
			productType = "com.apple.product-type.application";
		};
		29374B9F2963C42900664042 /* NShapeSetsTests */ = {
			isa = PBXNativeTarget;
			buildConfigurationList = 29374BB72963C42900664042 /* Build configuration list for PBXNativeTarget "NShapeSetsTests" */;
			buildPhases = (
				29374B9C2963C42900664042 /* Sources */,
				29374B9D2963C42900664042 /* Frameworks */,
				29374B9E2963C42900664042 /* Resources */,
			);
			buildRules = (
			);
			dependencies = (
				29374BA22963C42900664042 /* PBXTargetDependency */,
			);
			name = NShapeSetsTests;
			productName = NShapeSetsTests;
			productReference = 29374BA02963C42900664042 /* NShapeSetsTests.xctest */;
			productType = "com.apple.product-type.bundle.unit-test";
		};
		29374BA92963C42900664042 /* NShapeSetsUITests */ = {
			isa = PBXNativeTarget;
			buildConfigurationList = 29374BBA2963C42900664042 /* Build configuration list for PBXNativeTarget "NShapeSetsUITests" */;
			buildPhases = (
				29374BA62963C42900664042 /* Sources */,
				29374BA72963C42900664042 /* Frameworks */,
				29374BA82963C42900664042 /* Resources */,
			);
			buildRules = (
			);
			dependencies = (
				29374BAC2963C42900664042 /* PBXTargetDependency */,
			);
			name = NShapeSetsUITests;
			productName = NShapeSetsUITests;
			productReference = 29374BAA2963C42900664042 /* NShapeSetsUITests.xctest */;
			productType = "com.apple.product-type.bundle.ui-testing";
		};
/* End PBXNativeTarget section */

/* Begin PBXProject section */
		29374B882963C42700664042 /* Project object */ = {
			isa = PBXProject;
			attributes = {
				BuildIndependentTargetsInParallel = 1;
				LastSwiftUpdateCheck = 1500;
				LastUpgradeCheck = 1420;
				TargetAttributes = {
					1F2336442AF9CC2400F2597B = {
						CreatedOnToolsVersion = 15.0.1;
					};
					1FCAA4BA2A32C04600B9EA07 = {
						CreatedOnToolsVersion = 14.3;
					};
					1FCAA4C92A32C04700B9EA07 = {
						CreatedOnToolsVersion = 14.3;
						TestTargetID = 1FCAA4BA2A32C04600B9EA07;
					};
					1FCAA4D32A32C04700B9EA07 = {
						CreatedOnToolsVersion = 14.3;
						TestTargetID = 1FCAA4BA2A32C04600B9EA07;
					};
					29374B8F2963C42700664042 = {
						CreatedOnToolsVersion = 14.2;
					};
					29374B9F2963C42900664042 = {
						CreatedOnToolsVersion = 14.2;
						TestTargetID = 29374B8F2963C42700664042;
					};
					29374BA92963C42900664042 = {
						CreatedOnToolsVersion = 14.2;
						TestTargetID = 29374B8F2963C42700664042;
					};
				};
			};
			buildConfigurationList = 29374B8B2963C42700664042 /* Build configuration list for PBXProject "NShapeSets" */;
			compatibilityVersion = "Xcode 14.0";
			developmentRegion = en;
			hasScannedForEncodings = 0;
			knownRegions = (
				en,
				Base,
			);
			mainGroup = 29374B872963C42700664042;
			productRefGroup = 29374B912963C42700664042 /* Products */;
			projectDirPath = "";
			projectRoot = "";
			targets = (
				29374B8F2963C42700664042 /* NShapeSets */,
				29374B9F2963C42900664042 /* NShapeSetsTests */,
				29374BA92963C42900664042 /* NShapeSetsUITests */,
				1FCAA4BA2A32C04600B9EA07 /* NShapeSets-watch Watch App */,
				1FCAA4C92A32C04700B9EA07 /* NShapeSets-watch Watch AppTests */,
				1FCAA4D32A32C04700B9EA07 /* NShapeSets-watch Watch AppUITests */,
				1F2336442AF9CC2400F2597B /* ActiveWorkoutTimerExtension */,
			);
		};
/* End PBXProject section */

/* Begin PBXResourcesBuildPhase section */
		1F2336432AF9CC2400F2597B /* Resources */ = {
			isa = PBXResourcesBuildPhase;
			buildActionMask = 2147483647;
			files = (
				1F2336552AF9CC2500F2597B /* Assets.xcassets in Resources */,
			);
			runOnlyForDeploymentPostprocessing = 0;
		};
		1FCAA4B92A32C04600B9EA07 /* Resources */ = {
			isa = PBXResourcesBuildPhase;
			buildActionMask = 2147483647;
			files = (
				1FC69D512A75BF0D005D8EF7 /* AXR ArcadeMachine.ttf in Resources */,
				1FCAA4C52A32C04700B9EA07 /* Preview Assets.xcassets in Resources */,
				1FD2A7042A5CF26C0002FEC0 /* Assets.xcassets in Resources */,
				1FCAA4C22A32C04700B9EA07 /* Assets.xcassets in Resources */,
			);
			runOnlyForDeploymentPostprocessing = 0;
		};
		1FCAA4C82A32C04700B9EA07 /* Resources */ = {
			isa = PBXResourcesBuildPhase;
			buildActionMask = 2147483647;
			files = (
			);
			runOnlyForDeploymentPostprocessing = 0;
		};
		1FCAA4D22A32C04700B9EA07 /* Resources */ = {
			isa = PBXResourcesBuildPhase;
			buildActionMask = 2147483647;
			files = (
			);
			runOnlyForDeploymentPostprocessing = 0;
		};
		29374B8E2963C42700664042 /* Resources */ = {
			isa = PBXResourcesBuildPhase;
			buildActionMask = 2147483647;
			files = (
				2935B3722980B92800B66589 /* AXR ArcadeMachine.ttf in Resources */,
				1FECB7AF2B48379E00FB5461 /* LaunchScreen-logo-asset.png in Resources */,
				29374B9B2963C42900664042 /* Preview Assets.xcassets in Resources */,
				1F407AA12B41F9E50063DCF4 /* Launch Screen.storyboard in Resources */,
				29374B982963C42900664042 /* Assets.xcassets in Resources */,
			);
			runOnlyForDeploymentPostprocessing = 0;
		};
		29374B9E2963C42900664042 /* Resources */ = {
			isa = PBXResourcesBuildPhase;
			buildActionMask = 2147483647;
			files = (
				2935B3732980B92800B66589 /* AXR ArcadeMachine.ttf in Resources */,
			);
			runOnlyForDeploymentPostprocessing = 0;
		};
		29374BA82963C42900664042 /* Resources */ = {
			isa = PBXResourcesBuildPhase;
			buildActionMask = 2147483647;
			files = (
				2935B3742980B92800B66589 /* AXR ArcadeMachine.ttf in Resources */,
			);
			runOnlyForDeploymentPostprocessing = 0;
		};
/* End PBXResourcesBuildPhase section */

/* Begin PBXShellScriptBuildPhase section */
		1F9E38CD29B7FDD300CA4120 /* SwiftLint */ = {
			isa = PBXShellScriptBuildPhase;
			buildActionMask = 2147483647;
			files = (
			);
			inputFileListPaths = (
			);
			inputPaths = (
			);
			name = SwiftLint;
			outputFileListPaths = (
			);
			outputPaths = (
			);
			runOnlyForDeploymentPostprocessing = 0;
			shellPath = /bin/sh;
			shellScript = "if which swiftlint >/dev/null; then\n  swiftlint\nelse\n  echo \"warning: SwiftLint not installed, download from https://github.com/realm/SwiftLint\"\nfi\n";
		};
/* End PBXShellScriptBuildPhase section */

/* Begin PBXSourcesBuildPhase section */
		1F2336412AF9CC2400F2597B /* Sources */ = {
			isa = PBXSourcesBuildPhase;
			buildActionMask = 2147483647;
			files = (
				1F23364F2AF9CC2400F2597B /* ActiveWorkoutTimerLiveActivity.swift in Sources */,
				1F74C0DE2B06A6A900E14E45 /* ActiveWorkoutTimerAttributes.swift in Sources */,
				1F2336532AF9CC2400F2597B /* AppIntent.swift in Sources */,
				1F23364D2AF9CC2400F2597B /* ActiveWorkoutTimerBundle.swift in Sources */,
				1F2336512AF9CC2400F2597B /* ActiveWorkoutTimer.swift in Sources */,
				1F42D8B42B13B37400F113BA /* Models.swift in Sources */,
			);
			runOnlyForDeploymentPostprocessing = 0;
		};
		1FCAA4B72A32C04600B9EA07 /* Sources */ = {
			isa = PBXSourcesBuildPhase;
			buildActionMask = 2147483647;
			files = (
				1F4743782AA38C330053537D /* NotificationHelpers.swift in Sources */,
				1F7EE5A42A66CE60007CBBEA /* WorkoutSessionContext.swift in Sources */,
				1FA6E1002A7945BF00AE84A0 /* RestTimeView.swift in Sources */,
				1FA6E0FE2A79417F00AE84A0 /* SetsView.swift in Sources */,
				1F7EE5B72A66DA9F007CBBEA /* ActiveWorkoutView.swift in Sources */,
				1F7EE5A62A66CF1D007CBBEA /* HealthKitHelper.swift in Sources */,
				1F7EE5B42A66D955007CBBEA /* Typography.swift in Sources */,
				1F7EE5CB2A66DCFB007CBBEA /* HapticHelper.swift in Sources */,
				1F7EE5CF2A66EE33007CBBEA /* DetailView.swift in Sources */,
				1FA6E1022A794AB900AE84A0 /* RecapDetailView.swift in Sources */,
				1F7EE5C72A66DC5C007CBBEA /* Constants.swift in Sources */,
				1FCAA4C02A32C04600B9EA07 /* ContentView.swift in Sources */,
				1F7EE5B32A66D93F007CBBEA /* Ring.swift in Sources */,
				1F7EE5C12A66DB7C007CBBEA /* TimeHelper.swift in Sources */,
				1F7EE5C42A66DC29007CBBEA /* DefaultManager.swift in Sources */,
				1FA6E1042A794B3400AE84A0 /* RecapView.swift in Sources */,
				1F5E04592B267B2B0099F42E /* CountdownTimer.swift in Sources */,
				1FA6E0FA2A793BF100AE84A0 /* ProgressBar.swift in Sources */,
				1F7EE5B02A66D920007CBBEA /* TotalTimer.swift in Sources */,
				1FD2A7032A5CF1A50002FEC0 /* Colors.swift in Sources */,
				1F42D8B32B13B37400F113BA /* Models.swift in Sources */,
				1FA7DB1C2B4086E200218309 /* HealthkitManager.swift in Sources */,
				1F61A1F32A8EA306003FB788 /* WorkoutView.swift in Sources */,
				1F7EE5D12A66EE7E007CBBEA /* PrimaryButton.swift in Sources */,
				1F7EE5A92A66CF8A007CBBEA /* OSLogExtensions.swift in Sources */,
				1F7EE5AC2A66D821007CBBEA /* InstructionView.swift in Sources */,
				1F42D8A42B12D7B600F113BA /* WorkoutModels.swift in Sources */,
				1F9FB1182A3F688700BA9EC5 /* SetupView.swift in Sources */,
				1FCAA4BE2A32C04600B9EA07 /* NShapeSets_watchApp.swift in Sources */,
				1F9FB11C2A3F68C400BA9EC5 /* Workout.swift in Sources */,
				1F7EE5B22A66D932007CBBEA /* ProgressRing.swift in Sources */,
				1F7EE5BA2A66DAEA007CBBEA /* StateModels.swift in Sources */,
				1F9B01EC2B3B8C8C001AF325 /* CircleGradient.swift in Sources */,
				1FA6E0FB2A793D8B00AE84A0 /* InfoBar.swift in Sources */,
				1FA6E0FC2A793D9C00AE84A0 /* TimeHelpers.swift in Sources */,
			);
			runOnlyForDeploymentPostprocessing = 0;
		};
		1FCAA4C62A32C04700B9EA07 /* Sources */ = {
			isa = PBXSourcesBuildPhase;
			buildActionMask = 2147483647;
			files = (
				1FCAA4CF2A32C04700B9EA07 /* NShapeSets_watch_Watch_AppTests.swift in Sources */,
			);
			runOnlyForDeploymentPostprocessing = 0;
		};
		1FCAA4D02A32C04700B9EA07 /* Sources */ = {
			isa = PBXSourcesBuildPhase;
			buildActionMask = 2147483647;
			files = (
				1FCAA4DB2A32C04700B9EA07 /* NShapeSets_watch_Watch_AppUITestsLaunchTests.swift in Sources */,
				1FCAA4D92A32C04700B9EA07 /* NShapeSets_watch_Watch_AppUITests.swift in Sources */,
			);
			runOnlyForDeploymentPostprocessing = 0;
		};
		29374B8C2963C42700664042 /* Sources */ = {
			isa = PBXSourcesBuildPhase;
			buildActionMask = 2147483647;
			files = (
				1F01449F29E4E89700C2EA5F /* HapticHelpers.swift in Sources */,
				1FBA7A0F29CF3A46007A594F /* SetsSelector.swift in Sources */,
				1F7EE5A82A66CF8A007CBBEA /* OSLogExtensions.swift in Sources */,
				1FC55EFD298776E7002BE892 /* ActionSheet.swift in Sources */,
				2978FF1B299990DC005A3C3A /* InfoBar.swift in Sources */,
				1F7EE5C02A66DB7C007CBBEA /* TimeHelper.swift in Sources */,
				1F51409929CFEA5400DD9A2A /* Documentation.docc in Sources */,
				1FBA7A0B29CF38F8007A594F /* RestSelector.swift in Sources */,
				29CE892B296A20C200EFEA53 /* CTAButton.swift in Sources */,
				294C8AB729B6ACB9000A2BB7 /* WorkoutModels.swift in Sources */,
				1F8ED2BC29836C7200650696 /* LogoView.swift in Sources */,
				1FBA7A1F29CF4244007A594F /* ActiveRing.swift in Sources */,
				1F48CEDC29822952006250DB /* CircleGradient.swift in Sources */,
				29374B962963C42700664042 /* ContentView.swift in Sources */,
				1F51409529CFE30200DD9A2A /* WorkoutView.swift in Sources */,
				2978FF20299991E2005A3C3A /* TimeHelpers.swift in Sources */,
				29CE8924296A199D00EFEA53 /* Colors.swift in Sources */,
				1F7EE5C32A66DC29007CBBEA /* DefaultManager.swift in Sources */,
				1FBA7A1B29CF404D007A594F /* Ring.swift in Sources */,
				1F74C0DA2B06A51200E14E45 /* ActivityManager.swift in Sources */,
				1F01449B29DFAE6100C2EA5F /* RecapView.swift in Sources */,
				1F7E965729B4C7CF00CEBDF0 /* ProgressRing.swift in Sources */,
				1F42D8B22B13B37400F113BA /* Models.swift in Sources */,
				2935B37B2980C14000B66589 /* CustomSlider.swift in Sources */,
				1FC55F0229877A17002BE892 /* ViewExtensions.swift in Sources */,
				1F7EE5C62A66DC5C007CBBEA /* Constants.swift in Sources */,
				1FBFF8632980C5FD0000AF6D /* ProgressBar.swift in Sources */,
				29374B942963C42700664042 /* NShapeSetsApp.swift in Sources */,
				1F14EA182A0EE26E009E98A9 /* TotalTimer.swift in Sources */,
				1F14EA142A0B2292009E98A9 /* CountdownTimer.swift in Sources */,
				1F9B01EA2B3B8A7B001AF325 /* Wave.metal in Sources */,
				1F14EA1C2A0EE28D009E98A9 /* TimerModels.swift in Sources */,
				29032C01297C59F200E792B4 /* Typography.swift in Sources */,
				299ACC8E2995427D00528A48 /* ValueSelector.swift in Sources */,
				1FA7DB1E2B40B1B800218309 /* RecapDetail.swift in Sources */,
				29CE61C6298D60C20084A713 /* SetupActionSheet.swift in Sources */,
				1F4743772AA38C330053537D /* NotificationHelpers.swift in Sources */,
				1FA7DB1A2B3F72E200218309 /* HealthkitManager.swift in Sources */,
				29374BC02963CBB900664042 /* BackgroundGradient.swift in Sources */,
				1F74C0DD2B06A6A900E14E45 /* ActiveWorkoutTimerAttributes.swift in Sources */,
			);
			runOnlyForDeploymentPostprocessing = 0;
		};
		29374B9C2963C42900664042 /* Sources */ = {
			isa = PBXSourcesBuildPhase;
			buildActionMask = 2147483647;
			files = (
				1FBA7A0C29CF38F8007A594F /* RestSelector.swift in Sources */,
				2978FF1C299990DC005A3C3A /* InfoBar.swift in Sources */,
				1FBA7A1029CF3A46007A594F /* SetsSelector.swift in Sources */,
				299ACC8F2995427D00528A48 /* ValueSelector.swift in Sources */,
				294C8AB829B6ACB9000A2BB7 /* WorkoutModels.swift in Sources */,
				1F51409629CFE30200DD9A2A /* WorkoutView.swift in Sources */,
				1FC55EFE298776E7002BE892 /* ActionSheet.swift in Sources */,
				29374BA52963C42900664042 /* NShapeSetsTests.swift in Sources */,
				29CE8925296A207B00EFEA53 /* Colors.swift in Sources */,
				1FBA7A2029CF4244007A594F /* ActiveRing.swift in Sources */,
				1F48CEDD29822952006250DB /* CircleGradient.swift in Sources */,
				1F51409A29CFEA5400DD9A2A /* Documentation.docc in Sources */,
				29032C02297C59F200E792B4 /* Typography.swift in Sources */,
				1F8ED2BD29836C7200650696 /* LogoView.swift in Sources */,
				1F14EA1D2A0EE28D009E98A9 /* TimerModels.swift in Sources */,
				1FBFF8642980C5FD0000AF6D /* ProgressBar.swift in Sources */,
				1FC55F0329877A17002BE892 /* ViewExtensions.swift in Sources */,
				1F14EA192A0EE26E009E98A9 /* TotalTimer.swift in Sources */,
				1F0144A029E4E89700C2EA5F /* HapticHelpers.swift in Sources */,
				1FBA7A1C29CF404D007A594F /* Ring.swift in Sources */,
				2978FF21299991E2005A3C3A /* TimeHelpers.swift in Sources */,
				2935B37C2980C14000B66589 /* CustomSlider.swift in Sources */,
				1F14EA152A0B2292009E98A9 /* CountdownTimer.swift in Sources */,
				1F7E965829B4C7CF00CEBDF0 /* ProgressRing.swift in Sources */,
			);
			runOnlyForDeploymentPostprocessing = 0;
		};
		29374BA62963C42900664042 /* Sources */ = {
			isa = PBXSourcesBuildPhase;
			buildActionMask = 2147483647;
			files = (
				1FBA7A0D29CF38F8007A594F /* RestSelector.swift in Sources */,
				2978FF1D299990DC005A3C3A /* InfoBar.swift in Sources */,
				1FBA7A1129CF3A46007A594F /* SetsSelector.swift in Sources */,
				299ACC902995427D00528A48 /* ValueSelector.swift in Sources */,
				294C8AB929B6ACB9000A2BB7 /* WorkoutModels.swift in Sources */,
				1F51409729CFE30200DD9A2A /* WorkoutView.swift in Sources */,
				1FC55EFF298776E7002BE892 /* ActionSheet.swift in Sources */,
				29374BB12963C42900664042 /* NShapeSetsUITestsLaunchTests.swift in Sources */,
				29374BAF2963C42900664042 /* NShapeSetsUITests.swift in Sources */,
				1FBA7A2129CF4244007A594F /* ActiveRing.swift in Sources */,
				1F48CEDE29822952006250DB /* CircleGradient.swift in Sources */,
				1F51409B29CFEA5400DD9A2A /* Documentation.docc in Sources */,
				29032C03297C59F200E792B4 /* Typography.swift in Sources */,
				1F8ED2BE29836C7200650696 /* LogoView.swift in Sources */,
				1F14EA1E2A0EE28D009E98A9 /* TimerModels.swift in Sources */,
				1FBFF8652980C5FD0000AF6D /* ProgressBar.swift in Sources */,
				1FC55F0429877A17002BE892 /* ViewExtensions.swift in Sources */,
				1F14EA1A2A0EE26E009E98A9 /* TotalTimer.swift in Sources */,
				1F0144A129E4E89700C2EA5F /* HapticHelpers.swift in Sources */,
				1FBA7A1D29CF404D007A594F /* Ring.swift in Sources */,
				2978FF22299991E2005A3C3A /* TimeHelpers.swift in Sources */,
				2935B37D2980C14000B66589 /* CustomSlider.swift in Sources */,
				1F14EA162A0B2292009E98A9 /* CountdownTimer.swift in Sources */,
				1F7E965929B4C7CF00CEBDF0 /* ProgressRing.swift in Sources */,
			);
			runOnlyForDeploymentPostprocessing = 0;
		};
/* End PBXSourcesBuildPhase section */

/* Begin PBXTargetDependency section */
		1F2336582AF9CC2500F2597B /* PBXTargetDependency */ = {
			isa = PBXTargetDependency;
			target = 1F2336442AF9CC2400F2597B /* ActiveWorkoutTimerExtension */;
			targetProxy = 1F2336572AF9CC2500F2597B /* PBXContainerItemProxy */;
		};
		1FCAA4CC2A32C04700B9EA07 /* PBXTargetDependency */ = {
			isa = PBXTargetDependency;
			target = 1FCAA4BA2A32C04600B9EA07 /* NShapeSets-watch Watch App */;
			targetProxy = 1FCAA4CB2A32C04700B9EA07 /* PBXContainerItemProxy */;
		};
		1FCAA4D62A32C04700B9EA07 /* PBXTargetDependency */ = {
			isa = PBXTargetDependency;
			target = 1FCAA4BA2A32C04600B9EA07 /* NShapeSets-watch Watch App */;
			targetProxy = 1FCAA4D52A32C04700B9EA07 /* PBXContainerItemProxy */;
		};
		1FCAA4DD2A32C04700B9EA07 /* PBXTargetDependency */ = {
			isa = PBXTargetDependency;
			target = 1FCAA4BA2A32C04600B9EA07 /* NShapeSets-watch Watch App */;
			targetProxy = 1FCAA4DC2A32C04700B9EA07 /* PBXContainerItemProxy */;
		};
		29374BA22963C42900664042 /* PBXTargetDependency */ = {
			isa = PBXTargetDependency;
			target = 29374B8F2963C42700664042 /* NShapeSets */;
			targetProxy = 29374BA12963C42900664042 /* PBXContainerItemProxy */;
		};
		29374BAC2963C42900664042 /* PBXTargetDependency */ = {
			isa = PBXTargetDependency;
			target = 29374B8F2963C42700664042 /* NShapeSets */;
			targetProxy = 29374BAB2963C42900664042 /* PBXContainerItemProxy */;
		};
/* End PBXTargetDependency section */

/* Begin XCBuildConfiguration section */
		1F23365B2AF9CC2500F2597B /* Debug */ = {
			isa = XCBuildConfiguration;
			buildSettings = {
				ASSETCATALOG_COMPILER_GENERATE_SWIFT_ASSET_SYMBOL_EXTENSIONS = YES;
				ASSETCATALOG_COMPILER_GLOBAL_ACCENT_COLOR_NAME = AccentColor;
				ASSETCATALOG_COMPILER_WIDGET_BACKGROUND_COLOR_NAME = WidgetBackground;
				CODE_SIGN_STYLE = Automatic;
				CURRENT_PROJECT_VERSION = 1;
				DEVELOPMENT_TEAM = EWH85CQYYJ;
				ENABLE_USER_SCRIPT_SANDBOXING = YES;
				GCC_C_LANGUAGE_STANDARD = gnu17;
				GENERATE_INFOPLIST_FILE = YES;
				INFOPLIST_FILE = ActiveWorkoutTimer/Info.plist;
				INFOPLIST_KEY_CFBundleDisplayName = ActiveWorkoutTimer;
				INFOPLIST_KEY_NSHumanReadableCopyright = "";
				IPHONEOS_DEPLOYMENT_TARGET = 17.0;
				LD_RUNPATH_SEARCH_PATHS = (
					"$(inherited)",
					"@executable_path/Frameworks",
					"@executable_path/../../Frameworks",
				);
				LOCALIZATION_PREFERS_STRING_CATALOGS = YES;
				MARKETING_VERSION = 1.0;
				PRODUCT_BUNDLE_IDENTIFIER = "com.offensively-bad.NShapeSets.ActiveWorkoutTimer";
				PRODUCT_NAME = "$(TARGET_NAME)";
				SKIP_INSTALL = YES;
				SWIFT_ACTIVE_COMPILATION_CONDITIONS = "DEBUG $(inherited)";
				SWIFT_EMIT_LOC_STRINGS = YES;
				SWIFT_VERSION = 5.0;
				TARGETED_DEVICE_FAMILY = "1,2";
			};
			name = Debug;
		};
		1F23365C2AF9CC2500F2597B /* Release */ = {
			isa = XCBuildConfiguration;
			buildSettings = {
				ASSETCATALOG_COMPILER_GENERATE_SWIFT_ASSET_SYMBOL_EXTENSIONS = YES;
				ASSETCATALOG_COMPILER_GLOBAL_ACCENT_COLOR_NAME = AccentColor;
				ASSETCATALOG_COMPILER_WIDGET_BACKGROUND_COLOR_NAME = WidgetBackground;
				CODE_SIGN_STYLE = Automatic;
				CURRENT_PROJECT_VERSION = 1;
				DEVELOPMENT_TEAM = EWH85CQYYJ;
				ENABLE_USER_SCRIPT_SANDBOXING = YES;
				GCC_C_LANGUAGE_STANDARD = gnu17;
				GENERATE_INFOPLIST_FILE = YES;
				INFOPLIST_FILE = ActiveWorkoutTimer/Info.plist;
				INFOPLIST_KEY_CFBundleDisplayName = ActiveWorkoutTimer;
				INFOPLIST_KEY_NSHumanReadableCopyright = "";
				IPHONEOS_DEPLOYMENT_TARGET = 17.0;
				LD_RUNPATH_SEARCH_PATHS = (
					"$(inherited)",
					"@executable_path/Frameworks",
					"@executable_path/../../Frameworks",
				);
				LOCALIZATION_PREFERS_STRING_CATALOGS = YES;
				MARKETING_VERSION = 1.0;
				PRODUCT_BUNDLE_IDENTIFIER = "com.offensively-bad.NShapeSets.ActiveWorkoutTimer";
				PRODUCT_NAME = "$(TARGET_NAME)";
				SKIP_INSTALL = YES;
				SWIFT_EMIT_LOC_STRINGS = YES;
				SWIFT_VERSION = 5.0;
				TARGETED_DEVICE_FAMILY = "1,2";
			};
			name = Release;
		};
		1FCAA4E02A32C04700B9EA07 /* Debug */ = {
			isa = XCBuildConfiguration;
			buildSettings = {
				ASSETCATALOG_COMPILER_APPICON_NAME = AppIcon;
				ASSETCATALOG_COMPILER_GLOBAL_ACCENT_COLOR_NAME = AccentColor;
				CODE_SIGN_ENTITLEMENTS = "NShapeSets-watch Watch App/NShapeSets-watch Watch App.entitlements";
				CODE_SIGN_STYLE = Automatic;
				CURRENT_PROJECT_VERSION = 1;
				DEVELOPMENT_ASSET_PATHS = "\"NShapeSets-watch Watch App/Preview Content\"";
				DEVELOPMENT_TEAM = EWH85CQYYJ;
				ENABLE_PREVIEWS = YES;
				GENERATE_INFOPLIST_FILE = YES;
				INFOPLIST_FILE = "NShapeSets-watch-Watch-App-Info.plist";
				INFOPLIST_KEY_CFBundleDisplayName = "NShape Sets";
				INFOPLIST_KEY_NSHealthShareUsageDescription = "We need access to your heartrate to track calories burned during a workout.";
				INFOPLIST_KEY_NSHealthUpdateUsageDescription = "We want permission to log a workout towards your Activity goals.";
				INFOPLIST_KEY_UISupportedInterfaceOrientations = "UIInterfaceOrientationPortrait UIInterfaceOrientationPortraitUpsideDown";
				INFOPLIST_KEY_WKCompanionAppBundleIdentifier = "com.offensively-bad.NShapeSets";
				INFOPLIST_KEY_WKRunsIndependentlyOfCompanionApp = YES;
				LD_RUNPATH_SEARCH_PATHS = (
					"$(inherited)",
					"@executable_path/Frameworks",
				);
				MARKETING_VERSION = 2.0.1;
				PRODUCT_BUNDLE_IDENTIFIER = "com.offensively-bad.NShapeSets.watchkitapp";
				PRODUCT_NAME = "$(TARGET_NAME)";
				SDKROOT = watchos;
				SKIP_INSTALL = YES;
				SWIFT_EMIT_LOC_STRINGS = YES;
				SWIFT_VERSION = 5.0;
				TARGETED_DEVICE_FAMILY = 4;
				WATCHOS_DEPLOYMENT_TARGET = 10.0;
			};
			name = Debug;
		};
		1FCAA4E12A32C04700B9EA07 /* Release */ = {
			isa = XCBuildConfiguration;
			buildSettings = {
				ASSETCATALOG_COMPILER_APPICON_NAME = AppIcon;
				ASSETCATALOG_COMPILER_GLOBAL_ACCENT_COLOR_NAME = AccentColor;
				CODE_SIGN_ENTITLEMENTS = "NShapeSets-watch Watch App/NShapeSets-watch Watch App.entitlements";
				CODE_SIGN_STYLE = Automatic;
				CURRENT_PROJECT_VERSION = 1;
				DEVELOPMENT_ASSET_PATHS = "\"NShapeSets-watch Watch App/Preview Content\"";
				DEVELOPMENT_TEAM = EWH85CQYYJ;
				ENABLE_PREVIEWS = YES;
				GENERATE_INFOPLIST_FILE = YES;
				INFOPLIST_FILE = "NShapeSets-watch-Watch-App-Info.plist";
				INFOPLIST_KEY_CFBundleDisplayName = "NShape Sets";
				INFOPLIST_KEY_NSHealthShareUsageDescription = "We need access to your heartrate to track calories burned during a workout.";
				INFOPLIST_KEY_NSHealthUpdateUsageDescription = "We want permission to log a workout towards your Activity goals.";
				INFOPLIST_KEY_UISupportedInterfaceOrientations = "UIInterfaceOrientationPortrait UIInterfaceOrientationPortraitUpsideDown";
				INFOPLIST_KEY_WKCompanionAppBundleIdentifier = "com.offensively-bad.NShapeSets";
				INFOPLIST_KEY_WKRunsIndependentlyOfCompanionApp = YES;
				LD_RUNPATH_SEARCH_PATHS = (
					"$(inherited)",
					"@executable_path/Frameworks",
				);
				MARKETING_VERSION = 2.0.1;
				PRODUCT_BUNDLE_IDENTIFIER = "com.offensively-bad.NShapeSets.watchkitapp";
				PRODUCT_NAME = "$(TARGET_NAME)";
				SDKROOT = watchos;
				SKIP_INSTALL = YES;
				SWIFT_EMIT_LOC_STRINGS = YES;
				SWIFT_VERSION = 5.0;
				TARGETED_DEVICE_FAMILY = 4;
				WATCHOS_DEPLOYMENT_TARGET = 10.0;
			};
			name = Release;
		};
		1FCAA4E22A32C04700B9EA07 /* Debug */ = {
			isa = XCBuildConfiguration;
			buildSettings = {
				ALWAYS_EMBED_SWIFT_STANDARD_LIBRARIES = YES;
				BUNDLE_LOADER = "$(TEST_HOST)";
				CODE_SIGN_STYLE = Automatic;
				CURRENT_PROJECT_VERSION = 1;
				DEVELOPMENT_TEAM = EWH85CQYYJ;
				GENERATE_INFOPLIST_FILE = YES;
				MARKETING_VERSION = 1.0;
				PRODUCT_BUNDLE_IDENTIFIER = "com.offensively-bad.NShapeSets-watch-Watch-AppTests";
				PRODUCT_NAME = "$(TARGET_NAME)";
				SDKROOT = watchos;
				SWIFT_EMIT_LOC_STRINGS = NO;
				SWIFT_VERSION = 5.0;
				TARGETED_DEVICE_FAMILY = 4;
				TEST_HOST = "$(BUILT_PRODUCTS_DIR)/NShapeSets-watch Watch App.app/$(BUNDLE_EXECUTABLE_FOLDER_PATH)/NShapeSets-watch Watch App";
				WATCHOS_DEPLOYMENT_TARGET = 10.0;
			};
			name = Debug;
		};
		1FCAA4E32A32C04700B9EA07 /* Release */ = {
			isa = XCBuildConfiguration;
			buildSettings = {
				ALWAYS_EMBED_SWIFT_STANDARD_LIBRARIES = YES;
				BUNDLE_LOADER = "$(TEST_HOST)";
				CODE_SIGN_STYLE = Automatic;
				CURRENT_PROJECT_VERSION = 1;
				DEVELOPMENT_TEAM = EWH85CQYYJ;
				GENERATE_INFOPLIST_FILE = YES;
				MARKETING_VERSION = 1.0;
				PRODUCT_BUNDLE_IDENTIFIER = "com.offensively-bad.NShapeSets-watch-Watch-AppTests";
				PRODUCT_NAME = "$(TARGET_NAME)";
				SDKROOT = watchos;
				SWIFT_EMIT_LOC_STRINGS = NO;
				SWIFT_VERSION = 5.0;
				TARGETED_DEVICE_FAMILY = 4;
				TEST_HOST = "$(BUILT_PRODUCTS_DIR)/NShapeSets-watch Watch App.app/$(BUNDLE_EXECUTABLE_FOLDER_PATH)/NShapeSets-watch Watch App";
				WATCHOS_DEPLOYMENT_TARGET = 10.0;
			};
			name = Release;
		};
		1FCAA4E42A32C04700B9EA07 /* Debug */ = {
			isa = XCBuildConfiguration;
			buildSettings = {
				ALWAYS_EMBED_SWIFT_STANDARD_LIBRARIES = YES;
				CODE_SIGN_STYLE = Automatic;
				CURRENT_PROJECT_VERSION = 1;
				DEVELOPMENT_TEAM = EWH85CQYYJ;
				GENERATE_INFOPLIST_FILE = YES;
				MARKETING_VERSION = 1.0;
				PRODUCT_BUNDLE_IDENTIFIER = "com.offensively-bad.NShapeSets-watch-Watch-AppUITests";
				PRODUCT_NAME = "$(TARGET_NAME)";
				SDKROOT = watchos;
				SWIFT_EMIT_LOC_STRINGS = NO;
				SWIFT_VERSION = 5.0;
				TARGETED_DEVICE_FAMILY = 4;
				TEST_TARGET_NAME = "NShapeSets-watch Watch App";
				WATCHOS_DEPLOYMENT_TARGET = 10.0;
			};
			name = Debug;
		};
		1FCAA4E52A32C04700B9EA07 /* Release */ = {
			isa = XCBuildConfiguration;
			buildSettings = {
				ALWAYS_EMBED_SWIFT_STANDARD_LIBRARIES = YES;
				CODE_SIGN_STYLE = Automatic;
				CURRENT_PROJECT_VERSION = 1;
				DEVELOPMENT_TEAM = EWH85CQYYJ;
				GENERATE_INFOPLIST_FILE = YES;
				MARKETING_VERSION = 1.0;
				PRODUCT_BUNDLE_IDENTIFIER = "com.offensively-bad.NShapeSets-watch-Watch-AppUITests";
				PRODUCT_NAME = "$(TARGET_NAME)";
				SDKROOT = watchos;
				SWIFT_EMIT_LOC_STRINGS = NO;
				SWIFT_VERSION = 5.0;
				TARGETED_DEVICE_FAMILY = 4;
				TEST_TARGET_NAME = "NShapeSets-watch Watch App";
				WATCHOS_DEPLOYMENT_TARGET = 10.0;
			};
			name = Release;
		};
		29374BB22963C42900664042 /* Debug */ = {
			isa = XCBuildConfiguration;
			buildSettings = {
				ALWAYS_SEARCH_USER_PATHS = NO;
				CLANG_ANALYZER_NONNULL = YES;
				CLANG_ANALYZER_NUMBER_OBJECT_CONVERSION = YES_AGGRESSIVE;
				CLANG_CXX_LANGUAGE_STANDARD = "gnu++20";
				CLANG_ENABLE_MODULES = YES;
				CLANG_ENABLE_OBJC_ARC = YES;
				CLANG_ENABLE_OBJC_WEAK = YES;
				CLANG_WARN_BLOCK_CAPTURE_AUTORELEASING = YES;
				CLANG_WARN_BOOL_CONVERSION = YES;
				CLANG_WARN_COMMA = YES;
				CLANG_WARN_CONSTANT_CONVERSION = YES;
				CLANG_WARN_DEPRECATED_OBJC_IMPLEMENTATIONS = YES;
				CLANG_WARN_DIRECT_OBJC_ISA_USAGE = YES_ERROR;
				CLANG_WARN_DOCUMENTATION_COMMENTS = YES;
				CLANG_WARN_EMPTY_BODY = YES;
				CLANG_WARN_ENUM_CONVERSION = YES;
				CLANG_WARN_INFINITE_RECURSION = YES;
				CLANG_WARN_INT_CONVERSION = YES;
				CLANG_WARN_NON_LITERAL_NULL_CONVERSION = YES;
				CLANG_WARN_OBJC_IMPLICIT_RETAIN_SELF = YES;
				CLANG_WARN_OBJC_LITERAL_CONVERSION = YES;
				CLANG_WARN_OBJC_ROOT_CLASS = YES_ERROR;
				CLANG_WARN_QUOTED_INCLUDE_IN_FRAMEWORK_HEADER = YES;
				CLANG_WARN_RANGE_LOOP_ANALYSIS = YES;
				CLANG_WARN_STRICT_PROTOTYPES = YES;
				CLANG_WARN_SUSPICIOUS_MOVE = YES;
				CLANG_WARN_UNGUARDED_AVAILABILITY = YES_AGGRESSIVE;
				CLANG_WARN_UNREACHABLE_CODE = YES;
				CLANG_WARN__DUPLICATE_METHOD_MATCH = YES;
				COPY_PHASE_STRIP = NO;
				DEBUG_INFORMATION_FORMAT = dwarf;
				ENABLE_STRICT_OBJC_MSGSEND = YES;
				ENABLE_TESTABILITY = YES;
				GCC_C_LANGUAGE_STANDARD = gnu11;
				GCC_DYNAMIC_NO_PIC = NO;
				GCC_NO_COMMON_BLOCKS = YES;
				GCC_OPTIMIZATION_LEVEL = 0;
				GCC_PREPROCESSOR_DEFINITIONS = (
					"DEBUG=1",
					"$(inherited)",
				);
				GCC_WARN_64_TO_32_BIT_CONVERSION = YES;
				GCC_WARN_ABOUT_RETURN_TYPE = YES_ERROR;
				GCC_WARN_UNDECLARED_SELECTOR = YES;
				GCC_WARN_UNINITIALIZED_AUTOS = YES_AGGRESSIVE;
				GCC_WARN_UNUSED_FUNCTION = YES;
				GCC_WARN_UNUSED_VARIABLE = YES;
				IPHONEOS_DEPLOYMENT_TARGET = 16.2;
				MTL_ENABLE_DEBUG_INFO = INCLUDE_SOURCE;
				MTL_FAST_MATH = YES;
				ONLY_ACTIVE_ARCH = YES;
				SDKROOT = iphoneos;
				SWIFT_ACTIVE_COMPILATION_CONDITIONS = DEBUG;
				SWIFT_OPTIMIZATION_LEVEL = "-Onone";
			};
			name = Debug;
		};
		29374BB32963C42900664042 /* Release */ = {
			isa = XCBuildConfiguration;
			buildSettings = {
				ALWAYS_SEARCH_USER_PATHS = NO;
				CLANG_ANALYZER_NONNULL = YES;
				CLANG_ANALYZER_NUMBER_OBJECT_CONVERSION = YES_AGGRESSIVE;
				CLANG_CXX_LANGUAGE_STANDARD = "gnu++20";
				CLANG_ENABLE_MODULES = YES;
				CLANG_ENABLE_OBJC_ARC = YES;
				CLANG_ENABLE_OBJC_WEAK = YES;
				CLANG_WARN_BLOCK_CAPTURE_AUTORELEASING = YES;
				CLANG_WARN_BOOL_CONVERSION = YES;
				CLANG_WARN_COMMA = YES;
				CLANG_WARN_CONSTANT_CONVERSION = YES;
				CLANG_WARN_DEPRECATED_OBJC_IMPLEMENTATIONS = YES;
				CLANG_WARN_DIRECT_OBJC_ISA_USAGE = YES_ERROR;
				CLANG_WARN_DOCUMENTATION_COMMENTS = YES;
				CLANG_WARN_EMPTY_BODY = YES;
				CLANG_WARN_ENUM_CONVERSION = YES;
				CLANG_WARN_INFINITE_RECURSION = YES;
				CLANG_WARN_INT_CONVERSION = YES;
				CLANG_WARN_NON_LITERAL_NULL_CONVERSION = YES;
				CLANG_WARN_OBJC_IMPLICIT_RETAIN_SELF = YES;
				CLANG_WARN_OBJC_LITERAL_CONVERSION = YES;
				CLANG_WARN_OBJC_ROOT_CLASS = YES_ERROR;
				CLANG_WARN_QUOTED_INCLUDE_IN_FRAMEWORK_HEADER = YES;
				CLANG_WARN_RANGE_LOOP_ANALYSIS = YES;
				CLANG_WARN_STRICT_PROTOTYPES = YES;
				CLANG_WARN_SUSPICIOUS_MOVE = YES;
				CLANG_WARN_UNGUARDED_AVAILABILITY = YES_AGGRESSIVE;
				CLANG_WARN_UNREACHABLE_CODE = YES;
				CLANG_WARN__DUPLICATE_METHOD_MATCH = YES;
				COPY_PHASE_STRIP = NO;
				DEBUG_INFORMATION_FORMAT = "dwarf-with-dsym";
				ENABLE_NS_ASSERTIONS = NO;
				ENABLE_STRICT_OBJC_MSGSEND = YES;
				GCC_C_LANGUAGE_STANDARD = gnu11;
				GCC_NO_COMMON_BLOCKS = YES;
				GCC_WARN_64_TO_32_BIT_CONVERSION = YES;
				GCC_WARN_ABOUT_RETURN_TYPE = YES_ERROR;
				GCC_WARN_UNDECLARED_SELECTOR = YES;
				GCC_WARN_UNINITIALIZED_AUTOS = YES_AGGRESSIVE;
				GCC_WARN_UNUSED_FUNCTION = YES;
				GCC_WARN_UNUSED_VARIABLE = YES;
				IPHONEOS_DEPLOYMENT_TARGET = 16.2;
				MTL_ENABLE_DEBUG_INFO = NO;
				MTL_FAST_MATH = YES;
				SDKROOT = iphoneos;
				SWIFT_COMPILATION_MODE = wholemodule;
				SWIFT_OPTIMIZATION_LEVEL = "-O";
				VALIDATE_PRODUCT = YES;
			};
			name = Release;
		};
		29374BB52963C42900664042 /* Debug */ = {
			isa = XCBuildConfiguration;
			buildSettings = {
				ALWAYS_EMBED_SWIFT_STANDARD_LIBRARIES = YES;
				ASSETCATALOG_COMPILER_APPICON_NAME = AppIcon;
				ASSETCATALOG_COMPILER_GLOBAL_ACCENT_COLOR_NAME = AccentColor;
				CODE_SIGN_ENTITLEMENTS = NShapeSets/NShapeSets.entitlements;
				CODE_SIGN_STYLE = Automatic;
				CURRENT_PROJECT_VERSION = 1;
				DEVELOPMENT_ASSET_PATHS = "\"NShapeSets/Preview Content\"";
				DEVELOPMENT_TEAM = EWH85CQYYJ;
				ENABLE_PREVIEWS = YES;
				GENERATE_INFOPLIST_FILE = YES;
				INFOPLIST_FILE = NShapeSets/Info.plist;
				INFOPLIST_KEY_CFBundleDisplayName = "NShape Sets";
				INFOPLIST_KEY_LSApplicationCategoryType = "public.app-category.healthcare-fitness";
				INFOPLIST_KEY_NSHealthShareUsageDescription = "We need access to your heartrate to track calories burned during a workout.";
				INFOPLIST_KEY_NSHealthUpdateUsageDescription = "We want permission to log a workout towards your Activity goals.";
				INFOPLIST_KEY_NSSupportsLiveActivities = YES;
				INFOPLIST_KEY_UIApplicationSceneManifest_Generation = YES;
				INFOPLIST_KEY_UIApplicationSupportsIndirectInputEvents = YES;
				INFOPLIST_KEY_UILaunchScreen_Generation = YES;
				INFOPLIST_KEY_UILaunchStoryboardName = "Launch Screen.storyboard";
				INFOPLIST_KEY_UISupportedInterfaceOrientations = UIInterfaceOrientationPortrait;
				INFOPLIST_KEY_UISupportedInterfaceOrientations_iPad = "UIInterfaceOrientationLandscapeLeft UIInterfaceOrientationLandscapeRight UIInterfaceOrientationPortrait UIInterfaceOrientationPortraitUpsideDown";
				IPHONEOS_DEPLOYMENT_TARGET = 17.0;
				LD_RUNPATH_SEARCH_PATHS = (
					"$(inherited)",
					"@executable_path/Frameworks",
				);
				MARKETING_VERSION = 2.0.3;
				PRODUCT_BUNDLE_IDENTIFIER = "com.offensively-bad.NShapeSets";
				PRODUCT_NAME = "$(TARGET_NAME)";
				SWIFT_EMIT_LOC_STRINGS = YES;
				SWIFT_VERSION = 5.0;
				TARGETED_DEVICE_FAMILY = "1,2";
			};
			name = Debug;
		};
		29374BB62963C42900664042 /* Release */ = {
			isa = XCBuildConfiguration;
			buildSettings = {
				ALWAYS_EMBED_SWIFT_STANDARD_LIBRARIES = YES;
				ASSETCATALOG_COMPILER_APPICON_NAME = AppIcon;
				ASSETCATALOG_COMPILER_GLOBAL_ACCENT_COLOR_NAME = AccentColor;
				CODE_SIGN_ENTITLEMENTS = NShapeSets/NShapeSets.entitlements;
				CODE_SIGN_STYLE = Automatic;
				CURRENT_PROJECT_VERSION = 1;
				DEVELOPMENT_ASSET_PATHS = "\"NShapeSets/Preview Content\"";
				DEVELOPMENT_TEAM = EWH85CQYYJ;
				ENABLE_PREVIEWS = YES;
				GENERATE_INFOPLIST_FILE = YES;
				INFOPLIST_FILE = NShapeSets/Info.plist;
				INFOPLIST_KEY_CFBundleDisplayName = "NShape Sets";
				INFOPLIST_KEY_LSApplicationCategoryType = "public.app-category.healthcare-fitness";
				INFOPLIST_KEY_NSHealthShareUsageDescription = "We need access to your heartrate to track calories burned during a workout.";
				INFOPLIST_KEY_NSHealthUpdateUsageDescription = "We want permission to log a workout towards your Activity goals.";
				INFOPLIST_KEY_NSSupportsLiveActivities = YES;
				INFOPLIST_KEY_UIApplicationSceneManifest_Generation = YES;
				INFOPLIST_KEY_UIApplicationSupportsIndirectInputEvents = YES;
				INFOPLIST_KEY_UILaunchScreen_Generation = YES;
				INFOPLIST_KEY_UILaunchStoryboardName = "Launch Screen.storyboard";
				INFOPLIST_KEY_UISupportedInterfaceOrientations = UIInterfaceOrientationPortrait;
				INFOPLIST_KEY_UISupportedInterfaceOrientations_iPad = "UIInterfaceOrientationLandscapeLeft UIInterfaceOrientationLandscapeRight UIInterfaceOrientationPortrait UIInterfaceOrientationPortraitUpsideDown";
				IPHONEOS_DEPLOYMENT_TARGET = 17.0;
				LD_RUNPATH_SEARCH_PATHS = (
					"$(inherited)",
					"@executable_path/Frameworks",
				);
				MARKETING_VERSION = 2.0.3;
				PRODUCT_BUNDLE_IDENTIFIER = "com.offensively-bad.NShapeSets";
				PRODUCT_NAME = "$(TARGET_NAME)";
				SWIFT_EMIT_LOC_STRINGS = YES;
				SWIFT_VERSION = 5.0;
				TARGETED_DEVICE_FAMILY = "1,2";
			};
			name = Release;
		};
		29374BB82963C42900664042 /* Debug */ = {
			isa = XCBuildConfiguration;
			buildSettings = {
				ALWAYS_EMBED_SWIFT_STANDARD_LIBRARIES = YES;
				BUNDLE_LOADER = "$(TEST_HOST)";
				CODE_SIGN_STYLE = Automatic;
				CURRENT_PROJECT_VERSION = 1;
				DEVELOPMENT_TEAM = EWH85CQYYJ;
				GENERATE_INFOPLIST_FILE = YES;
				IPHONEOS_DEPLOYMENT_TARGET = 16.2;
				MARKETING_VERSION = 1.0;
				PRODUCT_BUNDLE_IDENTIFIER = "com.offensively-bad.NShapeSetsTests";
				PRODUCT_NAME = "$(TARGET_NAME)";
				SWIFT_EMIT_LOC_STRINGS = NO;
				SWIFT_VERSION = 5.0;
				TARGETED_DEVICE_FAMILY = "1,2";
				TEST_HOST = "$(BUILT_PRODUCTS_DIR)/NShapeSets.app/$(BUNDLE_EXECUTABLE_FOLDER_PATH)/NShapeSets";
			};
			name = Debug;
		};
		29374BB92963C42900664042 /* Release */ = {
			isa = XCBuildConfiguration;
			buildSettings = {
				ALWAYS_EMBED_SWIFT_STANDARD_LIBRARIES = YES;
				BUNDLE_LOADER = "$(TEST_HOST)";
				CODE_SIGN_STYLE = Automatic;
				CURRENT_PROJECT_VERSION = 1;
				DEVELOPMENT_TEAM = EWH85CQYYJ;
				GENERATE_INFOPLIST_FILE = YES;
				IPHONEOS_DEPLOYMENT_TARGET = 16.2;
				MARKETING_VERSION = 1.0;
				PRODUCT_BUNDLE_IDENTIFIER = "com.offensively-bad.NShapeSetsTests";
				PRODUCT_NAME = "$(TARGET_NAME)";
				SWIFT_EMIT_LOC_STRINGS = NO;
				SWIFT_VERSION = 5.0;
				TARGETED_DEVICE_FAMILY = "1,2";
				TEST_HOST = "$(BUILT_PRODUCTS_DIR)/NShapeSets.app/$(BUNDLE_EXECUTABLE_FOLDER_PATH)/NShapeSets";
			};
			name = Release;
		};
		29374BBB2963C42900664042 /* Debug */ = {
			isa = XCBuildConfiguration;
			buildSettings = {
				ALWAYS_EMBED_SWIFT_STANDARD_LIBRARIES = YES;
				CODE_SIGN_STYLE = Automatic;
				CURRENT_PROJECT_VERSION = 1;
				DEVELOPMENT_TEAM = EWH85CQYYJ;
				GENERATE_INFOPLIST_FILE = YES;
				MARKETING_VERSION = 1.0;
				PRODUCT_BUNDLE_IDENTIFIER = "com.offensively-bad.NShapeSetsUITests";
				PRODUCT_NAME = "$(TARGET_NAME)";
				SWIFT_EMIT_LOC_STRINGS = NO;
				SWIFT_VERSION = 5.0;
				TARGETED_DEVICE_FAMILY = "1,2";
				TEST_TARGET_NAME = NShapeSets;
			};
			name = Debug;
		};
		29374BBC2963C42900664042 /* Release */ = {
			isa = XCBuildConfiguration;
			buildSettings = {
				ALWAYS_EMBED_SWIFT_STANDARD_LIBRARIES = YES;
				CODE_SIGN_STYLE = Automatic;
				CURRENT_PROJECT_VERSION = 1;
				DEVELOPMENT_TEAM = EWH85CQYYJ;
				GENERATE_INFOPLIST_FILE = YES;
				MARKETING_VERSION = 1.0;
				PRODUCT_BUNDLE_IDENTIFIER = "com.offensively-bad.NShapeSetsUITests";
				PRODUCT_NAME = "$(TARGET_NAME)";
				SWIFT_EMIT_LOC_STRINGS = NO;
				SWIFT_VERSION = 5.0;
				TARGETED_DEVICE_FAMILY = "1,2";
				TEST_TARGET_NAME = NShapeSets;
			};
			name = Release;
		};
/* End XCBuildConfiguration section */

/* Begin XCConfigurationList section */
		1F23365A2AF9CC2500F2597B /* Build configuration list for PBXNativeTarget "ActiveWorkoutTimerExtension" */ = {
			isa = XCConfigurationList;
			buildConfigurations = (
				1F23365B2AF9CC2500F2597B /* Debug */,
				1F23365C2AF9CC2500F2597B /* Release */,
			);
			defaultConfigurationIsVisible = 0;
			defaultConfigurationName = Release;
		};
		1FCAA4E62A32C04700B9EA07 /* Build configuration list for PBXNativeTarget "NShapeSets-watch Watch App" */ = {
			isa = XCConfigurationList;
			buildConfigurations = (
				1FCAA4E02A32C04700B9EA07 /* Debug */,
				1FCAA4E12A32C04700B9EA07 /* Release */,
			);
			defaultConfigurationIsVisible = 0;
			defaultConfigurationName = Release;
		};
		1FCAA4E72A32C04700B9EA07 /* Build configuration list for PBXNativeTarget "NShapeSets-watch Watch AppTests" */ = {
			isa = XCConfigurationList;
			buildConfigurations = (
				1FCAA4E22A32C04700B9EA07 /* Debug */,
				1FCAA4E32A32C04700B9EA07 /* Release */,
			);
			defaultConfigurationIsVisible = 0;
			defaultConfigurationName = Release;
		};
		1FCAA4E82A32C04700B9EA07 /* Build configuration list for PBXNativeTarget "NShapeSets-watch Watch AppUITests" */ = {
			isa = XCConfigurationList;
			buildConfigurations = (
				1FCAA4E42A32C04700B9EA07 /* Debug */,
				1FCAA4E52A32C04700B9EA07 /* Release */,
			);
			defaultConfigurationIsVisible = 0;
			defaultConfigurationName = Release;
		};
		29374B8B2963C42700664042 /* Build configuration list for PBXProject "NShapeSets" */ = {
			isa = XCConfigurationList;
			buildConfigurations = (
				29374BB22963C42900664042 /* Debug */,
				29374BB32963C42900664042 /* Release */,
			);
			defaultConfigurationIsVisible = 0;
			defaultConfigurationName = Release;
		};
		29374BB42963C42900664042 /* Build configuration list for PBXNativeTarget "NShapeSets" */ = {
			isa = XCConfigurationList;
			buildConfigurations = (
				29374BB52963C42900664042 /* Debug */,
				29374BB62963C42900664042 /* Release */,
			);
			defaultConfigurationIsVisible = 0;
			defaultConfigurationName = Release;
		};
		29374BB72963C42900664042 /* Build configuration list for PBXNativeTarget "NShapeSetsTests" */ = {
			isa = XCConfigurationList;
			buildConfigurations = (
				29374BB82963C42900664042 /* Debug */,
				29374BB92963C42900664042 /* Release */,
			);
			defaultConfigurationIsVisible = 0;
			defaultConfigurationName = Release;
		};
		29374BBA2963C42900664042 /* Build configuration list for PBXNativeTarget "NShapeSetsUITests" */ = {
			isa = XCConfigurationList;
			buildConfigurations = (
				29374BBB2963C42900664042 /* Debug */,
				29374BBC2963C42900664042 /* Release */,
			);
			defaultConfigurationIsVisible = 0;
			defaultConfigurationName = Release;
		};
/* End XCConfigurationList section */
	};
	rootObject = 29374B882963C42700664042 /* Project object */;
}
