// !$*UTF8*$!
{
	archiveVersion = 1;
	classes = {
	};
	objectVersion = 56;
	objects = {

/* Begin PBXBuildFile section */
		1F305F7F2980CD29008194E5 /* PrimaryButton.swift in Sources */ = {isa = PBXBuildFile; fileRef = 1F305F7E2980CD29008194E5 /* PrimaryButton.swift */; };
		1F305F802980CD29008194E5 /* PrimaryButton.swift in Sources */ = {isa = PBXBuildFile; fileRef = 1F305F7E2980CD29008194E5 /* PrimaryButton.swift */; };
		1F305F812980CD29008194E5 /* PrimaryButton.swift in Sources */ = {isa = PBXBuildFile; fileRef = 1F305F7E2980CD29008194E5 /* PrimaryButton.swift */; };
		1F48CEDC29822952006250DB /* CircleGradient.swift in Sources */ = {isa = PBXBuildFile; fileRef = 1F48CEDB29822952006250DB /* CircleGradient.swift */; };
		1F48CEDD29822952006250DB /* CircleGradient.swift in Sources */ = {isa = PBXBuildFile; fileRef = 1F48CEDB29822952006250DB /* CircleGradient.swift */; };
		1F48CEDE29822952006250DB /* CircleGradient.swift in Sources */ = {isa = PBXBuildFile; fileRef = 1F48CEDB29822952006250DB /* CircleGradient.swift */; };
		1F7E965729B4C7CF00CEBDF0 /* ProgressRing.swift in Sources */ = {isa = PBXBuildFile; fileRef = 1F7E965629B4C7CF00CEBDF0 /* ProgressRing.swift */; };
		1F7E965829B4C7CF00CEBDF0 /* ProgressRing.swift in Sources */ = {isa = PBXBuildFile; fileRef = 1F7E965629B4C7CF00CEBDF0 /* ProgressRing.swift */; };
		1F7E965929B4C7CF00CEBDF0 /* ProgressRing.swift in Sources */ = {isa = PBXBuildFile; fileRef = 1F7E965629B4C7CF00CEBDF0 /* ProgressRing.swift */; };
		1F8ED2BC29836C7200650696 /* LogoView.swift in Sources */ = {isa = PBXBuildFile; fileRef = 1F8ED2BB29836C7200650696 /* LogoView.swift */; };
		1F8ED2BD29836C7200650696 /* LogoView.swift in Sources */ = {isa = PBXBuildFile; fileRef = 1F8ED2BB29836C7200650696 /* LogoView.swift */; };
		1F8ED2BE29836C7200650696 /* LogoView.swift in Sources */ = {isa = PBXBuildFile; fileRef = 1F8ED2BB29836C7200650696 /* LogoView.swift */; };
		1FBFF8632980C5FD0000AF6D /* ProgressBar.swift in Sources */ = {isa = PBXBuildFile; fileRef = 1FBFF8622980C5FD0000AF6D /* ProgressBar.swift */; };
		1FBFF8642980C5FD0000AF6D /* ProgressBar.swift in Sources */ = {isa = PBXBuildFile; fileRef = 1FBFF8622980C5FD0000AF6D /* ProgressBar.swift */; };
		1FBFF8652980C5FD0000AF6D /* ProgressBar.swift in Sources */ = {isa = PBXBuildFile; fileRef = 1FBFF8622980C5FD0000AF6D /* ProgressBar.swift */; };
		1FC55EFD298776E7002BE892 /* ActionSheet.swift in Sources */ = {isa = PBXBuildFile; fileRef = 1FC55EFC298776E7002BE892 /* ActionSheet.swift */; };
		1FC55EFE298776E7002BE892 /* ActionSheet.swift in Sources */ = {isa = PBXBuildFile; fileRef = 1FC55EFC298776E7002BE892 /* ActionSheet.swift */; };
		1FC55EFF298776E7002BE892 /* ActionSheet.swift in Sources */ = {isa = PBXBuildFile; fileRef = 1FC55EFC298776E7002BE892 /* ActionSheet.swift */; };
		1FC55F0229877A17002BE892 /* ViewExtensions.swift in Sources */ = {isa = PBXBuildFile; fileRef = 1FC55F0129877A17002BE892 /* ViewExtensions.swift */; };
		1FC55F0329877A17002BE892 /* ViewExtensions.swift in Sources */ = {isa = PBXBuildFile; fileRef = 1FC55F0129877A17002BE892 /* ViewExtensions.swift */; };
		1FC55F0429877A17002BE892 /* ViewExtensions.swift in Sources */ = {isa = PBXBuildFile; fileRef = 1FC55F0129877A17002BE892 /* ViewExtensions.swift */; };
		29032C01297C59F200E792B4 /* Typography.swift in Sources */ = {isa = PBXBuildFile; fileRef = 29032C00297C59F200E792B4 /* Typography.swift */; };
		29032C02297C59F200E792B4 /* Typography.swift in Sources */ = {isa = PBXBuildFile; fileRef = 29032C00297C59F200E792B4 /* Typography.swift */; };
		29032C03297C59F200E792B4 /* Typography.swift in Sources */ = {isa = PBXBuildFile; fileRef = 29032C00297C59F200E792B4 /* Typography.swift */; };
		2935B3722980B92800B66589 /* AXR ArcadeMachine.ttf in Resources */ = {isa = PBXBuildFile; fileRef = 2935B3712980B92800B66589 /* AXR ArcadeMachine.ttf */; };
		2935B3732980B92800B66589 /* AXR ArcadeMachine.ttf in Resources */ = {isa = PBXBuildFile; fileRef = 2935B3712980B92800B66589 /* AXR ArcadeMachine.ttf */; };
		2935B3742980B92800B66589 /* AXR ArcadeMachine.ttf in Resources */ = {isa = PBXBuildFile; fileRef = 2935B3712980B92800B66589 /* AXR ArcadeMachine.ttf */; };
		2935B3772980BDBD00B66589 /* NSlider.swift in Sources */ = {isa = PBXBuildFile; fileRef = 2935B3762980BDBD00B66589 /* NSlider.swift */; };
		2935B37B2980C14000B66589 /* CustomSlider.swift in Sources */ = {isa = PBXBuildFile; fileRef = 2935B37A2980C14000B66589 /* CustomSlider.swift */; };
		2935B37C2980C14000B66589 /* CustomSlider.swift in Sources */ = {isa = PBXBuildFile; fileRef = 2935B37A2980C14000B66589 /* CustomSlider.swift */; };
		2935B37D2980C14000B66589 /* CustomSlider.swift in Sources */ = {isa = PBXBuildFile; fileRef = 2935B37A2980C14000B66589 /* CustomSlider.swift */; };
		29374B942963C42700664042 /* NShapeSetsApp.swift in Sources */ = {isa = PBXBuildFile; fileRef = 29374B932963C42700664042 /* NShapeSetsApp.swift */; };
		29374B962963C42700664042 /* ContentView.swift in Sources */ = {isa = PBXBuildFile; fileRef = 29374B952963C42700664042 /* ContentView.swift */; };
		29374B982963C42900664042 /* Assets.xcassets in Resources */ = {isa = PBXBuildFile; fileRef = 29374B972963C42900664042 /* Assets.xcassets */; };
		29374B9B2963C42900664042 /* Preview Assets.xcassets in Resources */ = {isa = PBXBuildFile; fileRef = 29374B9A2963C42900664042 /* Preview Assets.xcassets */; };
		29374BA52963C42900664042 /* NShapeSetsTests.swift in Sources */ = {isa = PBXBuildFile; fileRef = 29374BA42963C42900664042 /* NShapeSetsTests.swift */; };
		29374BAF2963C42900664042 /* NShapeSetsUITests.swift in Sources */ = {isa = PBXBuildFile; fileRef = 29374BAE2963C42900664042 /* NShapeSetsUITests.swift */; };
		29374BB12963C42900664042 /* NShapeSetsUITestsLaunchTests.swift in Sources */ = {isa = PBXBuildFile; fileRef = 29374BB02963C42900664042 /* NShapeSetsUITestsLaunchTests.swift */; };
		29374BC02963CBB900664042 /* BackgroundGradient.swift in Sources */ = {isa = PBXBuildFile; fileRef = 29374BBF2963CBB900664042 /* BackgroundGradient.swift */; };
		294C8AB729B6ACB9000A2BB7 /* Workout.swift in Sources */ = {isa = PBXBuildFile; fileRef = 294C8AB629B6ACB9000A2BB7 /* Workout.swift */; };
		294C8AB829B6ACB9000A2BB7 /* Workout.swift in Sources */ = {isa = PBXBuildFile; fileRef = 294C8AB629B6ACB9000A2BB7 /* Workout.swift */; };
		294C8AB929B6ACB9000A2BB7 /* Workout.swift in Sources */ = {isa = PBXBuildFile; fileRef = 294C8AB629B6ACB9000A2BB7 /* Workout.swift */; };
		2978FF1B299990DC005A3C3A /* InfoBar.swift in Sources */ = {isa = PBXBuildFile; fileRef = 2978FF1A299990DC005A3C3A /* InfoBar.swift */; };
		2978FF1C299990DC005A3C3A /* InfoBar.swift in Sources */ = {isa = PBXBuildFile; fileRef = 2978FF1A299990DC005A3C3A /* InfoBar.swift */; };
		2978FF1D299990DC005A3C3A /* InfoBar.swift in Sources */ = {isa = PBXBuildFile; fileRef = 2978FF1A299990DC005A3C3A /* InfoBar.swift */; };
		2978FF20299991E2005A3C3A /* TimeHelpers.swift in Sources */ = {isa = PBXBuildFile; fileRef = 2978FF1F299991E2005A3C3A /* TimeHelpers.swift */; };
		2978FF21299991E2005A3C3A /* TimeHelpers.swift in Sources */ = {isa = PBXBuildFile; fileRef = 2978FF1F299991E2005A3C3A /* TimeHelpers.swift */; };
		2978FF22299991E2005A3C3A /* TimeHelpers.swift in Sources */ = {isa = PBXBuildFile; fileRef = 2978FF1F299991E2005A3C3A /* TimeHelpers.swift */; };
		299ACC8E2995427D00528A48 /* ValueSelector.swift in Sources */ = {isa = PBXBuildFile; fileRef = 299ACC8D2995427D00528A48 /* ValueSelector.swift */; };
		299ACC8F2995427D00528A48 /* ValueSelector.swift in Sources */ = {isa = PBXBuildFile; fileRef = 299ACC8D2995427D00528A48 /* ValueSelector.swift */; };
		299ACC902995427D00528A48 /* ValueSelector.swift in Sources */ = {isa = PBXBuildFile; fileRef = 299ACC8D2995427D00528A48 /* ValueSelector.swift */; };
		29CE61C6298D60C20084A713 /* SetupActionSheet.swift in Sources */ = {isa = PBXBuildFile; fileRef = 29CE61C5298D60C20084A713 /* SetupActionSheet.swift */; };
		29CE61C7298D60C20084A713 /* SetupActionSheet.swift in Sources */ = {isa = PBXBuildFile; fileRef = 29CE61C5298D60C20084A713 /* SetupActionSheet.swift */; };
		29CE61C8298D60C20084A713 /* SetupActionSheet.swift in Sources */ = {isa = PBXBuildFile; fileRef = 29CE61C5298D60C20084A713 /* SetupActionSheet.swift */; };
		29CE8924296A199D00EFEA53 /* Colors.swift in Sources */ = {isa = PBXBuildFile; fileRef = 29CE8923296A199D00EFEA53 /* Colors.swift */; };
		29CE8925296A207B00EFEA53 /* Colors.swift in Sources */ = {isa = PBXBuildFile; fileRef = 29CE8923296A199D00EFEA53 /* Colors.swift */; };
		29CE892B296A20C200EFEA53 /* CTAButton.swift in Sources */ = {isa = PBXBuildFile; fileRef = 29CE892A296A20C200EFEA53 /* CTAButton.swift */; };
/* End PBXBuildFile section */

/* Begin PBXContainerItemProxy section */
		29374BA12963C42900664042 /* PBXContainerItemProxy */ = {
			isa = PBXContainerItemProxy;
			containerPortal = 29374B882963C42700664042 /* Project object */;
			proxyType = 1;
			remoteGlobalIDString = 29374B8F2963C42700664042;
			remoteInfo = NShapeSets;
		};
		29374BAB2963C42900664042 /* PBXContainerItemProxy */ = {
			isa = PBXContainerItemProxy;
			containerPortal = 29374B882963C42700664042 /* Project object */;
			proxyType = 1;
			remoteGlobalIDString = 29374B8F2963C42700664042;
			remoteInfo = NShapeSets;
		};
/* End PBXContainerItemProxy section */

/* Begin PBXFileReference section */
		1F305F7E2980CD29008194E5 /* PrimaryButton.swift */ = {isa = PBXFileReference; lastKnownFileType = sourcecode.swift; path = PrimaryButton.swift; sourceTree = "<group>"; };
		1F48CEDB29822952006250DB /* CircleGradient.swift */ = {isa = PBXFileReference; lastKnownFileType = sourcecode.swift; path = CircleGradient.swift; sourceTree = "<group>"; };
		1F7E965629B4C7CF00CEBDF0 /* ProgressRing.swift */ = {isa = PBXFileReference; lastKnownFileType = sourcecode.swift; path = ProgressRing.swift; sourceTree = "<group>"; };
		1F8ED2BB29836C7200650696 /* LogoView.swift */ = {isa = PBXFileReference; lastKnownFileType = sourcecode.swift; path = LogoView.swift; sourceTree = "<group>"; };
		1FBFF8622980C5FD0000AF6D /* ProgressBar.swift */ = {isa = PBXFileReference; lastKnownFileType = sourcecode.swift; path = ProgressBar.swift; sourceTree = "<group>"; };
		1FC55EFC298776E7002BE892 /* ActionSheet.swift */ = {isa = PBXFileReference; lastKnownFileType = sourcecode.swift; path = ActionSheet.swift; sourceTree = "<group>"; };
		1FC55F0129877A17002BE892 /* ViewExtensions.swift */ = {isa = PBXFileReference; lastKnownFileType = sourcecode.swift; path = ViewExtensions.swift; sourceTree = "<group>"; };
		29032C00297C59F200E792B4 /* Typography.swift */ = {isa = PBXFileReference; lastKnownFileType = sourcecode.swift; path = Typography.swift; sourceTree = "<group>"; };
		2935B3712980B92800B66589 /* AXR ArcadeMachine.ttf */ = {isa = PBXFileReference; lastKnownFileType = file; path = "AXR ArcadeMachine.ttf"; sourceTree = "<group>"; };
		2935B3752980B95400B66589 /* Info.plist */ = {isa = PBXFileReference; lastKnownFileType = text.plist; path = Info.plist; sourceTree = "<group>"; };
		2935B3762980BDBD00B66589 /* NSlider.swift */ = {isa = PBXFileReference; lastKnownFileType = sourcecode.swift; path = NSlider.swift; sourceTree = "<group>"; };
		2935B37A2980C14000B66589 /* CustomSlider.swift */ = {isa = PBXFileReference; lastKnownFileType = sourcecode.swift; path = CustomSlider.swift; sourceTree = "<group>"; };
		29374B902963C42700664042 /* NShapeSets.app */ = {isa = PBXFileReference; explicitFileType = wrapper.application; includeInIndex = 0; path = NShapeSets.app; sourceTree = BUILT_PRODUCTS_DIR; };
		29374B932963C42700664042 /* NShapeSetsApp.swift */ = {isa = PBXFileReference; lastKnownFileType = sourcecode.swift; path = NShapeSetsApp.swift; sourceTree = "<group>"; };
		29374B952963C42700664042 /* ContentView.swift */ = {isa = PBXFileReference; lastKnownFileType = sourcecode.swift; path = ContentView.swift; sourceTree = "<group>"; };
		29374B972963C42900664042 /* Assets.xcassets */ = {isa = PBXFileReference; lastKnownFileType = folder.assetcatalog; path = Assets.xcassets; sourceTree = "<group>"; };
		29374B9A2963C42900664042 /* Preview Assets.xcassets */ = {isa = PBXFileReference; lastKnownFileType = folder.assetcatalog; path = "Preview Assets.xcassets"; sourceTree = "<group>"; };
		29374BA02963C42900664042 /* NShapeSetsTests.xctest */ = {isa = PBXFileReference; explicitFileType = wrapper.cfbundle; includeInIndex = 0; path = NShapeSetsTests.xctest; sourceTree = BUILT_PRODUCTS_DIR; };
		29374BA42963C42900664042 /* NShapeSetsTests.swift */ = {isa = PBXFileReference; lastKnownFileType = sourcecode.swift; path = NShapeSetsTests.swift; sourceTree = "<group>"; };
		29374BAA2963C42900664042 /* NShapeSetsUITests.xctest */ = {isa = PBXFileReference; explicitFileType = wrapper.cfbundle; includeInIndex = 0; path = NShapeSetsUITests.xctest; sourceTree = BUILT_PRODUCTS_DIR; };
		29374BAE2963C42900664042 /* NShapeSetsUITests.swift */ = {isa = PBXFileReference; lastKnownFileType = sourcecode.swift; path = NShapeSetsUITests.swift; sourceTree = "<group>"; };
		29374BB02963C42900664042 /* NShapeSetsUITestsLaunchTests.swift */ = {isa = PBXFileReference; lastKnownFileType = sourcecode.swift; path = NShapeSetsUITestsLaunchTests.swift; sourceTree = "<group>"; };
		29374BBF2963CBB900664042 /* BackgroundGradient.swift */ = {isa = PBXFileReference; lastKnownFileType = sourcecode.swift; path = BackgroundGradient.swift; sourceTree = "<group>"; };
		294C8AB629B6ACB9000A2BB7 /* Workout.swift */ = {isa = PBXFileReference; lastKnownFileType = sourcecode.swift; path = Workout.swift; sourceTree = "<group>"; };
		2978FF1A299990DC005A3C3A /* InfoBar.swift */ = {isa = PBXFileReference; lastKnownFileType = sourcecode.swift; path = InfoBar.swift; sourceTree = "<group>"; };
		2978FF1F299991E2005A3C3A /* TimeHelpers.swift */ = {isa = PBXFileReference; lastKnownFileType = sourcecode.swift; path = TimeHelpers.swift; sourceTree = "<group>"; };
		299ACC8D2995427D00528A48 /* ValueSelector.swift */ = {isa = PBXFileReference; lastKnownFileType = sourcecode.swift; path = ValueSelector.swift; sourceTree = "<group>"; };
		29CE61C5298D60C20084A713 /* SetupActionSheet.swift */ = {isa = PBXFileReference; lastKnownFileType = sourcecode.swift; path = SetupActionSheet.swift; sourceTree = "<group>"; };
		29CE8923296A199D00EFEA53 /* Colors.swift */ = {isa = PBXFileReference; lastKnownFileType = sourcecode.swift; path = Colors.swift; sourceTree = "<group>"; };
		29CE892A296A20C200EFEA53 /* CTAButton.swift */ = {isa = PBXFileReference; lastKnownFileType = sourcecode.swift; path = CTAButton.swift; sourceTree = "<group>"; };
/* End PBXFileReference section */

/* Begin PBXFrameworksBuildPhase section */
		29374B8D2963C42700664042 /* Frameworks */ = {
			isa = PBXFrameworksBuildPhase;
			buildActionMask = 2147483647;
			files = (
			);
			runOnlyForDeploymentPostprocessing = 0;
		};
		29374B9D2963C42900664042 /* Frameworks */ = {
			isa = PBXFrameworksBuildPhase;
			buildActionMask = 2147483647;
			files = (
			);
			runOnlyForDeploymentPostprocessing = 0;
		};
		29374BA72963C42900664042 /* Frameworks */ = {
			isa = PBXFrameworksBuildPhase;
			buildActionMask = 2147483647;
			files = (
			);
			runOnlyForDeploymentPostprocessing = 0;
		};
/* End PBXFrameworksBuildPhase section */

/* Begin PBXGroup section */
		1F305F7D2980CD16008194E5 /* Components */ = {
			isa = PBXGroup;
			children = (
				1F305F7E2980CD29008194E5 /* PrimaryButton.swift */,
				1F8ED2BB29836C7200650696 /* LogoView.swift */,
				29CE61C5298D60C20084A713 /* SetupActionSheet.swift */,
				299ACC8D2995427D00528A48 /* ValueSelector.swift */,
				2978FF1A299990DC005A3C3A /* InfoBar.swift */,
			);
			path = Components;
			sourceTree = "<group>";
		};
		1FC55F0029877A01002BE892 /* Extensions */ = {
			isa = PBXGroup;
			children = (
				1FC55F0129877A17002BE892 /* ViewExtensions.swift */,
			);
			path = Extensions;
			sourceTree = "<group>";
		};
		2935B3702980B8D800B66589 /* Fonts */ = {
			isa = PBXGroup;
			children = (
				2935B3712980B92800B66589 /* AXR ArcadeMachine.ttf */,
			);
			path = Fonts;
			sourceTree = "<group>";
		};
		29374B872963C42700664042 = {
			isa = PBXGroup;
			children = (
				29374B922963C42700664042 /* NShapeSets */,
				29374BA32963C42900664042 /* NShapeSetsTests */,
				29374BAD2963C42900664042 /* NShapeSetsUITests */,
				29374B912963C42700664042 /* Products */,
			);
			sourceTree = "<group>";
		};
		29374B912963C42700664042 /* Products */ = {
			isa = PBXGroup;
			children = (
				29374B902963C42700664042 /* NShapeSets.app */,
				29374BA02963C42900664042 /* NShapeSetsTests.xctest */,
				29374BAA2963C42900664042 /* NShapeSetsUITests.xctest */,
			);
			name = Products;
			sourceTree = "<group>";
		};
		29374B922963C42700664042 /* NShapeSets */ = {
			isa = PBXGroup;
			children = (
				294C8AB529B6ACA4000A2BB7 /* Models */,
				2978FF1E299991CF005A3C3A /* Utils */,
				2935B3752980B95400B66589 /* Info.plist */,
				1FC55F0029877A01002BE892 /* Extensions */,
				2935B3702980B8D800B66589 /* Fonts */,
				29CE8922296A198F00EFEA53 /* Assets */,
				29374BBE2963CB9D00664042 /* Primitives */,
				1F305F7D2980CD16008194E5 /* Components */,
				29374B932963C42700664042 /* NShapeSetsApp.swift */,
				29374B952963C42700664042 /* ContentView.swift */,
				29374B972963C42900664042 /* Assets.xcassets */,
				29374B992963C42900664042 /* Preview Content */,
			);
			path = NShapeSets;
			sourceTree = "<group>";
		};
		29374B992963C42900664042 /* Preview Content */ = {
			isa = PBXGroup;
			children = (
				29374B9A2963C42900664042 /* Preview Assets.xcassets */,
			);
			path = "Preview Content";
			sourceTree = "<group>";
		};
		29374BA32963C42900664042 /* NShapeSetsTests */ = {
			isa = PBXGroup;
			children = (
				29374BA42963C42900664042 /* NShapeSetsTests.swift */,
			);
			path = NShapeSetsTests;
			sourceTree = "<group>";
		};
		29374BAD2963C42900664042 /* NShapeSetsUITests */ = {
			isa = PBXGroup;
			children = (
				29374BAE2963C42900664042 /* NShapeSetsUITests.swift */,
				29374BB02963C42900664042 /* NShapeSetsUITestsLaunchTests.swift */,
			);
			path = NShapeSetsUITests;
			sourceTree = "<group>";
		};
		29374BBE2963CB9D00664042 /* Primitives */ = {
			isa = PBXGroup;
			children = (
				29374BBF2963CBB900664042 /* BackgroundGradient.swift */,
				29CE892A296A20C200EFEA53 /* CTAButton.swift */,
				2935B3762980BDBD00B66589 /* NSlider.swift */,
				2935B37A2980C14000B66589 /* CustomSlider.swift */,
				1FBFF8622980C5FD0000AF6D /* ProgressBar.swift */,
				1F48CEDB29822952006250DB /* CircleGradient.swift */,
				1FC55EFC298776E7002BE892 /* ActionSheet.swift */,
				1F7E965629B4C7CF00CEBDF0 /* ProgressRing.swift */,
			);
			path = Primitives;
			sourceTree = "<group>";
		};
		294C8AB529B6ACA4000A2BB7 /* Models */ = {
			isa = PBXGroup;
			children = (
				294C8AB629B6ACB9000A2BB7 /* Workout.swift */,
			);
			path = Models;
			sourceTree = "<group>";
		};
		2978FF1E299991CF005A3C3A /* Utils */ = {
			isa = PBXGroup;
			children = (
				2978FF1F299991E2005A3C3A /* TimeHelpers.swift */,
			);
			path = Utils;
			sourceTree = "<group>";
		};
		29CE8922296A198F00EFEA53 /* Assets */ = {
			isa = PBXGroup;
			children = (
				29CE8923296A199D00EFEA53 /* Colors.swift */,
				29032C00297C59F200E792B4 /* Typography.swift */,
			);
			path = Assets;
			sourceTree = "<group>";
		};
/* End PBXGroup section */

/* Begin PBXNativeTarget section */
		29374B8F2963C42700664042 /* NShapeSets */ = {
			isa = PBXNativeTarget;
			buildConfigurationList = 29374BB42963C42900664042 /* Build configuration list for PBXNativeTarget "NShapeSets" */;
			buildPhases = (
				29374B8C2963C42700664042 /* Sources */,
				29374B8D2963C42700664042 /* Frameworks */,
				29374B8E2963C42700664042 /* Resources */,
				1F9E38CD29B7FDD300CA4120 /* SwiftLint */,
			);
			buildRules = (
			);
			dependencies = (
			);
			name = NShapeSets;
			productName = NShapeSets;
			productReference = 29374B902963C42700664042 /* NShapeSets.app */;
			productType = "com.apple.product-type.application";
		};
		29374B9F2963C42900664042 /* NShapeSetsTests */ = {
			isa = PBXNativeTarget;
			buildConfigurationList = 29374BB72963C42900664042 /* Build configuration list for PBXNativeTarget "NShapeSetsTests" */;
			buildPhases = (
				29374B9C2963C42900664042 /* Sources */,
				29374B9D2963C42900664042 /* Frameworks */,
				29374B9E2963C42900664042 /* Resources */,
			);
			buildRules = (
			);
			dependencies = (
				29374BA22963C42900664042 /* PBXTargetDependency */,
			);
			name = NShapeSetsTests;
			productName = NShapeSetsTests;
			productReference = 29374BA02963C42900664042 /* NShapeSetsTests.xctest */;
			productType = "com.apple.product-type.bundle.unit-test";
		};
		29374BA92963C42900664042 /* NShapeSetsUITests */ = {
			isa = PBXNativeTarget;
			buildConfigurationList = 29374BBA2963C42900664042 /* Build configuration list for PBXNativeTarget "NShapeSetsUITests" */;
			buildPhases = (
				29374BA62963C42900664042 /* Sources */,
				29374BA72963C42900664042 /* Frameworks */,
				29374BA82963C42900664042 /* Resources */,
			);
			buildRules = (
			);
			dependencies = (
				29374BAC2963C42900664042 /* PBXTargetDependency */,
			);
			name = NShapeSetsUITests;
			productName = NShapeSetsUITests;
			productReference = 29374BAA2963C42900664042 /* NShapeSetsUITests.xctest */;
			productType = "com.apple.product-type.bundle.ui-testing";
		};
/* End PBXNativeTarget section */

/* Begin PBXProject section */
		29374B882963C42700664042 /* Project object */ = {
			isa = PBXProject;
			attributes = {
				BuildIndependentTargetsInParallel = 1;
				LastSwiftUpdateCheck = 1420;
				LastUpgradeCheck = 1420;
				TargetAttributes = {
					29374B8F2963C42700664042 = {
						CreatedOnToolsVersion = 14.2;
					};
					29374B9F2963C42900664042 = {
						CreatedOnToolsVersion = 14.2;
						TestTargetID = 29374B8F2963C42700664042;
					};
					29374BA92963C42900664042 = {
						CreatedOnToolsVersion = 14.2;
						TestTargetID = 29374B8F2963C42700664042;
					};
				};
			};
			buildConfigurationList = 29374B8B2963C42700664042 /* Build configuration list for PBXProject "NShapeSets" */;
			compatibilityVersion = "Xcode 14.0";
			developmentRegion = en;
			hasScannedForEncodings = 0;
			knownRegions = (
				en,
				Base,
			);
			mainGroup = 29374B872963C42700664042;
			productRefGroup = 29374B912963C42700664042 /* Products */;
			projectDirPath = "";
			projectRoot = "";
			targets = (
				29374B8F2963C42700664042 /* NShapeSets */,
				29374B9F2963C42900664042 /* NShapeSetsTests */,
				29374BA92963C42900664042 /* NShapeSetsUITests */,
			);
		};
/* End PBXProject section */

/* Begin PBXResourcesBuildPhase section */
		29374B8E2963C42700664042 /* Resources */ = {
			isa = PBXResourcesBuildPhase;
			buildActionMask = 2147483647;
			files = (
				2935B3722980B92800B66589 /* AXR ArcadeMachine.ttf in Resources */,
				29374B9B2963C42900664042 /* Preview Assets.xcassets in Resources */,
				29374B982963C42900664042 /* Assets.xcassets in Resources */,
			);
			runOnlyForDeploymentPostprocessing = 0;
		};
		29374B9E2963C42900664042 /* Resources */ = {
			isa = PBXResourcesBuildPhase;
			buildActionMask = 2147483647;
			files = (
				2935B3732980B92800B66589 /* AXR ArcadeMachine.ttf in Resources */,
			);
			runOnlyForDeploymentPostprocessing = 0;
		};
		29374BA82963C42900664042 /* Resources */ = {
			isa = PBXResourcesBuildPhase;
			buildActionMask = 2147483647;
			files = (
				2935B3742980B92800B66589 /* AXR ArcadeMachine.ttf in Resources */,
			);
			runOnlyForDeploymentPostprocessing = 0;
		};
/* End PBXResourcesBuildPhase section */

/* Begin PBXShellScriptBuildPhase section */
		1F9E38CD29B7FDD300CA4120 /* SwiftLint */ = {
			isa = PBXShellScriptBuildPhase;
			buildActionMask = 2147483647;
			files = (
			);
			inputFileListPaths = (
			);
			inputPaths = (
			);
			name = SwiftLint;
			outputFileListPaths = (
			);
			outputPaths = (
			);
			runOnlyForDeploymentPostprocessing = 0;
			shellPath = /bin/sh;
			shellScript = "if which swiftlint >/dev/null; then\n  swiftlint\nelse\n  echo \"warning: SwiftLint not installed, download from https://github.com/realm/SwiftLint\"\nfi\n";
		};
/* End PBXShellScriptBuildPhase section */

/* Begin PBXSourcesBuildPhase section */
		29374B8C2963C42700664042 /* Sources */ = {
			isa = PBXSourcesBuildPhase;
			buildActionMask = 2147483647;
			files = (
				1FC55EFD298776E7002BE892 /* ActionSheet.swift in Sources */,
				2978FF1B299990DC005A3C3A /* InfoBar.swift in Sources */,
				29CE892B296A20C200EFEA53 /* CTAButton.swift in Sources */,
				294C8AB729B6ACB9000A2BB7 /* Workout.swift in Sources */,
				1F8ED2BC29836C7200650696 /* LogoView.swift in Sources */,
				1F48CEDC29822952006250DB /* CircleGradient.swift in Sources */,
				29374B962963C42700664042 /* ContentView.swift in Sources */,
				2978FF20299991E2005A3C3A /* TimeHelpers.swift in Sources */,
				1F305F7F2980CD29008194E5 /* PrimaryButton.swift in Sources */,
				29CE8924296A199D00EFEA53 /* Colors.swift in Sources */,
				1F7E965729B4C7CF00CEBDF0 /* ProgressRing.swift in Sources */,
				2935B37B2980C14000B66589 /* CustomSlider.swift in Sources */,
				1FC55F0229877A17002BE892 /* ViewExtensions.swift in Sources */,
				1FBFF8632980C5FD0000AF6D /* ProgressBar.swift in Sources */,
				29374B942963C42700664042 /* NShapeSetsApp.swift in Sources */,
				29032C01297C59F200E792B4 /* Typography.swift in Sources */,
				299ACC8E2995427D00528A48 /* ValueSelector.swift in Sources */,
				29CE61C6298D60C20084A713 /* SetupActionSheet.swift in Sources */,
				29374BC02963CBB900664042 /* BackgroundGradient.swift in Sources */,
				2935B3772980BDBD00B66589 /* NSlider.swift in Sources */,
			);
			runOnlyForDeploymentPostprocessing = 0;
		};
		29374B9C2963C42900664042 /* Sources */ = {
			isa = PBXSourcesBuildPhase;
			buildActionMask = 2147483647;
			files = (
				2978FF1C299990DC005A3C3A /* InfoBar.swift in Sources */,
				299ACC8F2995427D00528A48 /* ValueSelector.swift in Sources */,
				1F305F802980CD29008194E5 /* PrimaryButton.swift in Sources */,
				294C8AB829B6ACB9000A2BB7 /* Workout.swift in Sources */,
				29CE61C7298D60C20084A713 /* SetupActionSheet.swift in Sources */,
				1FC55EFE298776E7002BE892 /* ActionSheet.swift in Sources */,
				29374BA52963C42900664042 /* NShapeSetsTests.swift in Sources */,
				29CE8925296A207B00EFEA53 /* Colors.swift in Sources */,
				1F48CEDD29822952006250DB /* CircleGradient.swift in Sources */,
				29032C02297C59F200E792B4 /* Typography.swift in Sources */,
				1F8ED2BD29836C7200650696 /* LogoView.swift in Sources */,
				1FBFF8642980C5FD0000AF6D /* ProgressBar.swift in Sources */,
				1FC55F0329877A17002BE892 /* ViewExtensions.swift in Sources */,
				2978FF21299991E2005A3C3A /* TimeHelpers.swift in Sources */,
				2935B37C2980C14000B66589 /* CustomSlider.swift in Sources */,
				1F7E965829B4C7CF00CEBDF0 /* ProgressRing.swift in Sources */,
			);
			runOnlyForDeploymentPostprocessing = 0;
		};
		29374BA62963C42900664042 /* Sources */ = {
			isa = PBXSourcesBuildPhase;
			buildActionMask = 2147483647;
			files = (
				2978FF1D299990DC005A3C3A /* InfoBar.swift in Sources */,
				299ACC902995427D00528A48 /* ValueSelector.swift in Sources */,
				1F305F812980CD29008194E5 /* PrimaryButton.swift in Sources */,
				294C8AB929B6ACB9000A2BB7 /* Workout.swift in Sources */,
				29CE61C8298D60C20084A713 /* SetupActionSheet.swift in Sources */,
				1FC55EFF298776E7002BE892 /* ActionSheet.swift in Sources */,
				29374BB12963C42900664042 /* NShapeSetsUITestsLaunchTests.swift in Sources */,
				29374BAF2963C42900664042 /* NShapeSetsUITests.swift in Sources */,
				1F48CEDE29822952006250DB /* CircleGradient.swift in Sources */,
				29032C03297C59F200E792B4 /* Typography.swift in Sources */,
				1F8ED2BE29836C7200650696 /* LogoView.swift in Sources */,
				1FBFF8652980C5FD0000AF6D /* ProgressBar.swift in Sources */,
				1FC55F0429877A17002BE892 /* ViewExtensions.swift in Sources */,
				2978FF22299991E2005A3C3A /* TimeHelpers.swift in Sources */,
				2935B37D2980C14000B66589 /* CustomSlider.swift in Sources */,
				1F7E965929B4C7CF00CEBDF0 /* ProgressRing.swift in Sources */,
			);
			runOnlyForDeploymentPostprocessing = 0;
		};
/* End PBXSourcesBuildPhase section */

/* Begin PBXTargetDependency section */
		29374BA22963C42900664042 /* PBXTargetDependency */ = {
			isa = PBXTargetDependency;
			target = 29374B8F2963C42700664042 /* NShapeSets */;
			targetProxy = 29374BA12963C42900664042 /* PBXContainerItemProxy */;
		};
		29374BAC2963C42900664042 /* PBXTargetDependency */ = {
			isa = PBXTargetDependency;
			target = 29374B8F2963C42700664042 /* NShapeSets */;
			targetProxy = 29374BAB2963C42900664042 /* PBXContainerItemProxy */;
		};
/* End PBXTargetDependency section */

/* Begin XCBuildConfiguration section */
		29374BB22963C42900664042 /* Debug */ = {
			isa = XCBuildConfiguration;
			buildSettings = {
				ALWAYS_SEARCH_USER_PATHS = NO;
				CLANG_ANALYZER_NONNULL = YES;
				CLANG_ANALYZER_NUMBER_OBJECT_CONVERSION = YES_AGGRESSIVE;
				CLANG_CXX_LANGUAGE_STANDARD = "gnu++20";
				CLANG_ENABLE_MODULES = YES;
				CLANG_ENABLE_OBJC_ARC = YES;
				CLANG_ENABLE_OBJC_WEAK = YES;
				CLANG_WARN_BLOCK_CAPTURE_AUTORELEASING = YES;
				CLANG_WARN_BOOL_CONVERSION = YES;
				CLANG_WARN_COMMA = YES;
				CLANG_WARN_CONSTANT_CONVERSION = YES;
				CLANG_WARN_DEPRECATED_OBJC_IMPLEMENTATIONS = YES;
				CLANG_WARN_DIRECT_OBJC_ISA_USAGE = YES_ERROR;
				CLANG_WARN_DOCUMENTATION_COMMENTS = YES;
				CLANG_WARN_EMPTY_BODY = YES;
				CLANG_WARN_ENUM_CONVERSION = YES;
				CLANG_WARN_INFINITE_RECURSION = YES;
				CLANG_WARN_INT_CONVERSION = YES;
				CLANG_WARN_NON_LITERAL_NULL_CONVERSION = YES;
				CLANG_WARN_OBJC_IMPLICIT_RETAIN_SELF = YES;
				CLANG_WARN_OBJC_LITERAL_CONVERSION = YES;
				CLANG_WARN_OBJC_ROOT_CLASS = YES_ERROR;
				CLANG_WARN_QUOTED_INCLUDE_IN_FRAMEWORK_HEADER = YES;
				CLANG_WARN_RANGE_LOOP_ANALYSIS = YES;
				CLANG_WARN_STRICT_PROTOTYPES = YES;
				CLANG_WARN_SUSPICIOUS_MOVE = YES;
				CLANG_WARN_UNGUARDED_AVAILABILITY = YES_AGGRESSIVE;
				CLANG_WARN_UNREACHABLE_CODE = YES;
				CLANG_WARN__DUPLICATE_METHOD_MATCH = YES;
				COPY_PHASE_STRIP = NO;
				DEBUG_INFORMATION_FORMAT = dwarf;
				ENABLE_STRICT_OBJC_MSGSEND = YES;
				ENABLE_TESTABILITY = YES;
				GCC_C_LANGUAGE_STANDARD = gnu11;
				GCC_DYNAMIC_NO_PIC = NO;
				GCC_NO_COMMON_BLOCKS = YES;
				GCC_OPTIMIZATION_LEVEL = 0;
				GCC_PREPROCESSOR_DEFINITIONS = (
					"DEBUG=1",
					"$(inherited)",
				);
				GCC_WARN_64_TO_32_BIT_CONVERSION = YES;
				GCC_WARN_ABOUT_RETURN_TYPE = YES_ERROR;
				GCC_WARN_UNDECLARED_SELECTOR = YES;
				GCC_WARN_UNINITIALIZED_AUTOS = YES_AGGRESSIVE;
				GCC_WARN_UNUSED_FUNCTION = YES;
				GCC_WARN_UNUSED_VARIABLE = YES;
				IPHONEOS_DEPLOYMENT_TARGET = 16.2;
				MTL_ENABLE_DEBUG_INFO = INCLUDE_SOURCE;
				MTL_FAST_MATH = YES;
				ONLY_ACTIVE_ARCH = YES;
				SDKROOT = iphoneos;
				SWIFT_ACTIVE_COMPILATION_CONDITIONS = DEBUG;
				SWIFT_OPTIMIZATION_LEVEL = "-Onone";
			};
			name = Debug;
		};
		29374BB32963C42900664042 /* Release */ = {
			isa = XCBuildConfiguration;
			buildSettings = {
				ALWAYS_SEARCH_USER_PATHS = NO;
				CLANG_ANALYZER_NONNULL = YES;
				CLANG_ANALYZER_NUMBER_OBJECT_CONVERSION = YES_AGGRESSIVE;
				CLANG_CXX_LANGUAGE_STANDARD = "gnu++20";
				CLANG_ENABLE_MODULES = YES;
				CLANG_ENABLE_OBJC_ARC = YES;
				CLANG_ENABLE_OBJC_WEAK = YES;
				CLANG_WARN_BLOCK_CAPTURE_AUTORELEASING = YES;
				CLANG_WARN_BOOL_CONVERSION = YES;
				CLANG_WARN_COMMA = YES;
				CLANG_WARN_CONSTANT_CONVERSION = YES;
				CLANG_WARN_DEPRECATED_OBJC_IMPLEMENTATIONS = YES;
				CLANG_WARN_DIRECT_OBJC_ISA_USAGE = YES_ERROR;
				CLANG_WARN_DOCUMENTATION_COMMENTS = YES;
				CLANG_WARN_EMPTY_BODY = YES;
				CLANG_WARN_ENUM_CONVERSION = YES;
				CLANG_WARN_INFINITE_RECURSION = YES;
				CLANG_WARN_INT_CONVERSION = YES;
				CLANG_WARN_NON_LITERAL_NULL_CONVERSION = YES;
				CLANG_WARN_OBJC_IMPLICIT_RETAIN_SELF = YES;
				CLANG_WARN_OBJC_LITERAL_CONVERSION = YES;
				CLANG_WARN_OBJC_ROOT_CLASS = YES_ERROR;
				CLANG_WARN_QUOTED_INCLUDE_IN_FRAMEWORK_HEADER = YES;
				CLANG_WARN_RANGE_LOOP_ANALYSIS = YES;
				CLANG_WARN_STRICT_PROTOTYPES = YES;
				CLANG_WARN_SUSPICIOUS_MOVE = YES;
				CLANG_WARN_UNGUARDED_AVAILABILITY = YES_AGGRESSIVE;
				CLANG_WARN_UNREACHABLE_CODE = YES;
				CLANG_WARN__DUPLICATE_METHOD_MATCH = YES;
				COPY_PHASE_STRIP = NO;
				DEBUG_INFORMATION_FORMAT = "dwarf-with-dsym";
				ENABLE_NS_ASSERTIONS = NO;
				ENABLE_STRICT_OBJC_MSGSEND = YES;
				GCC_C_LANGUAGE_STANDARD = gnu11;
				GCC_NO_COMMON_BLOCKS = YES;
				GCC_WARN_64_TO_32_BIT_CONVERSION = YES;
				GCC_WARN_ABOUT_RETURN_TYPE = YES_ERROR;
				GCC_WARN_UNDECLARED_SELECTOR = YES;
				GCC_WARN_UNINITIALIZED_AUTOS = YES_AGGRESSIVE;
				GCC_WARN_UNUSED_FUNCTION = YES;
				GCC_WARN_UNUSED_VARIABLE = YES;
				IPHONEOS_DEPLOYMENT_TARGET = 16.2;
				MTL_ENABLE_DEBUG_INFO = NO;
				MTL_FAST_MATH = YES;
				SDKROOT = iphoneos;
				SWIFT_COMPILATION_MODE = wholemodule;
				SWIFT_OPTIMIZATION_LEVEL = "-O";
				VALIDATE_PRODUCT = YES;
			};
			name = Release;
		};
		29374BB52963C42900664042 /* Debug */ = {
			isa = XCBuildConfiguration;
			buildSettings = {
				ASSETCATALOG_COMPILER_APPICON_NAME = AppIcon;
				ASSETCATALOG_COMPILER_GLOBAL_ACCENT_COLOR_NAME = AccentColor;
				CODE_SIGN_STYLE = Automatic;
				CURRENT_PROJECT_VERSION = 1;
				DEVELOPMENT_ASSET_PATHS = "\"NShapeSets/Preview Content\"";
				DEVELOPMENT_TEAM = EWH85CQYYJ;
				ENABLE_PREVIEWS = YES;
				GENERATE_INFOPLIST_FILE = YES;
				INFOPLIST_FILE = NShapeSets/Info.plist;
				INFOPLIST_KEY_UIApplicationSceneManifest_Generation = YES;
				INFOPLIST_KEY_UIApplicationSupportsIndirectInputEvents = YES;
				INFOPLIST_KEY_UILaunchScreen_Generation = YES;
				INFOPLIST_KEY_UISupportedInterfaceOrientations_iPad = "UIInterfaceOrientationPortrait UIInterfaceOrientationPortraitUpsideDown UIInterfaceOrientationLandscapeLeft UIInterfaceOrientationLandscapeRight";
				INFOPLIST_KEY_UISupportedInterfaceOrientations_iPhone = "UIInterfaceOrientationPortrait UIInterfaceOrientationLandscapeLeft UIInterfaceOrientationLandscapeRight";
				LD_RUNPATH_SEARCH_PATHS = (
					"$(inherited)",
					"@executable_path/Frameworks",
				);
				MARKETING_VERSION = 1.0;
				PRODUCT_BUNDLE_IDENTIFIER = "com.offensively-bad.NShapeSets";
				PRODUCT_NAME = "$(TARGET_NAME)";
				SWIFT_EMIT_LOC_STRINGS = YES;
				SWIFT_VERSION = 5.0;
				TARGETED_DEVICE_FAMILY = "1,2";
			};
			name = Debug;
		};
		29374BB62963C42900664042 /* Release */ = {
			isa = XCBuildConfiguration;
			buildSettings = {
				ASSETCATALOG_COMPILER_APPICON_NAME = AppIcon;
				ASSETCATALOG_COMPILER_GLOBAL_ACCENT_COLOR_NAME = AccentColor;
				CODE_SIGN_STYLE = Automatic;
				CURRENT_PROJECT_VERSION = 1;
				DEVELOPMENT_ASSET_PATHS = "\"NShapeSets/Preview Content\"";
				DEVELOPMENT_TEAM = EWH85CQYYJ;
				ENABLE_PREVIEWS = YES;
				GENERATE_INFOPLIST_FILE = YES;
				INFOPLIST_FILE = NShapeSets/Info.plist;
				INFOPLIST_KEY_UIApplicationSceneManifest_Generation = YES;
				INFOPLIST_KEY_UIApplicationSupportsIndirectInputEvents = YES;
				INFOPLIST_KEY_UILaunchScreen_Generation = YES;
				INFOPLIST_KEY_UISupportedInterfaceOrientations_iPad = "UIInterfaceOrientationPortrait UIInterfaceOrientationPortraitUpsideDown UIInterfaceOrientationLandscapeLeft UIInterfaceOrientationLandscapeRight";
				INFOPLIST_KEY_UISupportedInterfaceOrientations_iPhone = "UIInterfaceOrientationPortrait UIInterfaceOrientationLandscapeLeft UIInterfaceOrientationLandscapeRight";
				LD_RUNPATH_SEARCH_PATHS = (
					"$(inherited)",
					"@executable_path/Frameworks",
				);
				MARKETING_VERSION = 1.0;
				PRODUCT_BUNDLE_IDENTIFIER = "com.offensively-bad.NShapeSets";
				PRODUCT_NAME = "$(TARGET_NAME)";
				SWIFT_EMIT_LOC_STRINGS = YES;
				SWIFT_VERSION = 5.0;
				TARGETED_DEVICE_FAMILY = "1,2";
			};
			name = Release;
		};
		29374BB82963C42900664042 /* Debug */ = {
			isa = XCBuildConfiguration;
			buildSettings = {
				ALWAYS_EMBED_SWIFT_STANDARD_LIBRARIES = YES;
				BUNDLE_LOADER = "$(TEST_HOST)";
				CODE_SIGN_STYLE = Automatic;
				CURRENT_PROJECT_VERSION = 1;
				DEVELOPMENT_TEAM = EWH85CQYYJ;
				GENERATE_INFOPLIST_FILE = YES;
				IPHONEOS_DEPLOYMENT_TARGET = 16.2;
				MARKETING_VERSION = 1.0;
				PRODUCT_BUNDLE_IDENTIFIER = "com.offensively-bad.NShapeSetsTests";
				PRODUCT_NAME = "$(TARGET_NAME)";
				SWIFT_EMIT_LOC_STRINGS = NO;
				SWIFT_VERSION = 5.0;
				TARGETED_DEVICE_FAMILY = "1,2";
				TEST_HOST = "$(BUILT_PRODUCTS_DIR)/NShapeSets.app/$(BUNDLE_EXECUTABLE_FOLDER_PATH)/NShapeSets";
			};
			name = Debug;
		};
		29374BB92963C42900664042 /* Release */ = {
			isa = XCBuildConfiguration;
			buildSettings = {
				ALWAYS_EMBED_SWIFT_STANDARD_LIBRARIES = YES;
				BUNDLE_LOADER = "$(TEST_HOST)";
				CODE_SIGN_STYLE = Automatic;
				CURRENT_PROJECT_VERSION = 1;
				DEVELOPMENT_TEAM = EWH85CQYYJ;
				GENERATE_INFOPLIST_FILE = YES;
				IPHONEOS_DEPLOYMENT_TARGET = 16.2;
				MARKETING_VERSION = 1.0;
				PRODUCT_BUNDLE_IDENTIFIER = "com.offensively-bad.NShapeSetsTests";
				PRODUCT_NAME = "$(TARGET_NAME)";
				SWIFT_EMIT_LOC_STRINGS = NO;
				SWIFT_VERSION = 5.0;
				TARGETED_DEVICE_FAMILY = "1,2";
				TEST_HOST = "$(BUILT_PRODUCTS_DIR)/NShapeSets.app/$(BUNDLE_EXECUTABLE_FOLDER_PATH)/NShapeSets";
			};
			name = Release;
		};
		29374BBB2963C42900664042 /* Debug */ = {
			isa = XCBuildConfiguration;
			buildSettings = {
				ALWAYS_EMBED_SWIFT_STANDARD_LIBRARIES = YES;
				CODE_SIGN_STYLE = Automatic;
				CURRENT_PROJECT_VERSION = 1;
				DEVELOPMENT_TEAM = EWH85CQYYJ;
				GENERATE_INFOPLIST_FILE = YES;
				MARKETING_VERSION = 1.0;
				PRODUCT_BUNDLE_IDENTIFIER = "com.offensively-bad.NShapeSetsUITests";
				PRODUCT_NAME = "$(TARGET_NAME)";
				SWIFT_EMIT_LOC_STRINGS = NO;
				SWIFT_VERSION = 5.0;
				TARGETED_DEVICE_FAMILY = "1,2";
				TEST_TARGET_NAME = NShapeSets;
			};
			name = Debug;
		};
		29374BBC2963C42900664042 /* Release */ = {
			isa = XCBuildConfiguration;
			buildSettings = {
				ALWAYS_EMBED_SWIFT_STANDARD_LIBRARIES = YES;
				CODE_SIGN_STYLE = Automatic;
				CURRENT_PROJECT_VERSION = 1;
				DEVELOPMENT_TEAM = EWH85CQYYJ;
				GENERATE_INFOPLIST_FILE = YES;
				MARKETING_VERSION = 1.0;
				PRODUCT_BUNDLE_IDENTIFIER = "com.offensively-bad.NShapeSetsUITests";
				PRODUCT_NAME = "$(TARGET_NAME)";
				SWIFT_EMIT_LOC_STRINGS = NO;
				SWIFT_VERSION = 5.0;
				TARGETED_DEVICE_FAMILY = "1,2";
				TEST_TARGET_NAME = NShapeSets;
			};
			name = Release;
		};
/* End XCBuildConfiguration section */

/* Begin XCConfigurationList section */
		29374B8B2963C42700664042 /* Build configuration list for PBXProject "NShapeSets" */ = {
			isa = XCConfigurationList;
			buildConfigurations = (
				29374BB22963C42900664042 /* Debug */,
				29374BB32963C42900664042 /* Release */,
			);
			defaultConfigurationIsVisible = 0;
			defaultConfigurationName = Release;
		};
		29374BB42963C42900664042 /* Build configuration list for PBXNativeTarget "NShapeSets" */ = {
			isa = XCConfigurationList;
			buildConfigurations = (
				29374BB52963C42900664042 /* Debug */,
				29374BB62963C42900664042 /* Release */,
			);
			defaultConfigurationIsVisible = 0;
			defaultConfigurationName = Release;
		};
		29374BB72963C42900664042 /* Build configuration list for PBXNativeTarget "NShapeSetsTests" */ = {
			isa = XCConfigurationList;
			buildConfigurations = (
				29374BB82963C42900664042 /* Debug */,
				29374BB92963C42900664042 /* Release */,
			);
			defaultConfigurationIsVisible = 0;
			defaultConfigurationName = Release;
		};
		29374BBA2963C42900664042 /* Build configuration list for PBXNativeTarget "NShapeSetsUITests" */ = {
			isa = XCConfigurationList;
			buildConfigurations = (
				29374BBB2963C42900664042 /* Debug */,
				29374BBC2963C42900664042 /* Release */,
			);
			defaultConfigurationIsVisible = 0;
			defaultConfigurationName = Release;
		};
/* End XCConfigurationList section */
	};
	rootObject = 29374B882963C42700664042 /* Project object */;
}
